
Microsoft Visual Studio Solution File, Format Version 12.00
# Visual Studio 15
VisualStudioVersion = 15.0.27004.2005
MinimumVisualStudioVersion = 10.0.40219.1
Project("{FAE04EC0-301F-11D3-BF4B-00C04F79EFBC}") = "CSharp", "CSharp\CSharp.csproj", "{E995F52D-4FA0-4721-8028-65032C2FF8D1}"
EndProject
Project("{FAE04EC0-301F-11D3-BF4B-00C04F79EFBC}") = "GenericDemo", "GenericDemo\GenericDemo.csproj", "{400D81C7-B218-4DFE-9A1C-2B4FEDB08FB2}"
EndProject
Project("{FAE04EC0-301F-11D3-BF4B-00C04F79EFBC}") = "ConsoleTest", "ConsoleTest\ConsoleTest.csproj", "{0FB5EE79-F1A8-46A2-BB71-DBD93ADD83F7}"
EndProject
Project("{FAE04EC0-301F-11D3-BF4B-00C04F79EFBC}") = "MVC全局错误日志自动记录", "MVC全局错误日志自动记录\MVC全局错误日志自动记录.csproj", "{D4CCC415-F006-4822-8DBC-28167B2C903E}"
EndProject
Project("{FAE04EC0-301F-11D3-BF4B-00C04F79EFBC}") = "WebAPI全局错误日志自动记录", "WebAPI全局错误日志自动记录\WebAPI全局错误日志自动记录.csproj", "{FBA5F81A-219A-4C44-9B22-63F2999EBFEC}"
EndProject
Project("{FAE04EC0-301F-11D3-BF4B-00C04F79EFBC}") = "简单爬取商品信息", "简单爬取商品信息\简单爬取商品信息.csproj", "{435ABF1B-AA73-459A-998C-4558F9C662C5}"
EndProject
Project("{FAE04EC0-301F-11D3-BF4B-00C04F79EFBC}") = "ReflectionDemo", "ReflectionDemo\ReflectionDemo.csproj", "{AF3745F1-9CB1-4E8D-9338-B49A0A8A6D85}"
EndProject
Project("{FAE04EC0-301F-11D3-BF4B-00C04F79EFBC}") = "RelflectionDemo_将程序集加载到仅反射上下文中", "RelflectionDemo_将程序集加载到仅反射上下文中\RelflectionDemo_将程序集加载到仅反射上下文中.csproj", "{8B06303A-A809-4371-8587-FF17081286E0}"
EndProject
Project("{FAE04EC0-301F-11D3-BF4B-00C04F79EFBC}") = "ReflectionDemo_Example", "ReflectionDemo_Example\ReflectionDemo_Example.csproj", "{9667CC9E-7269-4E49-8F3E-95235E4521EB}"
EndProject
Project("{FAE04EC0-301F-11D3-BF4B-00C04F79EFBC}") = "异步多线程编程", "异步编程\异步多线程编程.csproj", "{743EF9C2-7B64-43A0-880E-F71F36E0B765}"
EndProject
Project("{2150E333-8FDC-42A3-9474-1A3956D46DE8}") = "异步多线程", "异步多线程", "{B0FB96CB-CA2A-429C-A211-DF69B016823D}"
EndProject
Project("{FAE04EC0-301F-11D3-BF4B-00C04F79EFBC}") = "异步多线程学习", "异步多线程学习\异步多线程学习.csproj", "{5C946825-7E95-448F-B98D-D9783AF6BB90}"
EndProject
Project("{FAE04EC0-301F-11D3-BF4B-00C04F79EFBC}") = "天龙八部", "天龙八部\天龙八部.csproj", "{71D5E037-B44A-4821-83CE-A28085EF0BE6}"
EndProject
Project("{2150E333-8FDC-42A3-9474-1A3956D46DE8}") = "特性和AOP", "特性和AOP", "{21BDD12D-C890-460C-A4EA-573165FC9667}"
EndProject
Project("{FAE04EC0-301F-11D3-BF4B-00C04F79EFBC}") = "MyAttribute", "MyAttribute\MyAttribute.csproj", "{43D9A0F0-D160-4BC0-B2AE-5AD79E1DE46D}"
EndProject
Project("{2150E333-8FDC-42A3-9474-1A3956D46DE8}") = "OWINDemo", "OWINDemo", "{F523AA4E-05CA-4958-A131-CEF16360EAF4}"
EndProject
Project("{2150E333-8FDC-42A3-9474-1A3956D46DE8}") = "缓存", "缓存", "{9A91885E-6D4D-4298-BAED-D4F6C6554880}"
EndProject
Project("{FAE04EC0-301F-11D3-BF4B-00C04F79EFBC}") = "CacheDemo", "CacheDemo\CacheDemo.csproj", "{230FA084-9C6C-4F25-9BF1-6D1E097A25F7}"
EndProject
Project("{FAE04EC0-301F-11D3-BF4B-00C04F79EFBC}") = "CacheMVCDemo", "CacheMVCDemo\CacheMVCDemo.csproj", "{F72E24C9-7F40-47E2-87DE-23703122BA7E}"
EndProject
Project("{2150E333-8FDC-42A3-9474-1A3956D46DE8}") = "Reflection", "Reflection", "{282FCAF9-8AAE-40A7-AE14-5C3B0F48E591}"
EndProject
Project("{2150E333-8FDC-42A3-9474-1A3956D46DE8}") = "MyMVC", "MyMVC", "{7A59D0D9-6969-4E80-9123-B0F8ADB02D50}"
EndProject
Project("{FAE04EC0-301F-11D3-BF4B-00C04F79EFBC}") = "NewMVC", "NewMVC\NewMVC.csproj", "{5F0EF2BE-C4EF-413C-BEE3-82B789813572}"
EndProject
Project("{FAE04EC0-301F-11D3-BF4B-00C04F79EFBC}") = "NewMVCRun", "NewMVCRun\NewMVCRun.csproj", "{598D7C97-25EE-4B87-A5F9-25654852488F}"
EndProject
Project("{2150E333-8FDC-42A3-9474-1A3956D46DE8}") = "委托事件", "委托事件", "{E4BA7DB2-A093-4CA4-8EC7-E28F773C9FBA}"
EndProject
Project("{FAE04EC0-301F-11D3-BF4B-00C04F79EFBC}") = "DeleagetAndEvent", "DeleagetAndEvent\DeleagetAndEvent.csproj", "{D5CE69B1-427F-4D56-93BA-3CCEAA3FFF4F}"
EndProject
Project("{FAE04EC0-301F-11D3-BF4B-00C04F79EFBC}") = "ParallelTest", "ParallelTest\ParallelTest.csproj", "{F9B152FA-1967-48FD-A73A-74CE4ABA9D61}"
EndProject
Project("{FAE04EC0-301F-11D3-BF4B-00C04F79EFBC}") = "GintokiMVC", "ItemCollection\GintokiMVC.csproj", "{D86EED6F-42C0-46EC-BF65-8112A19A0294}"
EndProject
Project("{2150E333-8FDC-42A3-9474-1A3956D46DE8}") = "ACollection+VUE", "ACollection+VUE", "{7EAA7414-B2E5-4724-A69A-B1C0FAF69409}"
EndProject
Project("{FAE04EC0-301F-11D3-BF4B-00C04F79EFBC}") = "GintamaApi", "GintamaApi\GintamaApi.csproj", "{3D6DDB37-5CDE-421A-80EA-80A01FA2036A}"
EndProject
Project("{FAE04EC0-301F-11D3-BF4B-00C04F79EFBC}") = "GintokiCommon", "GintokiCommon\GintokiCommon.csproj", "{9913CD24-2C40-4FBB-B8F0-6F104B22BF21}"
EndProject
Project("{FAE04EC0-301F-11D3-BF4B-00C04F79EFBC}") = "0.TopShelfDemo", "TopShelfDemo\0.TopShelfDemo.csproj", "{634A5549-7809-471D-8B81-A84A93F279E9}"
EndProject
Project("{FAE04EC0-301F-11D3-BF4B-00C04F79EFBC}") = "1.KatanaDemo", "KatanaDemo\1.KatanaDemo.csproj", "{E28A826E-111D-4667-A21A-32C892DC07AF}"
EndProject
Project("{FAE04EC0-301F-11D3-BF4B-00C04F79EFBC}") = "2.Self-HostOWIN", "Self-HostOWIN\2.Self-HostOWIN.csproj", "{E22274E1-3ED1-45E6-9B54-BAC7F6C5D219}"
EndProject
Project("{FAE04EC0-301F-11D3-BF4B-00C04F79EFBC}") = "3.StartupDemo", "3.StartupDemo\3.StartupDemo.csproj", "{C9CEAA69-5668-49DE-9A61-8709EF899DBE}"
EndProject
Project("{FAE04EC0-301F-11D3-BF4B-00C04F79EFBC}") = "4KatanaWebHost", "KatanaWebHost\4KatanaWebHost.csproj", "{77E18AD9-0675-47E9-91F0-327B0717FB6E}"
EndProject
Project("{FAE04EC0-301F-11D3-BF4B-00C04F79EFBC}") = "5KatanaHostAuth", "5KatanaHostAuth\5KatanaHostAuth.csproj", "{8EFFF751-136E-424C-9866-9D2E479DD9BB}"
EndProject
Project("{FAE04EC0-301F-11D3-BF4B-00C04F79EFBC}") = "6owin2", "6owin2\6owin2.csproj", "{3187894C-F7DD-4B5B-BB82-C4C708294915}"
EndProject
Project("{FAE04EC0-301F-11D3-BF4B-00C04F79EFBC}") = "7AuthorizationServer", "7AuthorizationServer\7AuthorizationServer.csproj", "{D0879C76-E37D-4324-8314-BA4B75EB94B6}"
EndProject
Project("{2150E333-8FDC-42A3-9474-1A3956D46DE8}") = "Consul", "Consul", "{C4B577C0-39A8-4420-B092-467A48C94A44}"
EndProject
Project("{FAE04EC0-301F-11D3-BF4B-00C04F79EFBC}") = "Consul0", "Consul0\Consul0.csproj", "{76CAD2BC-3E1C-4DC6-9A33-AA7CBB1D4828}"
EndProject
Project("{2150E333-8FDC-42A3-9474-1A3956D46DE8}") = "VUE", "VUE", "{B63B6502-04AF-48B7-9642-C97915CADC1C}"
EndProject
Project("{FAE04EC0-301F-11D3-BF4B-00C04F79EFBC}") = "VueDemo", "VueDemo\VueDemo.csproj", "{4AF42DB3-CE38-4654-8BB4-3CA36DCE7F75}"
EndProject
Project("{2150E333-8FDC-42A3-9474-1A3956D46DE8}") = "Core", "Core", "{0DAAD583-5B31-4511-8BCB-B28F1B74E5CB}"
EndProject
Project("{FAE04EC0-301F-11D3-BF4B-00C04F79EFBC}") = "coreDemo1", "coreDemo1\coreDemo1.csproj", "{580DF762-6086-41F9-8DD8-72F7A0DF0CD7}"
EndProject
Global
	GlobalSection(SolutionConfigurationPlatforms) = preSolution
		Debug|Any CPU = Debug|Any CPU
		Debug|ARM = Debug|ARM
		Debug|ARM64 = Debug|ARM64
		Debug|x64 = Debug|x64
		Debug|x86 = Debug|x86
		Release|Any CPU = Release|Any CPU
		Release|ARM = Release|ARM
		Release|ARM64 = Release|ARM64
		Release|x64 = Release|x64
		Release|x86 = Release|x86
	EndGlobalSection
	GlobalSection(ProjectConfigurationPlatforms) = postSolution
		{E995F52D-4FA0-4721-8028-65032C2FF8D1}.Debug|Any CPU.ActiveCfg = Debug|Any CPU
		{E995F52D-4FA0-4721-8028-65032C2FF8D1}.Debug|Any CPU.Build.0 = Debug|Any CPU
		{E995F52D-4FA0-4721-8028-65032C2FF8D1}.Debug|ARM.ActiveCfg = Debug|Any CPU
		{E995F52D-4FA0-4721-8028-65032C2FF8D1}.Debug|ARM.Build.0 = Debug|Any CPU
		{E995F52D-4FA0-4721-8028-65032C2FF8D1}.Debug|ARM64.ActiveCfg = Debug|Any CPU
		{E995F52D-4FA0-4721-8028-65032C2FF8D1}.Debug|ARM64.Build.0 = Debug|Any CPU
		{E995F52D-4FA0-4721-8028-65032C2FF8D1}.Debug|x64.ActiveCfg = Debug|Any CPU
		{E995F52D-4FA0-4721-8028-65032C2FF8D1}.Debug|x64.Build.0 = Debug|Any CPU
		{E995F52D-4FA0-4721-8028-65032C2FF8D1}.Debug|x86.ActiveCfg = Debug|Any CPU
		{E995F52D-4FA0-4721-8028-65032C2FF8D1}.Debug|x86.Build.0 = Debug|Any CPU
		{E995F52D-4FA0-4721-8028-65032C2FF8D1}.Release|Any CPU.ActiveCfg = Release|Any CPU
		{E995F52D-4FA0-4721-8028-65032C2FF8D1}.Release|Any CPU.Build.0 = Release|Any CPU
		{E995F52D-4FA0-4721-8028-65032C2FF8D1}.Release|ARM.ActiveCfg = Release|Any CPU
		{E995F52D-4FA0-4721-8028-65032C2FF8D1}.Release|ARM.Build.0 = Release|Any CPU
		{E995F52D-4FA0-4721-8028-65032C2FF8D1}.Release|ARM64.ActiveCfg = Release|Any CPU
		{E995F52D-4FA0-4721-8028-65032C2FF8D1}.Release|ARM64.Build.0 = Release|Any CPU
		{E995F52D-4FA0-4721-8028-65032C2FF8D1}.Release|x64.ActiveCfg = Release|Any CPU
		{E995F52D-4FA0-4721-8028-65032C2FF8D1}.Release|x64.Build.0 = Release|Any CPU
		{E995F52D-4FA0-4721-8028-65032C2FF8D1}.Release|x86.ActiveCfg = Release|Any CPU
		{E995F52D-4FA0-4721-8028-65032C2FF8D1}.Release|x86.Build.0 = Release|Any CPU
		{400D81C7-B218-4DFE-9A1C-2B4FEDB08FB2}.Debug|Any CPU.ActiveCfg = Debug|Any CPU
		{400D81C7-B218-4DFE-9A1C-2B4FEDB08FB2}.Debug|Any CPU.Build.0 = Debug|Any CPU
		{400D81C7-B218-4DFE-9A1C-2B4FEDB08FB2}.Debug|ARM.ActiveCfg = Debug|Any CPU
		{400D81C7-B218-4DFE-9A1C-2B4FEDB08FB2}.Debug|ARM.Build.0 = Debug|Any CPU
		{400D81C7-B218-4DFE-9A1C-2B4FEDB08FB2}.Debug|ARM64.ActiveCfg = Debug|Any CPU
		{400D81C7-B218-4DFE-9A1C-2B4FEDB08FB2}.Debug|ARM64.Build.0 = Debug|Any CPU
		{400D81C7-B218-4DFE-9A1C-2B4FEDB08FB2}.Debug|x64.ActiveCfg = Debug|Any CPU
		{400D81C7-B218-4DFE-9A1C-2B4FEDB08FB2}.Debug|x64.Build.0 = Debug|Any CPU
		{400D81C7-B218-4DFE-9A1C-2B4FEDB08FB2}.Debug|x86.ActiveCfg = Debug|Any CPU
		{400D81C7-B218-4DFE-9A1C-2B4FEDB08FB2}.Debug|x86.Build.0 = Debug|Any CPU
		{400D81C7-B218-4DFE-9A1C-2B4FEDB08FB2}.Release|Any CPU.ActiveCfg = Release|Any CPU
		{400D81C7-B218-4DFE-9A1C-2B4FEDB08FB2}.Release|Any CPU.Build.0 = Release|Any CPU
		{400D81C7-B218-4DFE-9A1C-2B4FEDB08FB2}.Release|ARM.ActiveCfg = Release|Any CPU
		{400D81C7-B218-4DFE-9A1C-2B4FEDB08FB2}.Release|ARM.Build.0 = Release|Any CPU
		{400D81C7-B218-4DFE-9A1C-2B4FEDB08FB2}.Release|ARM64.ActiveCfg = Release|Any CPU
		{400D81C7-B218-4DFE-9A1C-2B4FEDB08FB2}.Release|ARM64.Build.0 = Release|Any CPU
		{400D81C7-B218-4DFE-9A1C-2B4FEDB08FB2}.Release|x64.ActiveCfg = Release|Any CPU
		{400D81C7-B218-4DFE-9A1C-2B4FEDB08FB2}.Release|x64.Build.0 = Release|Any CPU
		{400D81C7-B218-4DFE-9A1C-2B4FEDB08FB2}.Release|x86.ActiveCfg = Release|Any CPU
		{400D81C7-B218-4DFE-9A1C-2B4FEDB08FB2}.Release|x86.Build.0 = Release|Any CPU
		{0FB5EE79-F1A8-46A2-BB71-DBD93ADD83F7}.Debug|Any CPU.ActiveCfg = Debug|Any CPU
		{0FB5EE79-F1A8-46A2-BB71-DBD93ADD83F7}.Debug|Any CPU.Build.0 = Debug|Any CPU
		{0FB5EE79-F1A8-46A2-BB71-DBD93ADD83F7}.Debug|ARM.ActiveCfg = Debug|Any CPU
		{0FB5EE79-F1A8-46A2-BB71-DBD93ADD83F7}.Debug|ARM.Build.0 = Debug|Any CPU
		{0FB5EE79-F1A8-46A2-BB71-DBD93ADD83F7}.Debug|ARM64.ActiveCfg = Debug|Any CPU
		{0FB5EE79-F1A8-46A2-BB71-DBD93ADD83F7}.Debug|ARM64.Build.0 = Debug|Any CPU
		{0FB5EE79-F1A8-46A2-BB71-DBD93ADD83F7}.Debug|x64.ActiveCfg = Debug|Any CPU
		{0FB5EE79-F1A8-46A2-BB71-DBD93ADD83F7}.Debug|x64.Build.0 = Debug|Any CPU
		{0FB5EE79-F1A8-46A2-BB71-DBD93ADD83F7}.Debug|x86.ActiveCfg = Debug|Any CPU
		{0FB5EE79-F1A8-46A2-BB71-DBD93ADD83F7}.Debug|x86.Build.0 = Debug|Any CPU
		{0FB5EE79-F1A8-46A2-BB71-DBD93ADD83F7}.Release|Any CPU.ActiveCfg = Release|Any CPU
		{0FB5EE79-F1A8-46A2-BB71-DBD93ADD83F7}.Release|Any CPU.Build.0 = Release|Any CPU
		{0FB5EE79-F1A8-46A2-BB71-DBD93ADD83F7}.Release|ARM.ActiveCfg = Release|Any CPU
		{0FB5EE79-F1A8-46A2-BB71-DBD93ADD83F7}.Release|ARM.Build.0 = Release|Any CPU
		{0FB5EE79-F1A8-46A2-BB71-DBD93ADD83F7}.Release|ARM64.ActiveCfg = Release|Any CPU
		{0FB5EE79-F1A8-46A2-BB71-DBD93ADD83F7}.Release|ARM64.Build.0 = Release|Any CPU
		{0FB5EE79-F1A8-46A2-BB71-DBD93ADD83F7}.Release|x64.ActiveCfg = Release|Any CPU
		{0FB5EE79-F1A8-46A2-BB71-DBD93ADD83F7}.Release|x64.Build.0 = Release|Any CPU
		{0FB5EE79-F1A8-46A2-BB71-DBD93ADD83F7}.Release|x86.ActiveCfg = Release|Any CPU
		{0FB5EE79-F1A8-46A2-BB71-DBD93ADD83F7}.Release|x86.Build.0 = Release|Any CPU
		{D4CCC415-F006-4822-8DBC-28167B2C903E}.Debug|Any CPU.ActiveCfg = Debug|Any CPU
		{D4CCC415-F006-4822-8DBC-28167B2C903E}.Debug|Any CPU.Build.0 = Debug|Any CPU
		{D4CCC415-F006-4822-8DBC-28167B2C903E}.Debug|ARM.ActiveCfg = Debug|Any CPU
		{D4CCC415-F006-4822-8DBC-28167B2C903E}.Debug|ARM.Build.0 = Debug|Any CPU
		{D4CCC415-F006-4822-8DBC-28167B2C903E}.Debug|ARM64.ActiveCfg = Debug|Any CPU
		{D4CCC415-F006-4822-8DBC-28167B2C903E}.Debug|ARM64.Build.0 = Debug|Any CPU
		{D4CCC415-F006-4822-8DBC-28167B2C903E}.Debug|x64.ActiveCfg = Debug|Any CPU
		{D4CCC415-F006-4822-8DBC-28167B2C903E}.Debug|x64.Build.0 = Debug|Any CPU
		{D4CCC415-F006-4822-8DBC-28167B2C903E}.Debug|x86.ActiveCfg = Debug|Any CPU
		{D4CCC415-F006-4822-8DBC-28167B2C903E}.Debug|x86.Build.0 = Debug|Any CPU
		{D4CCC415-F006-4822-8DBC-28167B2C903E}.Release|Any CPU.ActiveCfg = Release|Any CPU
		{D4CCC415-F006-4822-8DBC-28167B2C903E}.Release|Any CPU.Build.0 = Release|Any CPU
		{D4CCC415-F006-4822-8DBC-28167B2C903E}.Release|ARM.ActiveCfg = Release|Any CPU
		{D4CCC415-F006-4822-8DBC-28167B2C903E}.Release|ARM.Build.0 = Release|Any CPU
		{D4CCC415-F006-4822-8DBC-28167B2C903E}.Release|ARM64.ActiveCfg = Release|Any CPU
		{D4CCC415-F006-4822-8DBC-28167B2C903E}.Release|ARM64.Build.0 = Release|Any CPU
		{D4CCC415-F006-4822-8DBC-28167B2C903E}.Release|x64.ActiveCfg = Release|Any CPU
		{D4CCC415-F006-4822-8DBC-28167B2C903E}.Release|x64.Build.0 = Release|Any CPU
		{D4CCC415-F006-4822-8DBC-28167B2C903E}.Release|x86.ActiveCfg = Release|Any CPU
		{D4CCC415-F006-4822-8DBC-28167B2C903E}.Release|x86.Build.0 = Release|Any CPU
		{FBA5F81A-219A-4C44-9B22-63F2999EBFEC}.Debug|Any CPU.ActiveCfg = Debug|Any CPU
		{FBA5F81A-219A-4C44-9B22-63F2999EBFEC}.Debug|Any CPU.Build.0 = Debug|Any CPU
		{FBA5F81A-219A-4C44-9B22-63F2999EBFEC}.Debug|ARM.ActiveCfg = Debug|Any CPU
		{FBA5F81A-219A-4C44-9B22-63F2999EBFEC}.Debug|ARM.Build.0 = Debug|Any CPU
		{FBA5F81A-219A-4C44-9B22-63F2999EBFEC}.Debug|ARM64.ActiveCfg = Debug|Any CPU
		{FBA5F81A-219A-4C44-9B22-63F2999EBFEC}.Debug|ARM64.Build.0 = Debug|Any CPU
		{FBA5F81A-219A-4C44-9B22-63F2999EBFEC}.Debug|x64.ActiveCfg = Debug|Any CPU
		{FBA5F81A-219A-4C44-9B22-63F2999EBFEC}.Debug|x64.Build.0 = Debug|Any CPU
		{FBA5F81A-219A-4C44-9B22-63F2999EBFEC}.Debug|x86.ActiveCfg = Debug|Any CPU
		{FBA5F81A-219A-4C44-9B22-63F2999EBFEC}.Debug|x86.Build.0 = Debug|Any CPU
		{FBA5F81A-219A-4C44-9B22-63F2999EBFEC}.Release|Any CPU.ActiveCfg = Release|Any CPU
		{FBA5F81A-219A-4C44-9B22-63F2999EBFEC}.Release|Any CPU.Build.0 = Release|Any CPU
		{FBA5F81A-219A-4C44-9B22-63F2999EBFEC}.Release|ARM.ActiveCfg = Release|Any CPU
		{FBA5F81A-219A-4C44-9B22-63F2999EBFEC}.Release|ARM.Build.0 = Release|Any CPU
		{FBA5F81A-219A-4C44-9B22-63F2999EBFEC}.Release|ARM64.ActiveCfg = Release|Any CPU
		{FBA5F81A-219A-4C44-9B22-63F2999EBFEC}.Release|ARM64.Build.0 = Release|Any CPU
		{FBA5F81A-219A-4C44-9B22-63F2999EBFEC}.Release|x64.ActiveCfg = Release|Any CPU
		{FBA5F81A-219A-4C44-9B22-63F2999EBFEC}.Release|x64.Build.0 = Release|Any CPU
		{FBA5F81A-219A-4C44-9B22-63F2999EBFEC}.Release|x86.ActiveCfg = Release|Any CPU
		{FBA5F81A-219A-4C44-9B22-63F2999EBFEC}.Release|x86.Build.0 = Release|Any CPU
		{435ABF1B-AA73-459A-998C-4558F9C662C5}.Debug|Any CPU.ActiveCfg = Debug|Any CPU
		{435ABF1B-AA73-459A-998C-4558F9C662C5}.Debug|Any CPU.Build.0 = Debug|Any CPU
		{435ABF1B-AA73-459A-998C-4558F9C662C5}.Debug|ARM.ActiveCfg = Debug|Any CPU
		{435ABF1B-AA73-459A-998C-4558F9C662C5}.Debug|ARM.Build.0 = Debug|Any CPU
		{435ABF1B-AA73-459A-998C-4558F9C662C5}.Debug|ARM64.ActiveCfg = Debug|Any CPU
		{435ABF1B-AA73-459A-998C-4558F9C662C5}.Debug|ARM64.Build.0 = Debug|Any CPU
		{435ABF1B-AA73-459A-998C-4558F9C662C5}.Debug|x64.ActiveCfg = Debug|Any CPU
		{435ABF1B-AA73-459A-998C-4558F9C662C5}.Debug|x64.Build.0 = Debug|Any CPU
		{435ABF1B-AA73-459A-998C-4558F9C662C5}.Debug|x86.ActiveCfg = Debug|Any CPU
		{435ABF1B-AA73-459A-998C-4558F9C662C5}.Debug|x86.Build.0 = Debug|Any CPU
		{435ABF1B-AA73-459A-998C-4558F9C662C5}.Release|Any CPU.ActiveCfg = Release|Any CPU
		{435ABF1B-AA73-459A-998C-4558F9C662C5}.Release|Any CPU.Build.0 = Release|Any CPU
		{435ABF1B-AA73-459A-998C-4558F9C662C5}.Release|ARM.ActiveCfg = Release|Any CPU
		{435ABF1B-AA73-459A-998C-4558F9C662C5}.Release|ARM.Build.0 = Release|Any CPU
		{435ABF1B-AA73-459A-998C-4558F9C662C5}.Release|ARM64.ActiveCfg = Release|Any CPU
		{435ABF1B-AA73-459A-998C-4558F9C662C5}.Release|ARM64.Build.0 = Release|Any CPU
		{435ABF1B-AA73-459A-998C-4558F9C662C5}.Release|x64.ActiveCfg = Release|Any CPU
		{435ABF1B-AA73-459A-998C-4558F9C662C5}.Release|x64.Build.0 = Release|Any CPU
		{435ABF1B-AA73-459A-998C-4558F9C662C5}.Release|x86.ActiveCfg = Release|Any CPU
		{435ABF1B-AA73-459A-998C-4558F9C662C5}.Release|x86.Build.0 = Release|Any CPU
		{AF3745F1-9CB1-4E8D-9338-B49A0A8A6D85}.Debug|Any CPU.ActiveCfg = Debug|Any CPU
		{AF3745F1-9CB1-4E8D-9338-B49A0A8A6D85}.Debug|Any CPU.Build.0 = Debug|Any CPU
		{AF3745F1-9CB1-4E8D-9338-B49A0A8A6D85}.Debug|ARM.ActiveCfg = Debug|Any CPU
		{AF3745F1-9CB1-4E8D-9338-B49A0A8A6D85}.Debug|ARM.Build.0 = Debug|Any CPU
		{AF3745F1-9CB1-4E8D-9338-B49A0A8A6D85}.Debug|ARM64.ActiveCfg = Debug|Any CPU
		{AF3745F1-9CB1-4E8D-9338-B49A0A8A6D85}.Debug|ARM64.Build.0 = Debug|Any CPU
		{AF3745F1-9CB1-4E8D-9338-B49A0A8A6D85}.Debug|x64.ActiveCfg = Debug|Any CPU
		{AF3745F1-9CB1-4E8D-9338-B49A0A8A6D85}.Debug|x64.Build.0 = Debug|Any CPU
		{AF3745F1-9CB1-4E8D-9338-B49A0A8A6D85}.Debug|x86.ActiveCfg = Debug|Any CPU
		{AF3745F1-9CB1-4E8D-9338-B49A0A8A6D85}.Debug|x86.Build.0 = Debug|Any CPU
		{AF3745F1-9CB1-4E8D-9338-B49A0A8A6D85}.Release|Any CPU.ActiveCfg = Release|Any CPU
		{AF3745F1-9CB1-4E8D-9338-B49A0A8A6D85}.Release|Any CPU.Build.0 = Release|Any CPU
		{AF3745F1-9CB1-4E8D-9338-B49A0A8A6D85}.Release|ARM.ActiveCfg = Release|Any CPU
		{AF3745F1-9CB1-4E8D-9338-B49A0A8A6D85}.Release|ARM.Build.0 = Release|Any CPU
		{AF3745F1-9CB1-4E8D-9338-B49A0A8A6D85}.Release|ARM64.ActiveCfg = Release|Any CPU
		{AF3745F1-9CB1-4E8D-9338-B49A0A8A6D85}.Release|ARM64.Build.0 = Release|Any CPU
		{AF3745F1-9CB1-4E8D-9338-B49A0A8A6D85}.Release|x64.ActiveCfg = Release|Any CPU
		{AF3745F1-9CB1-4E8D-9338-B49A0A8A6D85}.Release|x64.Build.0 = Release|Any CPU
		{AF3745F1-9CB1-4E8D-9338-B49A0A8A6D85}.Release|x86.ActiveCfg = Release|Any CPU
		{AF3745F1-9CB1-4E8D-9338-B49A0A8A6D85}.Release|x86.Build.0 = Release|Any CPU
		{8B06303A-A809-4371-8587-FF17081286E0}.Debug|Any CPU.ActiveCfg = Debug|Any CPU
		{8B06303A-A809-4371-8587-FF17081286E0}.Debug|Any CPU.Build.0 = Debug|Any CPU
		{8B06303A-A809-4371-8587-FF17081286E0}.Debug|ARM.ActiveCfg = Debug|Any CPU
		{8B06303A-A809-4371-8587-FF17081286E0}.Debug|ARM.Build.0 = Debug|Any CPU
		{8B06303A-A809-4371-8587-FF17081286E0}.Debug|ARM64.ActiveCfg = Debug|Any CPU
		{8B06303A-A809-4371-8587-FF17081286E0}.Debug|ARM64.Build.0 = Debug|Any CPU
		{8B06303A-A809-4371-8587-FF17081286E0}.Debug|x64.ActiveCfg = Debug|Any CPU
		{8B06303A-A809-4371-8587-FF17081286E0}.Debug|x64.Build.0 = Debug|Any CPU
		{8B06303A-A809-4371-8587-FF17081286E0}.Debug|x86.ActiveCfg = Debug|Any CPU
		{8B06303A-A809-4371-8587-FF17081286E0}.Debug|x86.Build.0 = Debug|Any CPU
		{8B06303A-A809-4371-8587-FF17081286E0}.Release|Any CPU.ActiveCfg = Release|Any CPU
		{8B06303A-A809-4371-8587-FF17081286E0}.Release|Any CPU.Build.0 = Release|Any CPU
		{8B06303A-A809-4371-8587-FF17081286E0}.Release|ARM.ActiveCfg = Release|Any CPU
		{8B06303A-A809-4371-8587-FF17081286E0}.Release|ARM.Build.0 = Release|Any CPU
		{8B06303A-A809-4371-8587-FF17081286E0}.Release|ARM64.ActiveCfg = Release|Any CPU
		{8B06303A-A809-4371-8587-FF17081286E0}.Release|ARM64.Build.0 = Release|Any CPU
		{8B06303A-A809-4371-8587-FF17081286E0}.Release|x64.ActiveCfg = Release|Any CPU
		{8B06303A-A809-4371-8587-FF17081286E0}.Release|x64.Build.0 = Release|Any CPU
		{8B06303A-A809-4371-8587-FF17081286E0}.Release|x86.ActiveCfg = Release|Any CPU
		{8B06303A-A809-4371-8587-FF17081286E0}.Release|x86.Build.0 = Release|Any CPU
		{9667CC9E-7269-4E49-8F3E-95235E4521EB}.Debug|Any CPU.ActiveCfg = Debug|Any CPU
		{9667CC9E-7269-4E49-8F3E-95235E4521EB}.Debug|Any CPU.Build.0 = Debug|Any CPU
		{9667CC9E-7269-4E49-8F3E-95235E4521EB}.Debug|ARM.ActiveCfg = Debug|Any CPU
		{9667CC9E-7269-4E49-8F3E-95235E4521EB}.Debug|ARM.Build.0 = Debug|Any CPU
		{9667CC9E-7269-4E49-8F3E-95235E4521EB}.Debug|ARM64.ActiveCfg = Debug|Any CPU
		{9667CC9E-7269-4E49-8F3E-95235E4521EB}.Debug|ARM64.Build.0 = Debug|Any CPU
		{9667CC9E-7269-4E49-8F3E-95235E4521EB}.Debug|x64.ActiveCfg = Debug|Any CPU
		{9667CC9E-7269-4E49-8F3E-95235E4521EB}.Debug|x64.Build.0 = Debug|Any CPU
		{9667CC9E-7269-4E49-8F3E-95235E4521EB}.Debug|x86.ActiveCfg = Debug|Any CPU
		{9667CC9E-7269-4E49-8F3E-95235E4521EB}.Debug|x86.Build.0 = Debug|Any CPU
		{9667CC9E-7269-4E49-8F3E-95235E4521EB}.Release|Any CPU.ActiveCfg = Release|Any CPU
		{9667CC9E-7269-4E49-8F3E-95235E4521EB}.Release|Any CPU.Build.0 = Release|Any CPU
		{9667CC9E-7269-4E49-8F3E-95235E4521EB}.Release|ARM.ActiveCfg = Release|Any CPU
		{9667CC9E-7269-4E49-8F3E-95235E4521EB}.Release|ARM.Build.0 = Release|Any CPU
		{9667CC9E-7269-4E49-8F3E-95235E4521EB}.Release|ARM64.ActiveCfg = Release|Any CPU
		{9667CC9E-7269-4E49-8F3E-95235E4521EB}.Release|ARM64.Build.0 = Release|Any CPU
		{9667CC9E-7269-4E49-8F3E-95235E4521EB}.Release|x64.ActiveCfg = Release|Any CPU
		{9667CC9E-7269-4E49-8F3E-95235E4521EB}.Release|x64.Build.0 = Release|Any CPU
		{9667CC9E-7269-4E49-8F3E-95235E4521EB}.Release|x86.ActiveCfg = Release|Any CPU
		{9667CC9E-7269-4E49-8F3E-95235E4521EB}.Release|x86.Build.0 = Release|Any CPU
		{743EF9C2-7B64-43A0-880E-F71F36E0B765}.Debug|Any CPU.ActiveCfg = Debug|Any CPU
		{743EF9C2-7B64-43A0-880E-F71F36E0B765}.Debug|Any CPU.Build.0 = Debug|Any CPU
		{743EF9C2-7B64-43A0-880E-F71F36E0B765}.Debug|ARM.ActiveCfg = Debug|Any CPU
		{743EF9C2-7B64-43A0-880E-F71F36E0B765}.Debug|ARM.Build.0 = Debug|Any CPU
		{743EF9C2-7B64-43A0-880E-F71F36E0B765}.Debug|ARM64.ActiveCfg = Debug|Any CPU
		{743EF9C2-7B64-43A0-880E-F71F36E0B765}.Debug|ARM64.Build.0 = Debug|Any CPU
		{743EF9C2-7B64-43A0-880E-F71F36E0B765}.Debug|x64.ActiveCfg = Debug|Any CPU
		{743EF9C2-7B64-43A0-880E-F71F36E0B765}.Debug|x64.Build.0 = Debug|Any CPU
		{743EF9C2-7B64-43A0-880E-F71F36E0B765}.Debug|x86.ActiveCfg = Debug|Any CPU
		{743EF9C2-7B64-43A0-880E-F71F36E0B765}.Debug|x86.Build.0 = Debug|Any CPU
		{743EF9C2-7B64-43A0-880E-F71F36E0B765}.Release|Any CPU.ActiveCfg = Release|Any CPU
		{743EF9C2-7B64-43A0-880E-F71F36E0B765}.Release|Any CPU.Build.0 = Release|Any CPU
		{743EF9C2-7B64-43A0-880E-F71F36E0B765}.Release|ARM.ActiveCfg = Release|Any CPU
		{743EF9C2-7B64-43A0-880E-F71F36E0B765}.Release|ARM.Build.0 = Release|Any CPU
		{743EF9C2-7B64-43A0-880E-F71F36E0B765}.Release|ARM64.ActiveCfg = Release|Any CPU
		{743EF9C2-7B64-43A0-880E-F71F36E0B765}.Release|ARM64.Build.0 = Release|Any CPU
		{743EF9C2-7B64-43A0-880E-F71F36E0B765}.Release|x64.ActiveCfg = Release|Any CPU
		{743EF9C2-7B64-43A0-880E-F71F36E0B765}.Release|x64.Build.0 = Release|Any CPU
		{743EF9C2-7B64-43A0-880E-F71F36E0B765}.Release|x86.ActiveCfg = Release|Any CPU
		{743EF9C2-7B64-43A0-880E-F71F36E0B765}.Release|x86.Build.0 = Release|Any CPU
		{5C946825-7E95-448F-B98D-D9783AF6BB90}.Debug|Any CPU.ActiveCfg = Debug|Any CPU
		{5C946825-7E95-448F-B98D-D9783AF6BB90}.Debug|Any CPU.Build.0 = Debug|Any CPU
		{5C946825-7E95-448F-B98D-D9783AF6BB90}.Debug|ARM.ActiveCfg = Debug|Any CPU
		{5C946825-7E95-448F-B98D-D9783AF6BB90}.Debug|ARM.Build.0 = Debug|Any CPU
		{5C946825-7E95-448F-B98D-D9783AF6BB90}.Debug|ARM64.ActiveCfg = Debug|Any CPU
		{5C946825-7E95-448F-B98D-D9783AF6BB90}.Debug|ARM64.Build.0 = Debug|Any CPU
		{5C946825-7E95-448F-B98D-D9783AF6BB90}.Debug|x64.ActiveCfg = Debug|Any CPU
		{5C946825-7E95-448F-B98D-D9783AF6BB90}.Debug|x64.Build.0 = Debug|Any CPU
		{5C946825-7E95-448F-B98D-D9783AF6BB90}.Debug|x86.ActiveCfg = Debug|Any CPU
		{5C946825-7E95-448F-B98D-D9783AF6BB90}.Debug|x86.Build.0 = Debug|Any CPU
		{5C946825-7E95-448F-B98D-D9783AF6BB90}.Release|Any CPU.ActiveCfg = Release|Any CPU
		{5C946825-7E95-448F-B98D-D9783AF6BB90}.Release|Any CPU.Build.0 = Release|Any CPU
		{5C946825-7E95-448F-B98D-D9783AF6BB90}.Release|ARM.ActiveCfg = Release|Any CPU
		{5C946825-7E95-448F-B98D-D9783AF6BB90}.Release|ARM.Build.0 = Release|Any CPU
		{5C946825-7E95-448F-B98D-D9783AF6BB90}.Release|ARM64.ActiveCfg = Release|Any CPU
		{5C946825-7E95-448F-B98D-D9783AF6BB90}.Release|ARM64.Build.0 = Release|Any CPU
		{5C946825-7E95-448F-B98D-D9783AF6BB90}.Release|x64.ActiveCfg = Release|Any CPU
		{5C946825-7E95-448F-B98D-D9783AF6BB90}.Release|x64.Build.0 = Release|Any CPU
		{5C946825-7E95-448F-B98D-D9783AF6BB90}.Release|x86.ActiveCfg = Release|Any CPU
		{5C946825-7E95-448F-B98D-D9783AF6BB90}.Release|x86.Build.0 = Release|Any CPU
		{71D5E037-B44A-4821-83CE-A28085EF0BE6}.Debug|Any CPU.ActiveCfg = Debug|Any CPU
		{71D5E037-B44A-4821-83CE-A28085EF0BE6}.Debug|Any CPU.Build.0 = Debug|Any CPU
		{71D5E037-B44A-4821-83CE-A28085EF0BE6}.Debug|ARM.ActiveCfg = Debug|Any CPU
		{71D5E037-B44A-4821-83CE-A28085EF0BE6}.Debug|ARM.Build.0 = Debug|Any CPU
		{71D5E037-B44A-4821-83CE-A28085EF0BE6}.Debug|ARM64.ActiveCfg = Debug|Any CPU
		{71D5E037-B44A-4821-83CE-A28085EF0BE6}.Debug|ARM64.Build.0 = Debug|Any CPU
		{71D5E037-B44A-4821-83CE-A28085EF0BE6}.Debug|x64.ActiveCfg = Debug|Any CPU
		{71D5E037-B44A-4821-83CE-A28085EF0BE6}.Debug|x64.Build.0 = Debug|Any CPU
		{71D5E037-B44A-4821-83CE-A28085EF0BE6}.Debug|x86.ActiveCfg = Debug|Any CPU
		{71D5E037-B44A-4821-83CE-A28085EF0BE6}.Debug|x86.Build.0 = Debug|Any CPU
		{71D5E037-B44A-4821-83CE-A28085EF0BE6}.Release|Any CPU.ActiveCfg = Release|Any CPU
		{71D5E037-B44A-4821-83CE-A28085EF0BE6}.Release|Any CPU.Build.0 = Release|Any CPU
		{71D5E037-B44A-4821-83CE-A28085EF0BE6}.Release|ARM.ActiveCfg = Release|Any CPU
		{71D5E037-B44A-4821-83CE-A28085EF0BE6}.Release|ARM.Build.0 = Release|Any CPU
		{71D5E037-B44A-4821-83CE-A28085EF0BE6}.Release|ARM64.ActiveCfg = Release|Any CPU
		{71D5E037-B44A-4821-83CE-A28085EF0BE6}.Release|ARM64.Build.0 = Release|Any CPU
		{71D5E037-B44A-4821-83CE-A28085EF0BE6}.Release|x64.ActiveCfg = Release|Any CPU
		{71D5E037-B44A-4821-83CE-A28085EF0BE6}.Release|x64.Build.0 = Release|Any CPU
		{71D5E037-B44A-4821-83CE-A28085EF0BE6}.Release|x86.ActiveCfg = Release|Any CPU
		{71D5E037-B44A-4821-83CE-A28085EF0BE6}.Release|x86.Build.0 = Release|Any CPU
		{43D9A0F0-D160-4BC0-B2AE-5AD79E1DE46D}.Debug|Any CPU.ActiveCfg = Debug|Any CPU
		{43D9A0F0-D160-4BC0-B2AE-5AD79E1DE46D}.Debug|Any CPU.Build.0 = Debug|Any CPU
		{43D9A0F0-D160-4BC0-B2AE-5AD79E1DE46D}.Debug|ARM.ActiveCfg = Debug|Any CPU
		{43D9A0F0-D160-4BC0-B2AE-5AD79E1DE46D}.Debug|ARM.Build.0 = Debug|Any CPU
		{43D9A0F0-D160-4BC0-B2AE-5AD79E1DE46D}.Debug|ARM64.ActiveCfg = Debug|Any CPU
		{43D9A0F0-D160-4BC0-B2AE-5AD79E1DE46D}.Debug|ARM64.Build.0 = Debug|Any CPU
		{43D9A0F0-D160-4BC0-B2AE-5AD79E1DE46D}.Debug|x64.ActiveCfg = Debug|Any CPU
		{43D9A0F0-D160-4BC0-B2AE-5AD79E1DE46D}.Debug|x64.Build.0 = Debug|Any CPU
		{43D9A0F0-D160-4BC0-B2AE-5AD79E1DE46D}.Debug|x86.ActiveCfg = Debug|Any CPU
		{43D9A0F0-D160-4BC0-B2AE-5AD79E1DE46D}.Debug|x86.Build.0 = Debug|Any CPU
		{43D9A0F0-D160-4BC0-B2AE-5AD79E1DE46D}.Release|Any CPU.ActiveCfg = Release|Any CPU
		{43D9A0F0-D160-4BC0-B2AE-5AD79E1DE46D}.Release|Any CPU.Build.0 = Release|Any CPU
		{43D9A0F0-D160-4BC0-B2AE-5AD79E1DE46D}.Release|ARM.ActiveCfg = Release|Any CPU
		{43D9A0F0-D160-4BC0-B2AE-5AD79E1DE46D}.Release|ARM.Build.0 = Release|Any CPU
		{43D9A0F0-D160-4BC0-B2AE-5AD79E1DE46D}.Release|ARM64.ActiveCfg = Release|Any CPU
		{43D9A0F0-D160-4BC0-B2AE-5AD79E1DE46D}.Release|ARM64.Build.0 = Release|Any CPU
		{43D9A0F0-D160-4BC0-B2AE-5AD79E1DE46D}.Release|x64.ActiveCfg = Release|Any CPU
		{43D9A0F0-D160-4BC0-B2AE-5AD79E1DE46D}.Release|x64.Build.0 = Release|Any CPU
		{43D9A0F0-D160-4BC0-B2AE-5AD79E1DE46D}.Release|x86.ActiveCfg = Release|Any CPU
		{43D9A0F0-D160-4BC0-B2AE-5AD79E1DE46D}.Release|x86.Build.0 = Release|Any CPU
		{230FA084-9C6C-4F25-9BF1-6D1E097A25F7}.Debug|Any CPU.ActiveCfg = Debug|Any CPU
		{230FA084-9C6C-4F25-9BF1-6D1E097A25F7}.Debug|Any CPU.Build.0 = Debug|Any CPU
		{230FA084-9C6C-4F25-9BF1-6D1E097A25F7}.Debug|ARM.ActiveCfg = Debug|Any CPU
		{230FA084-9C6C-4F25-9BF1-6D1E097A25F7}.Debug|ARM.Build.0 = Debug|Any CPU
		{230FA084-9C6C-4F25-9BF1-6D1E097A25F7}.Debug|ARM64.ActiveCfg = Debug|Any CPU
		{230FA084-9C6C-4F25-9BF1-6D1E097A25F7}.Debug|ARM64.Build.0 = Debug|Any CPU
		{230FA084-9C6C-4F25-9BF1-6D1E097A25F7}.Debug|x64.ActiveCfg = Debug|Any CPU
		{230FA084-9C6C-4F25-9BF1-6D1E097A25F7}.Debug|x64.Build.0 = Debug|Any CPU
		{230FA084-9C6C-4F25-9BF1-6D1E097A25F7}.Debug|x86.ActiveCfg = Debug|Any CPU
		{230FA084-9C6C-4F25-9BF1-6D1E097A25F7}.Debug|x86.Build.0 = Debug|Any CPU
		{230FA084-9C6C-4F25-9BF1-6D1E097A25F7}.Release|Any CPU.ActiveCfg = Release|Any CPU
		{230FA084-9C6C-4F25-9BF1-6D1E097A25F7}.Release|Any CPU.Build.0 = Release|Any CPU
		{230FA084-9C6C-4F25-9BF1-6D1E097A25F7}.Release|ARM.ActiveCfg = Release|Any CPU
		{230FA084-9C6C-4F25-9BF1-6D1E097A25F7}.Release|ARM.Build.0 = Release|Any CPU
		{230FA084-9C6C-4F25-9BF1-6D1E097A25F7}.Release|ARM64.ActiveCfg = Release|Any CPU
		{230FA084-9C6C-4F25-9BF1-6D1E097A25F7}.Release|ARM64.Build.0 = Release|Any CPU
		{230FA084-9C6C-4F25-9BF1-6D1E097A25F7}.Release|x64.ActiveCfg = Release|Any CPU
		{230FA084-9C6C-4F25-9BF1-6D1E097A25F7}.Release|x64.Build.0 = Release|Any CPU
		{230FA084-9C6C-4F25-9BF1-6D1E097A25F7}.Release|x86.ActiveCfg = Release|Any CPU
		{230FA084-9C6C-4F25-9BF1-6D1E097A25F7}.Release|x86.Build.0 = Release|Any CPU
		{F72E24C9-7F40-47E2-87DE-23703122BA7E}.Debug|Any CPU.ActiveCfg = Debug|Any CPU
		{F72E24C9-7F40-47E2-87DE-23703122BA7E}.Debug|Any CPU.Build.0 = Debug|Any CPU
		{F72E24C9-7F40-47E2-87DE-23703122BA7E}.Debug|ARM.ActiveCfg = Debug|Any CPU
		{F72E24C9-7F40-47E2-87DE-23703122BA7E}.Debug|ARM.Build.0 = Debug|Any CPU
		{F72E24C9-7F40-47E2-87DE-23703122BA7E}.Debug|ARM64.ActiveCfg = Debug|Any CPU
		{F72E24C9-7F40-47E2-87DE-23703122BA7E}.Debug|ARM64.Build.0 = Debug|Any CPU
		{F72E24C9-7F40-47E2-87DE-23703122BA7E}.Debug|x64.ActiveCfg = Debug|Any CPU
		{F72E24C9-7F40-47E2-87DE-23703122BA7E}.Debug|x64.Build.0 = Debug|Any CPU
		{F72E24C9-7F40-47E2-87DE-23703122BA7E}.Debug|x86.ActiveCfg = Debug|Any CPU
		{F72E24C9-7F40-47E2-87DE-23703122BA7E}.Debug|x86.Build.0 = Debug|Any CPU
		{F72E24C9-7F40-47E2-87DE-23703122BA7E}.Release|Any CPU.ActiveCfg = Release|Any CPU
		{F72E24C9-7F40-47E2-87DE-23703122BA7E}.Release|Any CPU.Build.0 = Release|Any CPU
		{F72E24C9-7F40-47E2-87DE-23703122BA7E}.Release|ARM.ActiveCfg = Release|Any CPU
		{F72E24C9-7F40-47E2-87DE-23703122BA7E}.Release|ARM.Build.0 = Release|Any CPU
		{F72E24C9-7F40-47E2-87DE-23703122BA7E}.Release|ARM64.ActiveCfg = Release|Any CPU
		{F72E24C9-7F40-47E2-87DE-23703122BA7E}.Release|ARM64.Build.0 = Release|Any CPU
		{F72E24C9-7F40-47E2-87DE-23703122BA7E}.Release|x64.ActiveCfg = Release|Any CPU
		{F72E24C9-7F40-47E2-87DE-23703122BA7E}.Release|x64.Build.0 = Release|Any CPU
		{F72E24C9-7F40-47E2-87DE-23703122BA7E}.Release|x86.ActiveCfg = Release|Any CPU
		{F72E24C9-7F40-47E2-87DE-23703122BA7E}.Release|x86.Build.0 = Release|Any CPU
		{5F0EF2BE-C4EF-413C-BEE3-82B789813572}.Debug|Any CPU.ActiveCfg = Debug|Any CPU
		{5F0EF2BE-C4EF-413C-BEE3-82B789813572}.Debug|Any CPU.Build.0 = Debug|Any CPU
		{5F0EF2BE-C4EF-413C-BEE3-82B789813572}.Debug|ARM.ActiveCfg = Debug|Any CPU
		{5F0EF2BE-C4EF-413C-BEE3-82B789813572}.Debug|ARM.Build.0 = Debug|Any CPU
		{5F0EF2BE-C4EF-413C-BEE3-82B789813572}.Debug|ARM64.ActiveCfg = Debug|Any CPU
		{5F0EF2BE-C4EF-413C-BEE3-82B789813572}.Debug|ARM64.Build.0 = Debug|Any CPU
		{5F0EF2BE-C4EF-413C-BEE3-82B789813572}.Debug|x64.ActiveCfg = Debug|Any CPU
		{5F0EF2BE-C4EF-413C-BEE3-82B789813572}.Debug|x64.Build.0 = Debug|Any CPU
		{5F0EF2BE-C4EF-413C-BEE3-82B789813572}.Debug|x86.ActiveCfg = Debug|Any CPU
		{5F0EF2BE-C4EF-413C-BEE3-82B789813572}.Debug|x86.Build.0 = Debug|Any CPU
		{5F0EF2BE-C4EF-413C-BEE3-82B789813572}.Release|Any CPU.ActiveCfg = Release|Any CPU
		{5F0EF2BE-C4EF-413C-BEE3-82B789813572}.Release|Any CPU.Build.0 = Release|Any CPU
		{5F0EF2BE-C4EF-413C-BEE3-82B789813572}.Release|ARM.ActiveCfg = Release|Any CPU
		{5F0EF2BE-C4EF-413C-BEE3-82B789813572}.Release|ARM.Build.0 = Release|Any CPU
		{5F0EF2BE-C4EF-413C-BEE3-82B789813572}.Release|ARM64.ActiveCfg = Release|Any CPU
		{5F0EF2BE-C4EF-413C-BEE3-82B789813572}.Release|ARM64.Build.0 = Release|Any CPU
		{5F0EF2BE-C4EF-413C-BEE3-82B789813572}.Release|x64.ActiveCfg = Release|Any CPU
		{5F0EF2BE-C4EF-413C-BEE3-82B789813572}.Release|x64.Build.0 = Release|Any CPU
		{5F0EF2BE-C4EF-413C-BEE3-82B789813572}.Release|x86.ActiveCfg = Release|Any CPU
		{5F0EF2BE-C4EF-413C-BEE3-82B789813572}.Release|x86.Build.0 = Release|Any CPU
		{598D7C97-25EE-4B87-A5F9-25654852488F}.Debug|Any CPU.ActiveCfg = Debug|Any CPU
		{598D7C97-25EE-4B87-A5F9-25654852488F}.Debug|Any CPU.Build.0 = Debug|Any CPU
		{598D7C97-25EE-4B87-A5F9-25654852488F}.Debug|ARM.ActiveCfg = Debug|Any CPU
		{598D7C97-25EE-4B87-A5F9-25654852488F}.Debug|ARM.Build.0 = Debug|Any CPU
		{598D7C97-25EE-4B87-A5F9-25654852488F}.Debug|ARM64.ActiveCfg = Debug|Any CPU
		{598D7C97-25EE-4B87-A5F9-25654852488F}.Debug|ARM64.Build.0 = Debug|Any CPU
		{598D7C97-25EE-4B87-A5F9-25654852488F}.Debug|x64.ActiveCfg = Debug|Any CPU
		{598D7C97-25EE-4B87-A5F9-25654852488F}.Debug|x64.Build.0 = Debug|Any CPU
		{598D7C97-25EE-4B87-A5F9-25654852488F}.Debug|x86.ActiveCfg = Debug|Any CPU
		{598D7C97-25EE-4B87-A5F9-25654852488F}.Debug|x86.Build.0 = Debug|Any CPU
		{598D7C97-25EE-4B87-A5F9-25654852488F}.Release|Any CPU.ActiveCfg = Release|Any CPU
		{598D7C97-25EE-4B87-A5F9-25654852488F}.Release|Any CPU.Build.0 = Release|Any CPU
		{598D7C97-25EE-4B87-A5F9-25654852488F}.Release|ARM.ActiveCfg = Release|Any CPU
		{598D7C97-25EE-4B87-A5F9-25654852488F}.Release|ARM.Build.0 = Release|Any CPU
		{598D7C97-25EE-4B87-A5F9-25654852488F}.Release|ARM64.ActiveCfg = Release|Any CPU
		{598D7C97-25EE-4B87-A5F9-25654852488F}.Release|ARM64.Build.0 = Release|Any CPU
		{598D7C97-25EE-4B87-A5F9-25654852488F}.Release|x64.ActiveCfg = Release|Any CPU
		{598D7C97-25EE-4B87-A5F9-25654852488F}.Release|x64.Build.0 = Release|Any CPU
		{598D7C97-25EE-4B87-A5F9-25654852488F}.Release|x86.ActiveCfg = Release|Any CPU
		{598D7C97-25EE-4B87-A5F9-25654852488F}.Release|x86.Build.0 = Release|Any CPU
		{D5CE69B1-427F-4D56-93BA-3CCEAA3FFF4F}.Debug|Any CPU.ActiveCfg = Debug|Any CPU
		{D5CE69B1-427F-4D56-93BA-3CCEAA3FFF4F}.Debug|Any CPU.Build.0 = Debug|Any CPU
		{D5CE69B1-427F-4D56-93BA-3CCEAA3FFF4F}.Debug|ARM.ActiveCfg = Debug|Any CPU
		{D5CE69B1-427F-4D56-93BA-3CCEAA3FFF4F}.Debug|ARM.Build.0 = Debug|Any CPU
		{D5CE69B1-427F-4D56-93BA-3CCEAA3FFF4F}.Debug|ARM64.ActiveCfg = Debug|Any CPU
		{D5CE69B1-427F-4D56-93BA-3CCEAA3FFF4F}.Debug|ARM64.Build.0 = Debug|Any CPU
		{D5CE69B1-427F-4D56-93BA-3CCEAA3FFF4F}.Debug|x64.ActiveCfg = Debug|Any CPU
		{D5CE69B1-427F-4D56-93BA-3CCEAA3FFF4F}.Debug|x64.Build.0 = Debug|Any CPU
		{D5CE69B1-427F-4D56-93BA-3CCEAA3FFF4F}.Debug|x86.ActiveCfg = Debug|Any CPU
		{D5CE69B1-427F-4D56-93BA-3CCEAA3FFF4F}.Debug|x86.Build.0 = Debug|Any CPU
		{D5CE69B1-427F-4D56-93BA-3CCEAA3FFF4F}.Release|Any CPU.ActiveCfg = Release|Any CPU
		{D5CE69B1-427F-4D56-93BA-3CCEAA3FFF4F}.Release|Any CPU.Build.0 = Release|Any CPU
		{D5CE69B1-427F-4D56-93BA-3CCEAA3FFF4F}.Release|ARM.ActiveCfg = Release|Any CPU
		{D5CE69B1-427F-4D56-93BA-3CCEAA3FFF4F}.Release|ARM.Build.0 = Release|Any CPU
		{D5CE69B1-427F-4D56-93BA-3CCEAA3FFF4F}.Release|ARM64.ActiveCfg = Release|Any CPU
		{D5CE69B1-427F-4D56-93BA-3CCEAA3FFF4F}.Release|ARM64.Build.0 = Release|Any CPU
		{D5CE69B1-427F-4D56-93BA-3CCEAA3FFF4F}.Release|x64.ActiveCfg = Release|Any CPU
		{D5CE69B1-427F-4D56-93BA-3CCEAA3FFF4F}.Release|x64.Build.0 = Release|Any CPU
		{D5CE69B1-427F-4D56-93BA-3CCEAA3FFF4F}.Release|x86.ActiveCfg = Release|Any CPU
		{D5CE69B1-427F-4D56-93BA-3CCEAA3FFF4F}.Release|x86.Build.0 = Release|Any CPU
		{F9B152FA-1967-48FD-A73A-74CE4ABA9D61}.Debug|Any CPU.ActiveCfg = Debug|Any CPU
		{F9B152FA-1967-48FD-A73A-74CE4ABA9D61}.Debug|Any CPU.Build.0 = Debug|Any CPU
		{F9B152FA-1967-48FD-A73A-74CE4ABA9D61}.Debug|ARM.ActiveCfg = Debug|Any CPU
		{F9B152FA-1967-48FD-A73A-74CE4ABA9D61}.Debug|ARM.Build.0 = Debug|Any CPU
		{F9B152FA-1967-48FD-A73A-74CE4ABA9D61}.Debug|ARM64.ActiveCfg = Debug|Any CPU
		{F9B152FA-1967-48FD-A73A-74CE4ABA9D61}.Debug|ARM64.Build.0 = Debug|Any CPU
		{F9B152FA-1967-48FD-A73A-74CE4ABA9D61}.Debug|x64.ActiveCfg = Debug|Any CPU
		{F9B152FA-1967-48FD-A73A-74CE4ABA9D61}.Debug|x64.Build.0 = Debug|Any CPU
		{F9B152FA-1967-48FD-A73A-74CE4ABA9D61}.Debug|x86.ActiveCfg = Debug|Any CPU
		{F9B152FA-1967-48FD-A73A-74CE4ABA9D61}.Debug|x86.Build.0 = Debug|Any CPU
		{F9B152FA-1967-48FD-A73A-74CE4ABA9D61}.Release|Any CPU.ActiveCfg = Release|Any CPU
		{F9B152FA-1967-48FD-A73A-74CE4ABA9D61}.Release|Any CPU.Build.0 = Release|Any CPU
		{F9B152FA-1967-48FD-A73A-74CE4ABA9D61}.Release|ARM.ActiveCfg = Release|Any CPU
		{F9B152FA-1967-48FD-A73A-74CE4ABA9D61}.Release|ARM.Build.0 = Release|Any CPU
		{F9B152FA-1967-48FD-A73A-74CE4ABA9D61}.Release|ARM64.ActiveCfg = Release|Any CPU
		{F9B152FA-1967-48FD-A73A-74CE4ABA9D61}.Release|ARM64.Build.0 = Release|Any CPU
		{F9B152FA-1967-48FD-A73A-74CE4ABA9D61}.Release|x64.ActiveCfg = Release|Any CPU
		{F9B152FA-1967-48FD-A73A-74CE4ABA9D61}.Release|x64.Build.0 = Release|Any CPU
		{F9B152FA-1967-48FD-A73A-74CE4ABA9D61}.Release|x86.ActiveCfg = Release|Any CPU
		{F9B152FA-1967-48FD-A73A-74CE4ABA9D61}.Release|x86.Build.0 = Release|Any CPU
		{D86EED6F-42C0-46EC-BF65-8112A19A0294}.Debug|Any CPU.ActiveCfg = Debug|Any CPU
		{D86EED6F-42C0-46EC-BF65-8112A19A0294}.Debug|Any CPU.Build.0 = Debug|Any CPU
		{D86EED6F-42C0-46EC-BF65-8112A19A0294}.Debug|ARM.ActiveCfg = Debug|Any CPU
		{D86EED6F-42C0-46EC-BF65-8112A19A0294}.Debug|ARM.Build.0 = Debug|Any CPU
		{D86EED6F-42C0-46EC-BF65-8112A19A0294}.Debug|ARM64.ActiveCfg = Debug|Any CPU
		{D86EED6F-42C0-46EC-BF65-8112A19A0294}.Debug|ARM64.Build.0 = Debug|Any CPU
		{D86EED6F-42C0-46EC-BF65-8112A19A0294}.Debug|x64.ActiveCfg = Debug|Any CPU
		{D86EED6F-42C0-46EC-BF65-8112A19A0294}.Debug|x64.Build.0 = Debug|Any CPU
		{D86EED6F-42C0-46EC-BF65-8112A19A0294}.Debug|x86.ActiveCfg = Debug|Any CPU
		{D86EED6F-42C0-46EC-BF65-8112A19A0294}.Debug|x86.Build.0 = Debug|Any CPU
		{D86EED6F-42C0-46EC-BF65-8112A19A0294}.Release|Any CPU.ActiveCfg = Release|Any CPU
		{D86EED6F-42C0-46EC-BF65-8112A19A0294}.Release|Any CPU.Build.0 = Release|Any CPU
		{D86EED6F-42C0-46EC-BF65-8112A19A0294}.Release|ARM.ActiveCfg = Release|Any CPU
		{D86EED6F-42C0-46EC-BF65-8112A19A0294}.Release|ARM.Build.0 = Release|Any CPU
		{D86EED6F-42C0-46EC-BF65-8112A19A0294}.Release|ARM64.ActiveCfg = Release|Any CPU
		{D86EED6F-42C0-46EC-BF65-8112A19A0294}.Release|ARM64.Build.0 = Release|Any CPU
		{D86EED6F-42C0-46EC-BF65-8112A19A0294}.Release|x64.ActiveCfg = Release|Any CPU
		{D86EED6F-42C0-46EC-BF65-8112A19A0294}.Release|x64.Build.0 = Release|Any CPU
		{D86EED6F-42C0-46EC-BF65-8112A19A0294}.Release|x86.ActiveCfg = Release|Any CPU
		{D86EED6F-42C0-46EC-BF65-8112A19A0294}.Release|x86.Build.0 = Release|Any CPU
		{3D6DDB37-5CDE-421A-80EA-80A01FA2036A}.Debug|Any CPU.ActiveCfg = Debug|Any CPU
		{3D6DDB37-5CDE-421A-80EA-80A01FA2036A}.Debug|Any CPU.Build.0 = Debug|Any CPU
		{3D6DDB37-5CDE-421A-80EA-80A01FA2036A}.Debug|ARM.ActiveCfg = Debug|Any CPU
		{3D6DDB37-5CDE-421A-80EA-80A01FA2036A}.Debug|ARM.Build.0 = Debug|Any CPU
		{3D6DDB37-5CDE-421A-80EA-80A01FA2036A}.Debug|ARM64.ActiveCfg = Debug|Any CPU
		{3D6DDB37-5CDE-421A-80EA-80A01FA2036A}.Debug|ARM64.Build.0 = Debug|Any CPU
		{3D6DDB37-5CDE-421A-80EA-80A01FA2036A}.Debug|x64.ActiveCfg = Debug|Any CPU
		{3D6DDB37-5CDE-421A-80EA-80A01FA2036A}.Debug|x64.Build.0 = Debug|Any CPU
		{3D6DDB37-5CDE-421A-80EA-80A01FA2036A}.Debug|x86.ActiveCfg = Debug|Any CPU
		{3D6DDB37-5CDE-421A-80EA-80A01FA2036A}.Debug|x86.Build.0 = Debug|Any CPU
		{3D6DDB37-5CDE-421A-80EA-80A01FA2036A}.Release|Any CPU.ActiveCfg = Release|Any CPU
		{3D6DDB37-5CDE-421A-80EA-80A01FA2036A}.Release|Any CPU.Build.0 = Release|Any CPU
		{3D6DDB37-5CDE-421A-80EA-80A01FA2036A}.Release|ARM.ActiveCfg = Release|Any CPU
		{3D6DDB37-5CDE-421A-80EA-80A01FA2036A}.Release|ARM.Build.0 = Release|Any CPU
		{3D6DDB37-5CDE-421A-80EA-80A01FA2036A}.Release|ARM64.ActiveCfg = Release|Any CPU
		{3D6DDB37-5CDE-421A-80EA-80A01FA2036A}.Release|ARM64.Build.0 = Release|Any CPU
		{3D6DDB37-5CDE-421A-80EA-80A01FA2036A}.Release|x64.ActiveCfg = Release|Any CPU
		{3D6DDB37-5CDE-421A-80EA-80A01FA2036A}.Release|x64.Build.0 = Release|Any CPU
		{3D6DDB37-5CDE-421A-80EA-80A01FA2036A}.Release|x86.ActiveCfg = Release|Any CPU
		{3D6DDB37-5CDE-421A-80EA-80A01FA2036A}.Release|x86.Build.0 = Release|Any CPU
		{9913CD24-2C40-4FBB-B8F0-6F104B22BF21}.Debug|Any CPU.ActiveCfg = Debug|Any CPU
		{9913CD24-2C40-4FBB-B8F0-6F104B22BF21}.Debug|Any CPU.Build.0 = Debug|Any CPU
		{9913CD24-2C40-4FBB-B8F0-6F104B22BF21}.Debug|ARM.ActiveCfg = Debug|Any CPU
		{9913CD24-2C40-4FBB-B8F0-6F104B22BF21}.Debug|ARM.Build.0 = Debug|Any CPU
		{9913CD24-2C40-4FBB-B8F0-6F104B22BF21}.Debug|ARM64.ActiveCfg = Debug|Any CPU
		{9913CD24-2C40-4FBB-B8F0-6F104B22BF21}.Debug|ARM64.Build.0 = Debug|Any CPU
		{9913CD24-2C40-4FBB-B8F0-6F104B22BF21}.Debug|x64.ActiveCfg = Debug|Any CPU
		{9913CD24-2C40-4FBB-B8F0-6F104B22BF21}.Debug|x64.Build.0 = Debug|Any CPU
		{9913CD24-2C40-4FBB-B8F0-6F104B22BF21}.Debug|x86.ActiveCfg = Debug|Any CPU
		{9913CD24-2C40-4FBB-B8F0-6F104B22BF21}.Debug|x86.Build.0 = Debug|Any CPU
		{9913CD24-2C40-4FBB-B8F0-6F104B22BF21}.Release|Any CPU.ActiveCfg = Release|Any CPU
		{9913CD24-2C40-4FBB-B8F0-6F104B22BF21}.Release|Any CPU.Build.0 = Release|Any CPU
		{9913CD24-2C40-4FBB-B8F0-6F104B22BF21}.Release|ARM.ActiveCfg = Release|Any CPU
		{9913CD24-2C40-4FBB-B8F0-6F104B22BF21}.Release|ARM.Build.0 = Release|Any CPU
		{9913CD24-2C40-4FBB-B8F0-6F104B22BF21}.Release|ARM64.ActiveCfg = Release|Any CPU
		{9913CD24-2C40-4FBB-B8F0-6F104B22BF21}.Release|ARM64.Build.0 = Release|Any CPU
		{9913CD24-2C40-4FBB-B8F0-6F104B22BF21}.Release|x64.ActiveCfg = Release|Any CPU
		{9913CD24-2C40-4FBB-B8F0-6F104B22BF21}.Release|x64.Build.0 = Release|Any CPU
		{9913CD24-2C40-4FBB-B8F0-6F104B22BF21}.Release|x86.ActiveCfg = Release|Any CPU
		{9913CD24-2C40-4FBB-B8F0-6F104B22BF21}.Release|x86.Build.0 = Release|Any CPU
		{634A5549-7809-471D-8B81-A84A93F279E9}.Debug|Any CPU.ActiveCfg = Debug|Any CPU
		{634A5549-7809-471D-8B81-A84A93F279E9}.Debug|Any CPU.Build.0 = Debug|Any CPU
		{634A5549-7809-471D-8B81-A84A93F279E9}.Debug|ARM.ActiveCfg = Debug|Any CPU
		{634A5549-7809-471D-8B81-A84A93F279E9}.Debug|ARM.Build.0 = Debug|Any CPU
		{634A5549-7809-471D-8B81-A84A93F279E9}.Debug|ARM64.ActiveCfg = Debug|Any CPU
		{634A5549-7809-471D-8B81-A84A93F279E9}.Debug|ARM64.Build.0 = Debug|Any CPU
		{634A5549-7809-471D-8B81-A84A93F279E9}.Debug|x64.ActiveCfg = Debug|Any CPU
		{634A5549-7809-471D-8B81-A84A93F279E9}.Debug|x64.Build.0 = Debug|Any CPU
		{634A5549-7809-471D-8B81-A84A93F279E9}.Debug|x86.ActiveCfg = Debug|Any CPU
		{634A5549-7809-471D-8B81-A84A93F279E9}.Debug|x86.Build.0 = Debug|Any CPU
		{634A5549-7809-471D-8B81-A84A93F279E9}.Release|Any CPU.ActiveCfg = Release|Any CPU
		{634A5549-7809-471D-8B81-A84A93F279E9}.Release|Any CPU.Build.0 = Release|Any CPU
		{634A5549-7809-471D-8B81-A84A93F279E9}.Release|ARM.ActiveCfg = Release|Any CPU
		{634A5549-7809-471D-8B81-A84A93F279E9}.Release|ARM.Build.0 = Release|Any CPU
		{634A5549-7809-471D-8B81-A84A93F279E9}.Release|ARM64.ActiveCfg = Release|Any CPU
		{634A5549-7809-471D-8B81-A84A93F279E9}.Release|ARM64.Build.0 = Release|Any CPU
		{634A5549-7809-471D-8B81-A84A93F279E9}.Release|x64.ActiveCfg = Release|Any CPU
		{634A5549-7809-471D-8B81-A84A93F279E9}.Release|x64.Build.0 = Release|Any CPU
		{634A5549-7809-471D-8B81-A84A93F279E9}.Release|x86.ActiveCfg = Release|Any CPU
		{634A5549-7809-471D-8B81-A84A93F279E9}.Release|x86.Build.0 = Release|Any CPU
		{E28A826E-111D-4667-A21A-32C892DC07AF}.Debug|Any CPU.ActiveCfg = Debug|Any CPU
		{E28A826E-111D-4667-A21A-32C892DC07AF}.Debug|Any CPU.Build.0 = Debug|Any CPU
		{E28A826E-111D-4667-A21A-32C892DC07AF}.Debug|ARM.ActiveCfg = Debug|Any CPU
		{E28A826E-111D-4667-A21A-32C892DC07AF}.Debug|ARM.Build.0 = Debug|Any CPU
		{E28A826E-111D-4667-A21A-32C892DC07AF}.Debug|ARM64.ActiveCfg = Debug|Any CPU
		{E28A826E-111D-4667-A21A-32C892DC07AF}.Debug|ARM64.Build.0 = Debug|Any CPU
		{E28A826E-111D-4667-A21A-32C892DC07AF}.Debug|x64.ActiveCfg = Debug|Any CPU
		{E28A826E-111D-4667-A21A-32C892DC07AF}.Debug|x64.Build.0 = Debug|Any CPU
		{E28A826E-111D-4667-A21A-32C892DC07AF}.Debug|x86.ActiveCfg = Debug|Any CPU
		{E28A826E-111D-4667-A21A-32C892DC07AF}.Debug|x86.Build.0 = Debug|Any CPU
		{E28A826E-111D-4667-A21A-32C892DC07AF}.Release|Any CPU.ActiveCfg = Release|Any CPU
		{E28A826E-111D-4667-A21A-32C892DC07AF}.Release|Any CPU.Build.0 = Release|Any CPU
		{E28A826E-111D-4667-A21A-32C892DC07AF}.Release|ARM.ActiveCfg = Release|Any CPU
		{E28A826E-111D-4667-A21A-32C892DC07AF}.Release|ARM.Build.0 = Release|Any CPU
		{E28A826E-111D-4667-A21A-32C892DC07AF}.Release|ARM64.ActiveCfg = Release|Any CPU
		{E28A826E-111D-4667-A21A-32C892DC07AF}.Release|ARM64.Build.0 = Release|Any CPU
		{E28A826E-111D-4667-A21A-32C892DC07AF}.Release|x64.ActiveCfg = Release|Any CPU
		{E28A826E-111D-4667-A21A-32C892DC07AF}.Release|x64.Build.0 = Release|Any CPU
		{E28A826E-111D-4667-A21A-32C892DC07AF}.Release|x86.ActiveCfg = Release|Any CPU
		{E28A826E-111D-4667-A21A-32C892DC07AF}.Release|x86.Build.0 = Release|Any CPU
		{E22274E1-3ED1-45E6-9B54-BAC7F6C5D219}.Debug|Any CPU.ActiveCfg = Debug|Any CPU
		{E22274E1-3ED1-45E6-9B54-BAC7F6C5D219}.Debug|Any CPU.Build.0 = Debug|Any CPU
		{E22274E1-3ED1-45E6-9B54-BAC7F6C5D219}.Debug|ARM.ActiveCfg = Debug|Any CPU
		{E22274E1-3ED1-45E6-9B54-BAC7F6C5D219}.Debug|ARM.Build.0 = Debug|Any CPU
		{E22274E1-3ED1-45E6-9B54-BAC7F6C5D219}.Debug|ARM64.ActiveCfg = Debug|Any CPU
		{E22274E1-3ED1-45E6-9B54-BAC7F6C5D219}.Debug|ARM64.Build.0 = Debug|Any CPU
		{E22274E1-3ED1-45E6-9B54-BAC7F6C5D219}.Debug|x64.ActiveCfg = Debug|Any CPU
		{E22274E1-3ED1-45E6-9B54-BAC7F6C5D219}.Debug|x64.Build.0 = Debug|Any CPU
		{E22274E1-3ED1-45E6-9B54-BAC7F6C5D219}.Debug|x86.ActiveCfg = Debug|Any CPU
		{E22274E1-3ED1-45E6-9B54-BAC7F6C5D219}.Debug|x86.Build.0 = Debug|Any CPU
		{E22274E1-3ED1-45E6-9B54-BAC7F6C5D219}.Release|Any CPU.ActiveCfg = Release|Any CPU
		{E22274E1-3ED1-45E6-9B54-BAC7F6C5D219}.Release|Any CPU.Build.0 = Release|Any CPU
		{E22274E1-3ED1-45E6-9B54-BAC7F6C5D219}.Release|ARM.ActiveCfg = Release|Any CPU
		{E22274E1-3ED1-45E6-9B54-BAC7F6C5D219}.Release|ARM.Build.0 = Release|Any CPU
		{E22274E1-3ED1-45E6-9B54-BAC7F6C5D219}.Release|ARM64.ActiveCfg = Release|Any CPU
		{E22274E1-3ED1-45E6-9B54-BAC7F6C5D219}.Release|ARM64.Build.0 = Release|Any CPU
		{E22274E1-3ED1-45E6-9B54-BAC7F6C5D219}.Release|x64.ActiveCfg = Release|Any CPU
		{E22274E1-3ED1-45E6-9B54-BAC7F6C5D219}.Release|x64.Build.0 = Release|Any CPU
		{E22274E1-3ED1-45E6-9B54-BAC7F6C5D219}.Release|x86.ActiveCfg = Release|Any CPU
		{E22274E1-3ED1-45E6-9B54-BAC7F6C5D219}.Release|x86.Build.0 = Release|Any CPU
		{C9CEAA69-5668-49DE-9A61-8709EF899DBE}.Debug|Any CPU.ActiveCfg = Debug|Any CPU
		{C9CEAA69-5668-49DE-9A61-8709EF899DBE}.Debug|Any CPU.Build.0 = Debug|Any CPU
		{C9CEAA69-5668-49DE-9A61-8709EF899DBE}.Debug|ARM.ActiveCfg = Debug|Any CPU
		{C9CEAA69-5668-49DE-9A61-8709EF899DBE}.Debug|ARM.Build.0 = Debug|Any CPU
		{C9CEAA69-5668-49DE-9A61-8709EF899DBE}.Debug|ARM64.ActiveCfg = Debug|Any CPU
		{C9CEAA69-5668-49DE-9A61-8709EF899DBE}.Debug|ARM64.Build.0 = Debug|Any CPU
		{C9CEAA69-5668-49DE-9A61-8709EF899DBE}.Debug|x64.ActiveCfg = Debug|Any CPU
		{C9CEAA69-5668-49DE-9A61-8709EF899DBE}.Debug|x64.Build.0 = Debug|Any CPU
		{C9CEAA69-5668-49DE-9A61-8709EF899DBE}.Debug|x86.ActiveCfg = Debug|Any CPU
		{C9CEAA69-5668-49DE-9A61-8709EF899DBE}.Debug|x86.Build.0 = Debug|Any CPU
		{C9CEAA69-5668-49DE-9A61-8709EF899DBE}.Release|Any CPU.ActiveCfg = Release|Any CPU
		{C9CEAA69-5668-49DE-9A61-8709EF899DBE}.Release|Any CPU.Build.0 = Release|Any CPU
		{C9CEAA69-5668-49DE-9A61-8709EF899DBE}.Release|ARM.ActiveCfg = Release|Any CPU
		{C9CEAA69-5668-49DE-9A61-8709EF899DBE}.Release|ARM.Build.0 = Release|Any CPU
		{C9CEAA69-5668-49DE-9A61-8709EF899DBE}.Release|ARM64.ActiveCfg = Release|Any CPU
		{C9CEAA69-5668-49DE-9A61-8709EF899DBE}.Release|ARM64.Build.0 = Release|Any CPU
		{C9CEAA69-5668-49DE-9A61-8709EF899DBE}.Release|x64.ActiveCfg = Release|Any CPU
		{C9CEAA69-5668-49DE-9A61-8709EF899DBE}.Release|x64.Build.0 = Release|Any CPU
		{C9CEAA69-5668-49DE-9A61-8709EF899DBE}.Release|x86.ActiveCfg = Release|Any CPU
		{C9CEAA69-5668-49DE-9A61-8709EF899DBE}.Release|x86.Build.0 = Release|Any CPU
		{77E18AD9-0675-47E9-91F0-327B0717FB6E}.Debug|Any CPU.ActiveCfg = Debug|Any CPU
		{77E18AD9-0675-47E9-91F0-327B0717FB6E}.Debug|Any CPU.Build.0 = Debug|Any CPU
		{77E18AD9-0675-47E9-91F0-327B0717FB6E}.Debug|ARM.ActiveCfg = Debug|Any CPU
		{77E18AD9-0675-47E9-91F0-327B0717FB6E}.Debug|ARM.Build.0 = Debug|Any CPU
		{77E18AD9-0675-47E9-91F0-327B0717FB6E}.Debug|ARM64.ActiveCfg = Debug|Any CPU
		{77E18AD9-0675-47E9-91F0-327B0717FB6E}.Debug|ARM64.Build.0 = Debug|Any CPU
		{77E18AD9-0675-47E9-91F0-327B0717FB6E}.Debug|x64.ActiveCfg = Debug|Any CPU
		{77E18AD9-0675-47E9-91F0-327B0717FB6E}.Debug|x64.Build.0 = Debug|Any CPU
		{77E18AD9-0675-47E9-91F0-327B0717FB6E}.Debug|x86.ActiveCfg = Debug|Any CPU
		{77E18AD9-0675-47E9-91F0-327B0717FB6E}.Debug|x86.Build.0 = Debug|Any CPU
		{77E18AD9-0675-47E9-91F0-327B0717FB6E}.Release|Any CPU.ActiveCfg = Release|Any CPU
		{77E18AD9-0675-47E9-91F0-327B0717FB6E}.Release|Any CPU.Build.0 = Release|Any CPU
		{77E18AD9-0675-47E9-91F0-327B0717FB6E}.Release|ARM.ActiveCfg = Release|Any CPU
		{77E18AD9-0675-47E9-91F0-327B0717FB6E}.Release|ARM.Build.0 = Release|Any CPU
		{77E18AD9-0675-47E9-91F0-327B0717FB6E}.Release|ARM64.ActiveCfg = Release|Any CPU
		{77E18AD9-0675-47E9-91F0-327B0717FB6E}.Release|ARM64.Build.0 = Release|Any CPU
		{77E18AD9-0675-47E9-91F0-327B0717FB6E}.Release|x64.ActiveCfg = Release|Any CPU
		{77E18AD9-0675-47E9-91F0-327B0717FB6E}.Release|x64.Build.0 = Release|Any CPU
		{77E18AD9-0675-47E9-91F0-327B0717FB6E}.Release|x86.ActiveCfg = Release|Any CPU
		{77E18AD9-0675-47E9-91F0-327B0717FB6E}.Release|x86.Build.0 = Release|Any CPU
		{8EFFF751-136E-424C-9866-9D2E479DD9BB}.Debug|Any CPU.ActiveCfg = Debug|Any CPU
		{8EFFF751-136E-424C-9866-9D2E479DD9BB}.Debug|Any CPU.Build.0 = Debug|Any CPU
		{8EFFF751-136E-424C-9866-9D2E479DD9BB}.Debug|ARM.ActiveCfg = Debug|Any CPU
		{8EFFF751-136E-424C-9866-9D2E479DD9BB}.Debug|ARM.Build.0 = Debug|Any CPU
		{8EFFF751-136E-424C-9866-9D2E479DD9BB}.Debug|ARM64.ActiveCfg = Debug|Any CPU
		{8EFFF751-136E-424C-9866-9D2E479DD9BB}.Debug|ARM64.Build.0 = Debug|Any CPU
		{8EFFF751-136E-424C-9866-9D2E479DD9BB}.Debug|x64.ActiveCfg = Debug|Any CPU
		{8EFFF751-136E-424C-9866-9D2E479DD9BB}.Debug|x64.Build.0 = Debug|Any CPU
		{8EFFF751-136E-424C-9866-9D2E479DD9BB}.Debug|x86.ActiveCfg = Debug|Any CPU
		{8EFFF751-136E-424C-9866-9D2E479DD9BB}.Debug|x86.Build.0 = Debug|Any CPU
		{8EFFF751-136E-424C-9866-9D2E479DD9BB}.Release|Any CPU.ActiveCfg = Release|Any CPU
		{8EFFF751-136E-424C-9866-9D2E479DD9BB}.Release|Any CPU.Build.0 = Release|Any CPU
		{8EFFF751-136E-424C-9866-9D2E479DD9BB}.Release|ARM.ActiveCfg = Release|Any CPU
		{8EFFF751-136E-424C-9866-9D2E479DD9BB}.Release|ARM.Build.0 = Release|Any CPU
		{8EFFF751-136E-424C-9866-9D2E479DD9BB}.Release|ARM64.ActiveCfg = Release|Any CPU
		{8EFFF751-136E-424C-9866-9D2E479DD9BB}.Release|ARM64.Build.0 = Release|Any CPU
		{8EFFF751-136E-424C-9866-9D2E479DD9BB}.Release|x64.ActiveCfg = Release|Any CPU
		{8EFFF751-136E-424C-9866-9D2E479DD9BB}.Release|x64.Build.0 = Release|Any CPU
		{8EFFF751-136E-424C-9866-9D2E479DD9BB}.Release|x86.ActiveCfg = Release|Any CPU
		{8EFFF751-136E-424C-9866-9D2E479DD9BB}.Release|x86.Build.0 = Release|Any CPU
		{3187894C-F7DD-4B5B-BB82-C4C708294915}.Debug|Any CPU.ActiveCfg = Debug|Any CPU
		{3187894C-F7DD-4B5B-BB82-C4C708294915}.Debug|Any CPU.Build.0 = Debug|Any CPU
		{3187894C-F7DD-4B5B-BB82-C4C708294915}.Debug|ARM.ActiveCfg = Debug|Any CPU
		{3187894C-F7DD-4B5B-BB82-C4C708294915}.Debug|ARM.Build.0 = Debug|Any CPU
		{3187894C-F7DD-4B5B-BB82-C4C708294915}.Debug|ARM64.ActiveCfg = Debug|Any CPU
		{3187894C-F7DD-4B5B-BB82-C4C708294915}.Debug|ARM64.Build.0 = Debug|Any CPU
		{3187894C-F7DD-4B5B-BB82-C4C708294915}.Debug|x64.ActiveCfg = Debug|Any CPU
		{3187894C-F7DD-4B5B-BB82-C4C708294915}.Debug|x64.Build.0 = Debug|Any CPU
		{3187894C-F7DD-4B5B-BB82-C4C708294915}.Debug|x86.ActiveCfg = Debug|Any CPU
		{3187894C-F7DD-4B5B-BB82-C4C708294915}.Debug|x86.Build.0 = Debug|Any CPU
		{3187894C-F7DD-4B5B-BB82-C4C708294915}.Release|Any CPU.ActiveCfg = Release|Any CPU
		{3187894C-F7DD-4B5B-BB82-C4C708294915}.Release|Any CPU.Build.0 = Release|Any CPU
		{3187894C-F7DD-4B5B-BB82-C4C708294915}.Release|ARM.ActiveCfg = Release|Any CPU
		{3187894C-F7DD-4B5B-BB82-C4C708294915}.Release|ARM.Build.0 = Release|Any CPU
		{3187894C-F7DD-4B5B-BB82-C4C708294915}.Release|ARM64.ActiveCfg = Release|Any CPU
		{3187894C-F7DD-4B5B-BB82-C4C708294915}.Release|ARM64.Build.0 = Release|Any CPU
		{3187894C-F7DD-4B5B-BB82-C4C708294915}.Release|x64.ActiveCfg = Release|Any CPU
		{3187894C-F7DD-4B5B-BB82-C4C708294915}.Release|x64.Build.0 = Release|Any CPU
		{3187894C-F7DD-4B5B-BB82-C4C708294915}.Release|x86.ActiveCfg = Release|Any CPU
		{3187894C-F7DD-4B5B-BB82-C4C708294915}.Release|x86.Build.0 = Release|Any CPU
		{D0879C76-E37D-4324-8314-BA4B75EB94B6}.Debug|Any CPU.ActiveCfg = Debug|Any CPU
		{D0879C76-E37D-4324-8314-BA4B75EB94B6}.Debug|Any CPU.Build.0 = Debug|Any CPU
		{D0879C76-E37D-4324-8314-BA4B75EB94B6}.Debug|ARM.ActiveCfg = Debug|Any CPU
		{D0879C76-E37D-4324-8314-BA4B75EB94B6}.Debug|ARM.Build.0 = Debug|Any CPU
		{D0879C76-E37D-4324-8314-BA4B75EB94B6}.Debug|ARM64.ActiveCfg = Debug|Any CPU
		{D0879C76-E37D-4324-8314-BA4B75EB94B6}.Debug|ARM64.Build.0 = Debug|Any CPU
		{D0879C76-E37D-4324-8314-BA4B75EB94B6}.Debug|x64.ActiveCfg = Debug|Any CPU
		{D0879C76-E37D-4324-8314-BA4B75EB94B6}.Debug|x64.Build.0 = Debug|Any CPU
		{D0879C76-E37D-4324-8314-BA4B75EB94B6}.Debug|x86.ActiveCfg = Debug|Any CPU
		{D0879C76-E37D-4324-8314-BA4B75EB94B6}.Debug|x86.Build.0 = Debug|Any CPU
		{D0879C76-E37D-4324-8314-BA4B75EB94B6}.Release|Any CPU.ActiveCfg = Release|Any CPU
		{D0879C76-E37D-4324-8314-BA4B75EB94B6}.Release|Any CPU.Build.0 = Release|Any CPU
		{D0879C76-E37D-4324-8314-BA4B75EB94B6}.Release|ARM.ActiveCfg = Release|Any CPU
		{D0879C76-E37D-4324-8314-BA4B75EB94B6}.Release|ARM.Build.0 = Release|Any CPU
		{D0879C76-E37D-4324-8314-BA4B75EB94B6}.Release|ARM64.ActiveCfg = Release|Any CPU
		{D0879C76-E37D-4324-8314-BA4B75EB94B6}.Release|ARM64.Build.0 = Release|Any CPU
		{D0879C76-E37D-4324-8314-BA4B75EB94B6}.Release|x64.ActiveCfg = Release|Any CPU
		{D0879C76-E37D-4324-8314-BA4B75EB94B6}.Release|x64.Build.0 = Release|Any CPU
		{D0879C76-E37D-4324-8314-BA4B75EB94B6}.Release|x86.ActiveCfg = Release|Any CPU
		{D0879C76-E37D-4324-8314-BA4B75EB94B6}.Release|x86.Build.0 = Release|Any CPU
		{76CAD2BC-3E1C-4DC6-9A33-AA7CBB1D4828}.Debug|Any CPU.ActiveCfg = Debug|Any CPU
		{76CAD2BC-3E1C-4DC6-9A33-AA7CBB1D4828}.Debug|Any CPU.Build.0 = Debug|Any CPU
		{76CAD2BC-3E1C-4DC6-9A33-AA7CBB1D4828}.Debug|ARM.ActiveCfg = Debug|Any CPU
		{76CAD2BC-3E1C-4DC6-9A33-AA7CBB1D4828}.Debug|ARM.Build.0 = Debug|Any CPU
		{76CAD2BC-3E1C-4DC6-9A33-AA7CBB1D4828}.Debug|ARM64.ActiveCfg = Debug|Any CPU
		{76CAD2BC-3E1C-4DC6-9A33-AA7CBB1D4828}.Debug|ARM64.Build.0 = Debug|Any CPU
		{76CAD2BC-3E1C-4DC6-9A33-AA7CBB1D4828}.Debug|x64.ActiveCfg = Debug|Any CPU
		{76CAD2BC-3E1C-4DC6-9A33-AA7CBB1D4828}.Debug|x64.Build.0 = Debug|Any CPU
		{76CAD2BC-3E1C-4DC6-9A33-AA7CBB1D4828}.Debug|x86.ActiveCfg = Debug|Any CPU
		{76CAD2BC-3E1C-4DC6-9A33-AA7CBB1D4828}.Debug|x86.Build.0 = Debug|Any CPU
		{76CAD2BC-3E1C-4DC6-9A33-AA7CBB1D4828}.Release|Any CPU.ActiveCfg = Release|Any CPU
		{76CAD2BC-3E1C-4DC6-9A33-AA7CBB1D4828}.Release|Any CPU.Build.0 = Release|Any CPU
		{76CAD2BC-3E1C-4DC6-9A33-AA7CBB1D4828}.Release|ARM.ActiveCfg = Release|Any CPU
		{76CAD2BC-3E1C-4DC6-9A33-AA7CBB1D4828}.Release|ARM.Build.0 = Release|Any CPU
		{76CAD2BC-3E1C-4DC6-9A33-AA7CBB1D4828}.Release|ARM64.ActiveCfg = Release|Any CPU
		{76CAD2BC-3E1C-4DC6-9A33-AA7CBB1D4828}.Release|ARM64.Build.0 = Release|Any CPU
		{76CAD2BC-3E1C-4DC6-9A33-AA7CBB1D4828}.Release|x64.ActiveCfg = Release|Any CPU
		{76CAD2BC-3E1C-4DC6-9A33-AA7CBB1D4828}.Release|x64.Build.0 = Release|Any CPU
		{76CAD2BC-3E1C-4DC6-9A33-AA7CBB1D4828}.Release|x86.ActiveCfg = Release|Any CPU
		{76CAD2BC-3E1C-4DC6-9A33-AA7CBB1D4828}.Release|x86.Build.0 = Release|Any CPU
		{4AF42DB3-CE38-4654-8BB4-3CA36DCE7F75}.Debug|Any CPU.ActiveCfg = Debug|Any CPU
		{4AF42DB3-CE38-4654-8BB4-3CA36DCE7F75}.Debug|Any CPU.Build.0 = Debug|Any CPU
		{4AF42DB3-CE38-4654-8BB4-3CA36DCE7F75}.Debug|ARM.ActiveCfg = Debug|Any CPU
		{4AF42DB3-CE38-4654-8BB4-3CA36DCE7F75}.Debug|ARM.Build.0 = Debug|Any CPU
		{4AF42DB3-CE38-4654-8BB4-3CA36DCE7F75}.Debug|ARM64.ActiveCfg = Debug|Any CPU
		{4AF42DB3-CE38-4654-8BB4-3CA36DCE7F75}.Debug|ARM64.Build.0 = Debug|Any CPU
		{4AF42DB3-CE38-4654-8BB4-3CA36DCE7F75}.Debug|x64.ActiveCfg = Debug|Any CPU
		{4AF42DB3-CE38-4654-8BB4-3CA36DCE7F75}.Debug|x64.Build.0 = Debug|Any CPU
		{4AF42DB3-CE38-4654-8BB4-3CA36DCE7F75}.Debug|x86.ActiveCfg = Debug|Any CPU
		{4AF42DB3-CE38-4654-8BB4-3CA36DCE7F75}.Debug|x86.Build.0 = Debug|Any CPU
		{4AF42DB3-CE38-4654-8BB4-3CA36DCE7F75}.Release|Any CPU.ActiveCfg = Release|Any CPU
		{4AF42DB3-CE38-4654-8BB4-3CA36DCE7F75}.Release|Any CPU.Build.0 = Release|Any CPU
		{4AF42DB3-CE38-4654-8BB4-3CA36DCE7F75}.Release|ARM.ActiveCfg = Release|Any CPU
		{4AF42DB3-CE38-4654-8BB4-3CA36DCE7F75}.Release|ARM.Build.0 = Release|Any CPU
		{4AF42DB3-CE38-4654-8BB4-3CA36DCE7F75}.Release|ARM64.ActiveCfg = Release|Any CPU
		{4AF42DB3-CE38-4654-8BB4-3CA36DCE7F75}.Release|ARM64.Build.0 = Release|Any CPU
		{4AF42DB3-CE38-4654-8BB4-3CA36DCE7F75}.Release|x64.ActiveCfg = Release|Any CPU
		{4AF42DB3-CE38-4654-8BB4-3CA36DCE7F75}.Release|x64.Build.0 = Release|Any CPU
		{4AF42DB3-CE38-4654-8BB4-3CA36DCE7F75}.Release|x86.ActiveCfg = Release|Any CPU
		{4AF42DB3-CE38-4654-8BB4-3CA36DCE7F75}.Release|x86.Build.0 = Release|Any CPU
		{580DF762-6086-41F9-8DD8-72F7A0DF0CD7}.Debug|Any CPU.ActiveCfg = Debug|Any CPU
		{580DF762-6086-41F9-8DD8-72F7A0DF0CD7}.Debug|Any CPU.Build.0 = Debug|Any CPU
		{580DF762-6086-41F9-8DD8-72F7A0DF0CD7}.Debug|ARM.ActiveCfg = Debug|Any CPU
		{580DF762-6086-41F9-8DD8-72F7A0DF0CD7}.Debug|ARM.Build.0 = Debug|Any CPU
		{580DF762-6086-41F9-8DD8-72F7A0DF0CD7}.Debug|ARM64.ActiveCfg = Debug|Any CPU
		{580DF762-6086-41F9-8DD8-72F7A0DF0CD7}.Debug|ARM64.Build.0 = Debug|Any CPU
		{580DF762-6086-41F9-8DD8-72F7A0DF0CD7}.Debug|x64.ActiveCfg = Debug|Any CPU
		{580DF762-6086-41F9-8DD8-72F7A0DF0CD7}.Debug|x64.Build.0 = Debug|Any CPU
		{580DF762-6086-41F9-8DD8-72F7A0DF0CD7}.Debug|x86.ActiveCfg = Debug|Any CPU
		{580DF762-6086-41F9-8DD8-72F7A0DF0CD7}.Debug|x86.Build.0 = Debug|Any CPU
		{580DF762-6086-41F9-8DD8-72F7A0DF0CD7}.Release|Any CPU.ActiveCfg = Release|Any CPU
		{580DF762-6086-41F9-8DD8-72F7A0DF0CD7}.Release|Any CPU.Build.0 = Release|Any CPU
		{580DF762-6086-41F9-8DD8-72F7A0DF0CD7}.Release|ARM.ActiveCfg = Release|Any CPU
		{580DF762-6086-41F9-8DD8-72F7A0DF0CD7}.Release|ARM.Build.0 = Release|Any CPU
		{580DF762-6086-41F9-8DD8-72F7A0DF0CD7}.Release|ARM64.ActiveCfg = Release|Any CPU
		{580DF762-6086-41F9-8DD8-72F7A0DF0CD7}.Release|ARM64.Build.0 = Release|Any CPU
		{580DF762-6086-41F9-8DD8-72F7A0DF0CD7}.Release|x64.ActiveCfg = Release|Any CPU
		{580DF762-6086-41F9-8DD8-72F7A0DF0CD7}.Release|x64.Build.0 = Release|Any CPU
		{580DF762-6086-41F9-8DD8-72F7A0DF0CD7}.Release|x86.ActiveCfg = Release|Any CPU
		{580DF762-6086-41F9-8DD8-72F7A0DF0CD7}.Release|x86.Build.0 = Release|Any CPU
	EndGlobalSection
	GlobalSection(SolutionProperties) = preSolution
		HideSolutionNode = FALSE
	EndGlobalSection
	GlobalSection(NestedProjects) = preSolution
		{AF3745F1-9CB1-4E8D-9338-B49A0A8A6D85} = {282FCAF9-8AAE-40A7-AE14-5C3B0F48E591}
		{8B06303A-A809-4371-8587-FF17081286E0} = {282FCAF9-8AAE-40A7-AE14-5C3B0F48E591}
		{9667CC9E-7269-4E49-8F3E-95235E4521EB} = {282FCAF9-8AAE-40A7-AE14-5C3B0F48E591}
		{743EF9C2-7B64-43A0-880E-F71F36E0B765} = {B0FB96CB-CA2A-429C-A211-DF69B016823D}
		{5C946825-7E95-448F-B98D-D9783AF6BB90} = {B0FB96CB-CA2A-429C-A211-DF69B016823D}
		{71D5E037-B44A-4821-83CE-A28085EF0BE6} = {B0FB96CB-CA2A-429C-A211-DF69B016823D}
		{43D9A0F0-D160-4BC0-B2AE-5AD79E1DE46D} = {21BDD12D-C890-460C-A4EA-573165FC9667}
		{230FA084-9C6C-4F25-9BF1-6D1E097A25F7} = {9A91885E-6D4D-4298-BAED-D4F6C6554880}
		{F72E24C9-7F40-47E2-87DE-23703122BA7E} = {9A91885E-6D4D-4298-BAED-D4F6C6554880}
		{5F0EF2BE-C4EF-413C-BEE3-82B789813572} = {7A59D0D9-6969-4E80-9123-B0F8ADB02D50}
		{598D7C97-25EE-4B87-A5F9-25654852488F} = {7A59D0D9-6969-4E80-9123-B0F8ADB02D50}
		{D5CE69B1-427F-4D56-93BA-3CCEAA3FFF4F} = {E4BA7DB2-A093-4CA4-8EC7-E28F773C9FBA}
		{F9B152FA-1967-48FD-A73A-74CE4ABA9D61} = {B0FB96CB-CA2A-429C-A211-DF69B016823D}
		{D86EED6F-42C0-46EC-BF65-8112A19A0294} = {7EAA7414-B2E5-4724-A69A-B1C0FAF69409}
		{3D6DDB37-5CDE-421A-80EA-80A01FA2036A} = {7EAA7414-B2E5-4724-A69A-B1C0FAF69409}
		{9913CD24-2C40-4FBB-B8F0-6F104B22BF21} = {7EAA7414-B2E5-4724-A69A-B1C0FAF69409}
		{634A5549-7809-471D-8B81-A84A93F279E9} = {F523AA4E-05CA-4958-A131-CEF16360EAF4}
		{E28A826E-111D-4667-A21A-32C892DC07AF} = {F523AA4E-05CA-4958-A131-CEF16360EAF4}
		{E22274E1-3ED1-45E6-9B54-BAC7F6C5D219} = {F523AA4E-05CA-4958-A131-CEF16360EAF4}
		{C9CEAA69-5668-49DE-9A61-8709EF899DBE} = {F523AA4E-05CA-4958-A131-CEF16360EAF4}
		{77E18AD9-0675-47E9-91F0-327B0717FB6E} = {F523AA4E-05CA-4958-A131-CEF16360EAF4}
		{8EFFF751-136E-424C-9866-9D2E479DD9BB} = {F523AA4E-05CA-4958-A131-CEF16360EAF4}
		{3187894C-F7DD-4B5B-BB82-C4C708294915} = {F523AA4E-05CA-4958-A131-CEF16360EAF4}
		{D0879C76-E37D-4324-8314-BA4B75EB94B6} = {F523AA4E-05CA-4958-A131-CEF16360EAF4}
		{76CAD2BC-3E1C-4DC6-9A33-AA7CBB1D4828} = {C4B577C0-39A8-4420-B092-467A48C94A44}
		{4AF42DB3-CE38-4654-8BB4-3CA36DCE7F75} = {B63B6502-04AF-48B7-9642-C97915CADC1C}
		{580DF762-6086-41F9-8DD8-72F7A0DF0CD7} = {0DAAD583-5B31-4511-8BCB-B28F1B74E5CB}
	EndGlobalSection
	GlobalSection(ExtensibilityGlobals) = postSolution
		SolutionGuid = {44EBE1E8-CE16-4421-853F-B84F36E27F1A}
	EndGlobalSection
EndGlobal
