
Microsoft Visual Studio Solution File, Format Version 12.00
# Visual Studio 15
VisualStudioVersion = 15.0.27004.2005
MinimumVisualStudioVersion = 10.0.40219.1
Project("{FAE04EC0-301F-11D3-BF4B-00C04F79EFBC}") = "CSharp", "CSharp\CSharp.csproj", "{E995F52D-4FA0-4721-8028-65032C2FF8D1}"
EndProject
Project("{FAE04EC0-301F-11D3-BF4B-00C04F79EFBC}") = "GenericDemo", "GenericDemo\GenericDemo.csproj", "{400D81C7-B218-4DFE-9A1C-2B4FEDB08FB2}"
EndProject
Project("{FAE04EC0-301F-11D3-BF4B-00C04F79EFBC}") = "ConsoleTest", "ConsoleTest\ConsoleTest.csproj", "{0FB5EE79-F1A8-46A2-BB71-DBD93ADD83F7}"
EndProject
Project("{FAE04EC0-301F-11D3-BF4B-00C04F79EFBC}") = "MVC全局错误日志自动记录", "MVC全局错误日志自动记录\MVC全局错误日志自动记录.csproj", "{D4CCC415-F006-4822-8DBC-28167B2C903E}"
EndProject
Project("{FAE04EC0-301F-11D3-BF4B-00C04F79EFBC}") = "WebAPI全局错误日志自动记录", "WebAPI全局错误日志自动记录\WebAPI全局错误日志自动记录.csproj", "{FBA5F81A-219A-4C44-9B22-63F2999EBFEC}"
EndProject
Project("{FAE04EC0-301F-11D3-BF4B-00C04F79EFBC}") = "简单爬取商品信息", "简单爬取商品信息\简单爬取商品信息.csproj", "{435ABF1B-AA73-459A-998C-4558F9C662C5}"
EndProject
Project("{FAE04EC0-301F-11D3-BF4B-00C04F79EFBC}") = "ReflectionDemo", "ReflectionDemo\ReflectionDemo.csproj", "{AF3745F1-9CB1-4E8D-9338-B49A0A8A6D85}"
EndProject
Project("{FAE04EC0-301F-11D3-BF4B-00C04F79EFBC}") = "RelflectionDemo_将程序集加载到仅反射上下文中", "RelflectionDemo_将程序集加载到仅反射上下文中\RelflectionDemo_将程序集加载到仅反射上下文中.csproj", "{8B06303A-A809-4371-8587-FF17081286E0}"
EndProject
Project("{FAE04EC0-301F-11D3-BF4B-00C04F79EFBC}") = "ReflectionDemo_Example", "ReflectionDemo_Example\ReflectionDemo_Example.csproj", "{9667CC9E-7269-4E49-8F3E-95235E4521EB}"
EndProject
Project("{FAE04EC0-301F-11D3-BF4B-00C04F79EFBC}") = "异步多线程编程", "异步编程\异步多线程编程.csproj", "{743EF9C2-7B64-43A0-880E-F71F36E0B765}"
EndProject
Project("{2150E333-8FDC-42A3-9474-1A3956D46DE8}") = "异步多线程", "异步多线程", "{B0FB96CB-CA2A-429C-A211-DF69B016823D}"
EndProject
Project("{FAE04EC0-301F-11D3-BF4B-00C04F79EFBC}") = "异步多线程学习", "异步多线程学习\异步多线程学习.csproj", "{5C946825-7E95-448F-B98D-D9783AF6BB90}"
EndProject
Global
	GlobalSection(SolutionConfigurationPlatforms) = preSolution
		Debug|Any CPU = Debug|Any CPU
		Release|Any CPU = Release|Any CPU
	EndGlobalSection
	GlobalSection(ProjectConfigurationPlatforms) = postSolution
		{E995F52D-4FA0-4721-8028-65032C2FF8D1}.Debug|Any CPU.ActiveCfg = Debug|Any CPU
		{E995F52D-4FA0-4721-8028-65032C2FF8D1}.Debug|Any CPU.Build.0 = Debug|Any CPU
		{E995F52D-4FA0-4721-8028-65032C2FF8D1}.Release|Any CPU.ActiveCfg = Release|Any CPU
		{E995F52D-4FA0-4721-8028-65032C2FF8D1}.Release|Any CPU.Build.0 = Release|Any CPU
		{400D81C7-B218-4DFE-9A1C-2B4FEDB08FB2}.Debug|Any CPU.ActiveCfg = Debug|Any CPU
		{400D81C7-B218-4DFE-9A1C-2B4FEDB08FB2}.Debug|Any CPU.Build.0 = Debug|Any CPU
		{400D81C7-B218-4DFE-9A1C-2B4FEDB08FB2}.Release|Any CPU.ActiveCfg = Release|Any CPU
		{400D81C7-B218-4DFE-9A1C-2B4FEDB08FB2}.Release|Any CPU.Build.0 = Release|Any CPU
		{0FB5EE79-F1A8-46A2-BB71-DBD93ADD83F7}.Debug|Any CPU.ActiveCfg = Debug|Any CPU
		{0FB5EE79-F1A8-46A2-BB71-DBD93ADD83F7}.Debug|Any CPU.Build.0 = Debug|Any CPU
		{0FB5EE79-F1A8-46A2-BB71-DBD93ADD83F7}.Release|Any CPU.ActiveCfg = Release|Any CPU
		{0FB5EE79-F1A8-46A2-BB71-DBD93ADD83F7}.Release|Any CPU.Build.0 = Release|Any CPU
		{D4CCC415-F006-4822-8DBC-28167B2C903E}.Debug|Any CPU.ActiveCfg = Debug|Any CPU
		{D4CCC415-F006-4822-8DBC-28167B2C903E}.Debug|Any CPU.Build.0 = Debug|Any CPU
		{D4CCC415-F006-4822-8DBC-28167B2C903E}.Release|Any CPU.ActiveCfg = Release|Any CPU
		{D4CCC415-F006-4822-8DBC-28167B2C903E}.Release|Any CPU.Build.0 = Release|Any CPU
		{FBA5F81A-219A-4C44-9B22-63F2999EBFEC}.Debug|Any CPU.ActiveCfg = Debug|Any CPU
		{FBA5F81A-219A-4C44-9B22-63F2999EBFEC}.Debug|Any CPU.Build.0 = Debug|Any CPU
		{FBA5F81A-219A-4C44-9B22-63F2999EBFEC}.Release|Any CPU.ActiveCfg = Release|Any CPU
		{FBA5F81A-219A-4C44-9B22-63F2999EBFEC}.Release|Any CPU.Build.0 = Release|Any CPU
		{435ABF1B-AA73-459A-998C-4558F9C662C5}.Debug|Any CPU.ActiveCfg = Debug|Any CPU
		{435ABF1B-AA73-459A-998C-4558F9C662C5}.Debug|Any CPU.Build.0 = Debug|Any CPU
		{435ABF1B-AA73-459A-998C-4558F9C662C5}.Release|Any CPU.ActiveCfg = Release|Any CPU
		{435ABF1B-AA73-459A-998C-4558F9C662C5}.Release|Any CPU.Build.0 = Release|Any CPU
		{AF3745F1-9CB1-4E8D-9338-B49A0A8A6D85}.Debug|Any CPU.ActiveCfg = Debug|Any CPU
		{AF3745F1-9CB1-4E8D-9338-B49A0A8A6D85}.Debug|Any CPU.Build.0 = Debug|Any CPU
		{AF3745F1-9CB1-4E8D-9338-B49A0A8A6D85}.Release|Any CPU.ActiveCfg = Release|Any CPU
		{AF3745F1-9CB1-4E8D-9338-B49A0A8A6D85}.Release|Any CPU.Build.0 = Release|Any CPU
		{8B06303A-A809-4371-8587-FF17081286E0}.Debug|Any CPU.ActiveCfg = Debug|Any CPU
		{8B06303A-A809-4371-8587-FF17081286E0}.Debug|Any CPU.Build.0 = Debug|Any CPU
		{8B06303A-A809-4371-8587-FF17081286E0}.Release|Any CPU.ActiveCfg = Release|Any CPU
		{8B06303A-A809-4371-8587-FF17081286E0}.Release|Any CPU.Build.0 = Release|Any CPU
		{9667CC9E-7269-4E49-8F3E-95235E4521EB}.Debug|Any CPU.ActiveCfg = Debug|Any CPU
		{9667CC9E-7269-4E49-8F3E-95235E4521EB}.Debug|Any CPU.Build.0 = Debug|Any CPU
		{9667CC9E-7269-4E49-8F3E-95235E4521EB}.Release|Any CPU.ActiveCfg = Release|Any CPU
		{9667CC9E-7269-4E49-8F3E-95235E4521EB}.Release|Any CPU.Build.0 = Release|Any CPU
		{743EF9C2-7B64-43A0-880E-F71F36E0B765}.Debug|Any CPU.ActiveCfg = Debug|Any CPU
		{743EF9C2-7B64-43A0-880E-F71F36E0B765}.Debug|Any CPU.Build.0 = Debug|Any CPU
		{743EF9C2-7B64-43A0-880E-F71F36E0B765}.Release|Any CPU.ActiveCfg = Release|Any CPU
		{743EF9C2-7B64-43A0-880E-F71F36E0B765}.Release|Any CPU.Build.0 = Release|Any CPU
		{5C946825-7E95-448F-B98D-D9783AF6BB90}.Debug|Any CPU.ActiveCfg = Debug|Any CPU
		{5C946825-7E95-448F-B98D-D9783AF6BB90}.Debug|Any CPU.Build.0 = Debug|Any CPU
		{5C946825-7E95-448F-B98D-D9783AF6BB90}.Release|Any CPU.ActiveCfg = Release|Any CPU
		{5C946825-7E95-448F-B98D-D9783AF6BB90}.Release|Any CPU.Build.0 = Release|Any CPU
	EndGlobalSection
	GlobalSection(SolutionProperties) = preSolution
		HideSolutionNode = FALSE
	EndGlobalSection
	GlobalSection(NestedProjects) = preSolution
		{743EF9C2-7B64-43A0-880E-F71F36E0B765} = {B0FB96CB-CA2A-429C-A211-DF69B016823D}
		{5C946825-7E95-448F-B98D-D9783AF6BB90} = {B0FB96CB-CA2A-429C-A211-DF69B016823D}
	EndGlobalSection
	GlobalSection(ExtensibilityGlobals) = postSolution
		SolutionGuid = {44EBE1E8-CE16-4421-853F-B84F36E27F1A}
	EndGlobalSection
EndGlobal
