
Microsoft Visual Studio Solution File, Format Version 12.00
# Visual Studio Version 17
VisualStudioVersion = 17.10.34928.147
MinimumVisualStudioVersion = 10.0.40219.1
Project("{FAE04EC0-301F-11D3-BF4B-00C04F79EFBC}") = "CSharp", "CSharp\CSharp.csproj", "{E995F52D-4FA0-4721-8028-65032C2FF8D1}"
EndProject
Project("{FAE04EC0-301F-11D3-BF4B-00C04F79EFBC}") = "ReflectionDemo", "ReflectionDemo\ReflectionDemo.csproj", "{AF3745F1-9CB1-4E8D-9338-B49A0A8A6D85}"
EndProject
Project("{FAE04EC0-301F-11D3-BF4B-00C04F79EFBC}") = "RelflectionDemo_将程序集加载到仅反射上下文中", "RelflectionDemo_将程序集加载到仅反射上下文中\RelflectionDemo_将程序集加载到仅反射上下文中.csproj", "{8B06303A-A809-4371-8587-FF17081286E0}"
EndProject
Project("{FAE04EC0-301F-11D3-BF4B-00C04F79EFBC}") = "ReflectionDemo_Example", "ReflectionDemo_Example\ReflectionDemo_Example.csproj", "{9667CC9E-7269-4E49-8F3E-95235E4521EB}"
EndProject
Project("{2150E333-8FDC-42A3-9474-1A3956D46DE8}") = "异步多线程", "异步多线程", "{B0FB96CB-CA2A-429C-A211-DF69B016823D}"
EndProject
Project("{FAE04EC0-301F-11D3-BF4B-00C04F79EFBC}") = "异步多线程学习", "异步多线程学习\异步多线程学习.csproj", "{5C946825-7E95-448F-B98D-D9783AF6BB90}"
EndProject
Project("{2150E333-8FDC-42A3-9474-1A3956D46DE8}") = "特性和AOP", "特性和AOP", "{21BDD12D-C890-460C-A4EA-573165FC9667}"
EndProject
Project("{FAE04EC0-301F-11D3-BF4B-00C04F79EFBC}") = "MyAttribute", "MyAttribute\MyAttribute.csproj", "{43D9A0F0-D160-4BC0-B2AE-5AD79E1DE46D}"
EndProject
Project("{2150E333-8FDC-42A3-9474-1A3956D46DE8}") = "缓存", "缓存", "{9A91885E-6D4D-4298-BAED-D4F6C6554880}"
EndProject
Project("{FAE04EC0-301F-11D3-BF4B-00C04F79EFBC}") = "CacheDemo", "CacheDemo\CacheDemo.csproj", "{230FA084-9C6C-4F25-9BF1-6D1E097A25F7}"
EndProject
Project("{FAE04EC0-301F-11D3-BF4B-00C04F79EFBC}") = "CacheMVCDemo", "CacheMVCDemo\CacheMVCDemo.csproj", "{F72E24C9-7F40-47E2-87DE-23703122BA7E}"
EndProject
Project("{2150E333-8FDC-42A3-9474-1A3956D46DE8}") = "Reflection", "Reflection", "{282FCAF9-8AAE-40A7-AE14-5C3B0F48E591}"
EndProject
Project("{2150E333-8FDC-42A3-9474-1A3956D46DE8}") = "MyMVC", "MyMVC", "{7A59D0D9-6969-4E80-9123-B0F8ADB02D50}"
EndProject
Project("{FAE04EC0-301F-11D3-BF4B-00C04F79EFBC}") = "NewMVC", "NewMVC\NewMVC.csproj", "{5F0EF2BE-C4EF-413C-BEE3-82B789813572}"
EndProject
Project("{FAE04EC0-301F-11D3-BF4B-00C04F79EFBC}") = "NewMVCRun", "NewMVCRun\NewMVCRun.csproj", "{598D7C97-25EE-4B87-A5F9-25654852488F}"
EndProject
Project("{2150E333-8FDC-42A3-9474-1A3956D46DE8}") = "IOC", "IOC", "{6869B4CA-8A22-4AAC-9AED-A03DCD1C5911}"
EndProject
Project("{9A19103F-16F7-4668-BE54-9A1E7A4F7556}") = "BLL", "BLL\BLL.csproj", "{C80A7911-3E13-42A8-B810-96AE65729B84}"
EndProject
Project("{9A19103F-16F7-4668-BE54-9A1E7A4F7556}") = "IBLL", "IBLL\IBLL.csproj", "{4D144972-E0A4-4564-8945-967535AEC5BB}"
EndProject
Project("{9A19103F-16F7-4668-BE54-9A1E7A4F7556}") = "IDAL", "IDAL\IDAL.csproj", "{FF22FFD6-7486-4699-A1F9-30F8B2FE3E6F}"
EndProject
Project("{9A19103F-16F7-4668-BE54-9A1E7A4F7556}") = "DAL", "DAL\DAL.csproj", "{F56F45CB-3ABA-4C0D-AE71-E61BE38B54D7}"
EndProject
Project("{9A19103F-16F7-4668-BE54-9A1E7A4F7556}") = "IOC", "IOC\IOC.csproj", "{F08CDE93-D8BB-4536-B910-B690167209BC}"
EndProject
Project("{9A19103F-16F7-4668-BE54-9A1E7A4F7556}") = "Factory", "Factory\Factory.csproj", "{57C1E6E4-C804-4834-BB29-5E7CF9EF7EB5}"
EndProject
Project("{9A19103F-16F7-4668-BE54-9A1E7A4F7556}") = "MyIOC_Common_Version1", "MyIOC_Common\MyIOC_Common_Version1.csproj", "{2CF5891D-7F8D-420D-BF5C-B107948826F4}"
EndProject
Project("{2150E333-8FDC-42A3-9474-1A3956D46DE8}") = "EventBus(事件总线+委托)", "EventBus(事件总线+委托)", "{CAD7DB50-D4A7-4F1A-8635-CCCBB31E2E15}"
EndProject
Project("{9A19103F-16F7-4668-BE54-9A1E7A4F7556}") = "EventBusCore", "EventBusCore\EventBusCore.csproj", "{7FFF1DE4-B85A-484C-A888-2C8ED750BC6B}"
EndProject
Project("{9A19103F-16F7-4668-BE54-9A1E7A4F7556}") = "MyIOC_Common_Version2", "MyIOC_Common_Version2\MyIOC_Common_Version2.csproj", "{31ADCC02-4706-4FC0-A4A5-8383D9681AC9}"
EndProject
Project("{9A19103F-16F7-4668-BE54-9A1E7A4F7556}") = "IOC_Version2", "IOC_Version2\IOC_Version2.csproj", "{24EED483-DCA5-432A-9593-351F8B58E9FC}"
EndProject
Project("{2150E333-8FDC-42A3-9474-1A3956D46DE8}") = "23设计模式", "23设计模式", "{E131257F-C0A5-467F-BC24-B3E1F6590134}"
EndProject
Project("{9A19103F-16F7-4668-BE54-9A1E7A4F7556}") = "DesignModel", "DesignModel\DesignModel.csproj", "{B3E34EA0-A7E7-43F6-9DDC-4B91B8A50675}"
EndProject
Project("{9A19103F-16F7-4668-BE54-9A1E7A4F7556}") = "Web_Core_EF", "Web_Core_EF\Web_Core_EF.csproj", "{0FC4055C-8216-457E-B57B-F44A3C0E94BE}"
EndProject
Project("{2150E333-8FDC-42A3-9474-1A3956D46DE8}") = "Video", "Video", "{AED50DEB-E8F5-4137-B23B-EEFBB61DEB9F}"
EndProject
Project("{9A19103F-16F7-4668-BE54-9A1E7A4F7556}") = "Video2_Demo", "Video2_Demo\Video2_Demo.csproj", "{1FA82443-A6D7-404F-A6A1-AA505FCCE343}"
EndProject
Project("{9A19103F-16F7-4668-BE54-9A1E7A4F7556}") = "Blog.Core", "Blog.Core\Blog.Core.csproj", "{6718A6EE-5B9B-4569-853B-560BC0BE136B}"
EndProject
Project("{9A19103F-16F7-4668-BE54-9A1E7A4F7556}") = "Blog.Core.Model", "Blog.Core.Model\Blog.Core.Model.csproj", "{2C5D385B-526F-4627-968A-6C10FB68F570}"
EndProject
Project("{2150E333-8FDC-42A3-9474-1A3956D46DE8}") = "加密解密", "加密解密", "{2A850ED2-A43A-433F-8560-7B0500720BCC}"
EndProject
Project("{9A19103F-16F7-4668-BE54-9A1E7A4F7556}") = "EncryptAndDecrypt", "EncryptAndDecrypt\EncryptAndDecrypt.csproj", "{94F91B70-129C-41FA-80F2-3D3F66C0B701}"
EndProject
Project("{9A19103F-16F7-4668-BE54-9A1E7A4F7556}") = "RSA", "RAS\RSA.csproj", "{A6CDFD13-0219-4F40-8E1B-E49D1154FA13}"
EndProject
Project("{9A19103F-16F7-4668-BE54-9A1E7A4F7556}") = "AES", "AES\AES.csproj", "{98AD9499-5035-4B8F-AECD-BEE7601B8DB9}"
EndProject
Project("{9A19103F-16F7-4668-BE54-9A1E7A4F7556}") = "CSharpCore", "CSharpCore\CSharpCore.csproj", "{60CFAF59-8254-46EB-8183-536A6F19DA82}"
EndProject
Project("{2150E333-8FDC-42A3-9474-1A3956D46DE8}") = "EFCore", "EFCore", "{16F385D8-0949-4A80-B44C-E48727FA5BEC}"
EndProject
Project("{9A19103F-16F7-4668-BE54-9A1E7A4F7556}") = "EFCoreDemo", "EFCoreDemo\EFCoreDemo.csproj", "{2D449C12-A195-460C-824C-9F99AFBAEF30}"
EndProject
Project("{9A19103F-16F7-4668-BE54-9A1E7A4F7556}") = "MyServiceCollection", "MyServiceCollection\MyServiceCollection.csproj", "{1CBE8EFC-BC30-4C19-B1FE-95C7F320280F}"
EndProject
Project("{9A19103F-16F7-4668-BE54-9A1E7A4F7556}") = "IOCTest", "IOCTest\IOCTest.csproj", "{3A742B76-2296-4195-84A5-4DB0FC94DDB7}"
EndProject
Project("{FAE04EC0-301F-11D3-BF4B-00C04F79EFBC}") = "AsyncAwait", "AsyncAwait\AsyncAwait.csproj", "{73B2EF21-2045-467D-A174-707A6DC23A48}"
EndProject
Global
	GlobalSection(SolutionConfigurationPlatforms) = preSolution
		Debug_test|Any CPU = Debug_test|Any CPU
		Debug_test|ARM = Debug_test|ARM
		Debug_test|ARM64 = Debug_test|ARM64
		Debug_test|x64 = Debug_test|x64
		Debug_test|x86 = Debug_test|x86
		Debug|Any CPU = Debug|Any CPU
		Debug|ARM = Debug|ARM
		Debug|ARM64 = Debug|ARM64
		Debug|x64 = Debug|x64
		Debug|x86 = Debug|x86
		Release|Any CPU = Release|Any CPU
		Release|ARM = Release|ARM
		Release|ARM64 = Release|ARM64
		Release|x64 = Release|x64
		Release|x86 = Release|x86
	EndGlobalSection
	GlobalSection(ProjectConfigurationPlatforms) = postSolution
		{E995F52D-4FA0-4721-8028-65032C2FF8D1}.Debug_test|Any CPU.ActiveCfg = Debug_test|Any CPU
		{E995F52D-4FA0-4721-8028-65032C2FF8D1}.Debug_test|Any CPU.Build.0 = Debug_test|Any CPU
		{E995F52D-4FA0-4721-8028-65032C2FF8D1}.Debug_test|ARM.ActiveCfg = Debug_test|Any CPU
		{E995F52D-4FA0-4721-8028-65032C2FF8D1}.Debug_test|ARM.Build.0 = Debug_test|Any CPU
		{E995F52D-4FA0-4721-8028-65032C2FF8D1}.Debug_test|ARM64.ActiveCfg = Debug_test|Any CPU
		{E995F52D-4FA0-4721-8028-65032C2FF8D1}.Debug_test|ARM64.Build.0 = Debug_test|Any CPU
		{E995F52D-4FA0-4721-8028-65032C2FF8D1}.Debug_test|x64.ActiveCfg = Debug_test|Any CPU
		{E995F52D-4FA0-4721-8028-65032C2FF8D1}.Debug_test|x64.Build.0 = Debug_test|Any CPU
		{E995F52D-4FA0-4721-8028-65032C2FF8D1}.Debug_test|x86.ActiveCfg = Debug_test|Any CPU
		{E995F52D-4FA0-4721-8028-65032C2FF8D1}.Debug_test|x86.Build.0 = Debug_test|Any CPU
		{E995F52D-4FA0-4721-8028-65032C2FF8D1}.Debug|Any CPU.ActiveCfg = Debug|Any CPU
		{E995F52D-4FA0-4721-8028-65032C2FF8D1}.Debug|Any CPU.Build.0 = Debug|Any CPU
		{E995F52D-4FA0-4721-8028-65032C2FF8D1}.Debug|ARM.ActiveCfg = Debug|Any CPU
		{E995F52D-4FA0-4721-8028-65032C2FF8D1}.Debug|ARM.Build.0 = Debug|Any CPU
		{E995F52D-4FA0-4721-8028-65032C2FF8D1}.Debug|ARM64.ActiveCfg = Debug|Any CPU
		{E995F52D-4FA0-4721-8028-65032C2FF8D1}.Debug|ARM64.Build.0 = Debug|Any CPU
		{E995F52D-4FA0-4721-8028-65032C2FF8D1}.Debug|x64.ActiveCfg = Debug|Any CPU
		{E995F52D-4FA0-4721-8028-65032C2FF8D1}.Debug|x64.Build.0 = Debug|Any CPU
		{E995F52D-4FA0-4721-8028-65032C2FF8D1}.Debug|x86.ActiveCfg = Debug|Any CPU
		{E995F52D-4FA0-4721-8028-65032C2FF8D1}.Debug|x86.Build.0 = Debug|Any CPU
		{E995F52D-4FA0-4721-8028-65032C2FF8D1}.Release|Any CPU.ActiveCfg = Release|Any CPU
		{E995F52D-4FA0-4721-8028-65032C2FF8D1}.Release|Any CPU.Build.0 = Release|Any CPU
		{E995F52D-4FA0-4721-8028-65032C2FF8D1}.Release|ARM.ActiveCfg = Release|Any CPU
		{E995F52D-4FA0-4721-8028-65032C2FF8D1}.Release|ARM.Build.0 = Release|Any CPU
		{E995F52D-4FA0-4721-8028-65032C2FF8D1}.Release|ARM64.ActiveCfg = Release|Any CPU
		{E995F52D-4FA0-4721-8028-65032C2FF8D1}.Release|ARM64.Build.0 = Release|Any CPU
		{E995F52D-4FA0-4721-8028-65032C2FF8D1}.Release|x64.ActiveCfg = Release|Any CPU
		{E995F52D-4FA0-4721-8028-65032C2FF8D1}.Release|x64.Build.0 = Release|Any CPU
		{E995F52D-4FA0-4721-8028-65032C2FF8D1}.Release|x86.ActiveCfg = Release|Any CPU
		{E995F52D-4FA0-4721-8028-65032C2FF8D1}.Release|x86.Build.0 = Release|Any CPU
		{AF3745F1-9CB1-4E8D-9338-B49A0A8A6D85}.Debug_test|Any CPU.ActiveCfg = Debug_test|Any CPU
		{AF3745F1-9CB1-4E8D-9338-B49A0A8A6D85}.Debug_test|Any CPU.Build.0 = Debug_test|Any CPU
		{AF3745F1-9CB1-4E8D-9338-B49A0A8A6D85}.Debug_test|ARM.ActiveCfg = Debug_test|Any CPU
		{AF3745F1-9CB1-4E8D-9338-B49A0A8A6D85}.Debug_test|ARM.Build.0 = Debug_test|Any CPU
		{AF3745F1-9CB1-4E8D-9338-B49A0A8A6D85}.Debug_test|ARM64.ActiveCfg = Debug_test|Any CPU
		{AF3745F1-9CB1-4E8D-9338-B49A0A8A6D85}.Debug_test|ARM64.Build.0 = Debug_test|Any CPU
		{AF3745F1-9CB1-4E8D-9338-B49A0A8A6D85}.Debug_test|x64.ActiveCfg = Debug_test|Any CPU
		{AF3745F1-9CB1-4E8D-9338-B49A0A8A6D85}.Debug_test|x64.Build.0 = Debug_test|Any CPU
		{AF3745F1-9CB1-4E8D-9338-B49A0A8A6D85}.Debug_test|x86.ActiveCfg = Debug_test|Any CPU
		{AF3745F1-9CB1-4E8D-9338-B49A0A8A6D85}.Debug_test|x86.Build.0 = Debug_test|Any CPU
		{AF3745F1-9CB1-4E8D-9338-B49A0A8A6D85}.Debug|Any CPU.ActiveCfg = Debug|Any CPU
		{AF3745F1-9CB1-4E8D-9338-B49A0A8A6D85}.Debug|Any CPU.Build.0 = Debug|Any CPU
		{AF3745F1-9CB1-4E8D-9338-B49A0A8A6D85}.Debug|ARM.ActiveCfg = Debug|Any CPU
		{AF3745F1-9CB1-4E8D-9338-B49A0A8A6D85}.Debug|ARM.Build.0 = Debug|Any CPU
		{AF3745F1-9CB1-4E8D-9338-B49A0A8A6D85}.Debug|ARM64.ActiveCfg = Debug|Any CPU
		{AF3745F1-9CB1-4E8D-9338-B49A0A8A6D85}.Debug|ARM64.Build.0 = Debug|Any CPU
		{AF3745F1-9CB1-4E8D-9338-B49A0A8A6D85}.Debug|x64.ActiveCfg = Debug|Any CPU
		{AF3745F1-9CB1-4E8D-9338-B49A0A8A6D85}.Debug|x64.Build.0 = Debug|Any CPU
		{AF3745F1-9CB1-4E8D-9338-B49A0A8A6D85}.Debug|x86.ActiveCfg = Debug|Any CPU
		{AF3745F1-9CB1-4E8D-9338-B49A0A8A6D85}.Debug|x86.Build.0 = Debug|Any CPU
		{AF3745F1-9CB1-4E8D-9338-B49A0A8A6D85}.Release|Any CPU.ActiveCfg = Release|Any CPU
		{AF3745F1-9CB1-4E8D-9338-B49A0A8A6D85}.Release|Any CPU.Build.0 = Release|Any CPU
		{AF3745F1-9CB1-4E8D-9338-B49A0A8A6D85}.Release|ARM.ActiveCfg = Release|Any CPU
		{AF3745F1-9CB1-4E8D-9338-B49A0A8A6D85}.Release|ARM.Build.0 = Release|Any CPU
		{AF3745F1-9CB1-4E8D-9338-B49A0A8A6D85}.Release|ARM64.ActiveCfg = Release|Any CPU
		{AF3745F1-9CB1-4E8D-9338-B49A0A8A6D85}.Release|ARM64.Build.0 = Release|Any CPU
		{AF3745F1-9CB1-4E8D-9338-B49A0A8A6D85}.Release|x64.ActiveCfg = Release|Any CPU
		{AF3745F1-9CB1-4E8D-9338-B49A0A8A6D85}.Release|x64.Build.0 = Release|Any CPU
		{AF3745F1-9CB1-4E8D-9338-B49A0A8A6D85}.Release|x86.ActiveCfg = Release|Any CPU
		{AF3745F1-9CB1-4E8D-9338-B49A0A8A6D85}.Release|x86.Build.0 = Release|Any CPU
		{8B06303A-A809-4371-8587-FF17081286E0}.Debug_test|Any CPU.ActiveCfg = Debug_test|Any CPU
		{8B06303A-A809-4371-8587-FF17081286E0}.Debug_test|Any CPU.Build.0 = Debug_test|Any CPU
		{8B06303A-A809-4371-8587-FF17081286E0}.Debug_test|ARM.ActiveCfg = Debug_test|Any CPU
		{8B06303A-A809-4371-8587-FF17081286E0}.Debug_test|ARM.Build.0 = Debug_test|Any CPU
		{8B06303A-A809-4371-8587-FF17081286E0}.Debug_test|ARM64.ActiveCfg = Debug_test|Any CPU
		{8B06303A-A809-4371-8587-FF17081286E0}.Debug_test|ARM64.Build.0 = Debug_test|Any CPU
		{8B06303A-A809-4371-8587-FF17081286E0}.Debug_test|x64.ActiveCfg = Debug_test|Any CPU
		{8B06303A-A809-4371-8587-FF17081286E0}.Debug_test|x64.Build.0 = Debug_test|Any CPU
		{8B06303A-A809-4371-8587-FF17081286E0}.Debug_test|x86.ActiveCfg = Debug_test|Any CPU
		{8B06303A-A809-4371-8587-FF17081286E0}.Debug_test|x86.Build.0 = Debug_test|Any CPU
		{8B06303A-A809-4371-8587-FF17081286E0}.Debug|Any CPU.ActiveCfg = Debug|Any CPU
		{8B06303A-A809-4371-8587-FF17081286E0}.Debug|Any CPU.Build.0 = Debug|Any CPU
		{8B06303A-A809-4371-8587-FF17081286E0}.Debug|ARM.ActiveCfg = Debug|Any CPU
		{8B06303A-A809-4371-8587-FF17081286E0}.Debug|ARM.Build.0 = Debug|Any CPU
		{8B06303A-A809-4371-8587-FF17081286E0}.Debug|ARM64.ActiveCfg = Debug|Any CPU
		{8B06303A-A809-4371-8587-FF17081286E0}.Debug|ARM64.Build.0 = Debug|Any CPU
		{8B06303A-A809-4371-8587-FF17081286E0}.Debug|x64.ActiveCfg = Debug|Any CPU
		{8B06303A-A809-4371-8587-FF17081286E0}.Debug|x64.Build.0 = Debug|Any CPU
		{8B06303A-A809-4371-8587-FF17081286E0}.Debug|x86.ActiveCfg = Debug|Any CPU
		{8B06303A-A809-4371-8587-FF17081286E0}.Debug|x86.Build.0 = Debug|Any CPU
		{8B06303A-A809-4371-8587-FF17081286E0}.Release|Any CPU.ActiveCfg = Release|Any CPU
		{8B06303A-A809-4371-8587-FF17081286E0}.Release|Any CPU.Build.0 = Release|Any CPU
		{8B06303A-A809-4371-8587-FF17081286E0}.Release|ARM.ActiveCfg = Release|Any CPU
		{8B06303A-A809-4371-8587-FF17081286E0}.Release|ARM.Build.0 = Release|Any CPU
		{8B06303A-A809-4371-8587-FF17081286E0}.Release|ARM64.ActiveCfg = Release|Any CPU
		{8B06303A-A809-4371-8587-FF17081286E0}.Release|ARM64.Build.0 = Release|Any CPU
		{8B06303A-A809-4371-8587-FF17081286E0}.Release|x64.ActiveCfg = Release|Any CPU
		{8B06303A-A809-4371-8587-FF17081286E0}.Release|x64.Build.0 = Release|Any CPU
		{8B06303A-A809-4371-8587-FF17081286E0}.Release|x86.ActiveCfg = Release|Any CPU
		{8B06303A-A809-4371-8587-FF17081286E0}.Release|x86.Build.0 = Release|Any CPU
		{9667CC9E-7269-4E49-8F3E-95235E4521EB}.Debug_test|Any CPU.ActiveCfg = Debug_test|Any CPU
		{9667CC9E-7269-4E49-8F3E-95235E4521EB}.Debug_test|Any CPU.Build.0 = Debug_test|Any CPU
		{9667CC9E-7269-4E49-8F3E-95235E4521EB}.Debug_test|ARM.ActiveCfg = Debug_test|Any CPU
		{9667CC9E-7269-4E49-8F3E-95235E4521EB}.Debug_test|ARM.Build.0 = Debug_test|Any CPU
		{9667CC9E-7269-4E49-8F3E-95235E4521EB}.Debug_test|ARM64.ActiveCfg = Debug_test|Any CPU
		{9667CC9E-7269-4E49-8F3E-95235E4521EB}.Debug_test|ARM64.Build.0 = Debug_test|Any CPU
		{9667CC9E-7269-4E49-8F3E-95235E4521EB}.Debug_test|x64.ActiveCfg = Debug_test|Any CPU
		{9667CC9E-7269-4E49-8F3E-95235E4521EB}.Debug_test|x64.Build.0 = Debug_test|Any CPU
		{9667CC9E-7269-4E49-8F3E-95235E4521EB}.Debug_test|x86.ActiveCfg = Debug_test|Any CPU
		{9667CC9E-7269-4E49-8F3E-95235E4521EB}.Debug_test|x86.Build.0 = Debug_test|Any CPU
		{9667CC9E-7269-4E49-8F3E-95235E4521EB}.Debug|Any CPU.ActiveCfg = Debug|Any CPU
		{9667CC9E-7269-4E49-8F3E-95235E4521EB}.Debug|Any CPU.Build.0 = Debug|Any CPU
		{9667CC9E-7269-4E49-8F3E-95235E4521EB}.Debug|ARM.ActiveCfg = Debug|Any CPU
		{9667CC9E-7269-4E49-8F3E-95235E4521EB}.Debug|ARM.Build.0 = Debug|Any CPU
		{9667CC9E-7269-4E49-8F3E-95235E4521EB}.Debug|ARM64.ActiveCfg = Debug|Any CPU
		{9667CC9E-7269-4E49-8F3E-95235E4521EB}.Debug|ARM64.Build.0 = Debug|Any CPU
		{9667CC9E-7269-4E49-8F3E-95235E4521EB}.Debug|x64.ActiveCfg = Debug|Any CPU
		{9667CC9E-7269-4E49-8F3E-95235E4521EB}.Debug|x64.Build.0 = Debug|Any CPU
		{9667CC9E-7269-4E49-8F3E-95235E4521EB}.Debug|x86.ActiveCfg = Debug|Any CPU
		{9667CC9E-7269-4E49-8F3E-95235E4521EB}.Debug|x86.Build.0 = Debug|Any CPU
		{9667CC9E-7269-4E49-8F3E-95235E4521EB}.Release|Any CPU.ActiveCfg = Release|Any CPU
		{9667CC9E-7269-4E49-8F3E-95235E4521EB}.Release|Any CPU.Build.0 = Release|Any CPU
		{9667CC9E-7269-4E49-8F3E-95235E4521EB}.Release|ARM.ActiveCfg = Release|Any CPU
		{9667CC9E-7269-4E49-8F3E-95235E4521EB}.Release|ARM.Build.0 = Release|Any CPU
		{9667CC9E-7269-4E49-8F3E-95235E4521EB}.Release|ARM64.ActiveCfg = Release|Any CPU
		{9667CC9E-7269-4E49-8F3E-95235E4521EB}.Release|ARM64.Build.0 = Release|Any CPU
		{9667CC9E-7269-4E49-8F3E-95235E4521EB}.Release|x64.ActiveCfg = Release|Any CPU
		{9667CC9E-7269-4E49-8F3E-95235E4521EB}.Release|x64.Build.0 = Release|Any CPU
		{9667CC9E-7269-4E49-8F3E-95235E4521EB}.Release|x86.ActiveCfg = Release|Any CPU
		{9667CC9E-7269-4E49-8F3E-95235E4521EB}.Release|x86.Build.0 = Release|Any CPU
		{5C946825-7E95-448F-B98D-D9783AF6BB90}.Debug_test|Any CPU.ActiveCfg = Debug_test|Any CPU
		{5C946825-7E95-448F-B98D-D9783AF6BB90}.Debug_test|Any CPU.Build.0 = Debug_test|Any CPU
		{5C946825-7E95-448F-B98D-D9783AF6BB90}.Debug_test|ARM.ActiveCfg = Debug_test|Any CPU
		{5C946825-7E95-448F-B98D-D9783AF6BB90}.Debug_test|ARM.Build.0 = Debug_test|Any CPU
		{5C946825-7E95-448F-B98D-D9783AF6BB90}.Debug_test|ARM64.ActiveCfg = Debug_test|Any CPU
		{5C946825-7E95-448F-B98D-D9783AF6BB90}.Debug_test|ARM64.Build.0 = Debug_test|Any CPU
		{5C946825-7E95-448F-B98D-D9783AF6BB90}.Debug_test|x64.ActiveCfg = Debug_test|Any CPU
		{5C946825-7E95-448F-B98D-D9783AF6BB90}.Debug_test|x64.Build.0 = Debug_test|Any CPU
		{5C946825-7E95-448F-B98D-D9783AF6BB90}.Debug_test|x86.ActiveCfg = Debug_test|Any CPU
		{5C946825-7E95-448F-B98D-D9783AF6BB90}.Debug_test|x86.Build.0 = Debug_test|Any CPU
		{5C946825-7E95-448F-B98D-D9783AF6BB90}.Debug|Any CPU.ActiveCfg = Debug|Any CPU
		{5C946825-7E95-448F-B98D-D9783AF6BB90}.Debug|Any CPU.Build.0 = Debug|Any CPU
		{5C946825-7E95-448F-B98D-D9783AF6BB90}.Debug|ARM.ActiveCfg = Debug|Any CPU
		{5C946825-7E95-448F-B98D-D9783AF6BB90}.Debug|ARM.Build.0 = Debug|Any CPU
		{5C946825-7E95-448F-B98D-D9783AF6BB90}.Debug|ARM64.ActiveCfg = Debug|Any CPU
		{5C946825-7E95-448F-B98D-D9783AF6BB90}.Debug|ARM64.Build.0 = Debug|Any CPU
		{5C946825-7E95-448F-B98D-D9783AF6BB90}.Debug|x64.ActiveCfg = Debug|Any CPU
		{5C946825-7E95-448F-B98D-D9783AF6BB90}.Debug|x64.Build.0 = Debug|Any CPU
		{5C946825-7E95-448F-B98D-D9783AF6BB90}.Debug|x86.ActiveCfg = Debug|Any CPU
		{5C946825-7E95-448F-B98D-D9783AF6BB90}.Debug|x86.Build.0 = Debug|Any CPU
		{5C946825-7E95-448F-B98D-D9783AF6BB90}.Release|Any CPU.ActiveCfg = Release|Any CPU
		{5C946825-7E95-448F-B98D-D9783AF6BB90}.Release|Any CPU.Build.0 = Release|Any CPU
		{5C946825-7E95-448F-B98D-D9783AF6BB90}.Release|ARM.ActiveCfg = Release|Any CPU
		{5C946825-7E95-448F-B98D-D9783AF6BB90}.Release|ARM.Build.0 = Release|Any CPU
		{5C946825-7E95-448F-B98D-D9783AF6BB90}.Release|ARM64.ActiveCfg = Release|Any CPU
		{5C946825-7E95-448F-B98D-D9783AF6BB90}.Release|ARM64.Build.0 = Release|Any CPU
		{5C946825-7E95-448F-B98D-D9783AF6BB90}.Release|x64.ActiveCfg = Release|Any CPU
		{5C946825-7E95-448F-B98D-D9783AF6BB90}.Release|x64.Build.0 = Release|Any CPU
		{5C946825-7E95-448F-B98D-D9783AF6BB90}.Release|x86.ActiveCfg = Release|Any CPU
		{5C946825-7E95-448F-B98D-D9783AF6BB90}.Release|x86.Build.0 = Release|Any CPU
		{43D9A0F0-D160-4BC0-B2AE-5AD79E1DE46D}.Debug_test|Any CPU.ActiveCfg = Debug_test|Any CPU
		{43D9A0F0-D160-4BC0-B2AE-5AD79E1DE46D}.Debug_test|Any CPU.Build.0 = Debug_test|Any CPU
		{43D9A0F0-D160-4BC0-B2AE-5AD79E1DE46D}.Debug_test|ARM.ActiveCfg = Debug_test|Any CPU
		{43D9A0F0-D160-4BC0-B2AE-5AD79E1DE46D}.Debug_test|ARM.Build.0 = Debug_test|Any CPU
		{43D9A0F0-D160-4BC0-B2AE-5AD79E1DE46D}.Debug_test|ARM64.ActiveCfg = Debug_test|Any CPU
		{43D9A0F0-D160-4BC0-B2AE-5AD79E1DE46D}.Debug_test|ARM64.Build.0 = Debug_test|Any CPU
		{43D9A0F0-D160-4BC0-B2AE-5AD79E1DE46D}.Debug_test|x64.ActiveCfg = Debug_test|Any CPU
		{43D9A0F0-D160-4BC0-B2AE-5AD79E1DE46D}.Debug_test|x64.Build.0 = Debug_test|Any CPU
		{43D9A0F0-D160-4BC0-B2AE-5AD79E1DE46D}.Debug_test|x86.ActiveCfg = Debug_test|Any CPU
		{43D9A0F0-D160-4BC0-B2AE-5AD79E1DE46D}.Debug_test|x86.Build.0 = Debug_test|Any CPU
		{43D9A0F0-D160-4BC0-B2AE-5AD79E1DE46D}.Debug|Any CPU.ActiveCfg = Debug|Any CPU
		{43D9A0F0-D160-4BC0-B2AE-5AD79E1DE46D}.Debug|Any CPU.Build.0 = Debug|Any CPU
		{43D9A0F0-D160-4BC0-B2AE-5AD79E1DE46D}.Debug|ARM.ActiveCfg = Debug|Any CPU
		{43D9A0F0-D160-4BC0-B2AE-5AD79E1DE46D}.Debug|ARM.Build.0 = Debug|Any CPU
		{43D9A0F0-D160-4BC0-B2AE-5AD79E1DE46D}.Debug|ARM64.ActiveCfg = Debug|Any CPU
		{43D9A0F0-D160-4BC0-B2AE-5AD79E1DE46D}.Debug|ARM64.Build.0 = Debug|Any CPU
		{43D9A0F0-D160-4BC0-B2AE-5AD79E1DE46D}.Debug|x64.ActiveCfg = Debug|Any CPU
		{43D9A0F0-D160-4BC0-B2AE-5AD79E1DE46D}.Debug|x64.Build.0 = Debug|Any CPU
		{43D9A0F0-D160-4BC0-B2AE-5AD79E1DE46D}.Debug|x86.ActiveCfg = Debug|Any CPU
		{43D9A0F0-D160-4BC0-B2AE-5AD79E1DE46D}.Debug|x86.Build.0 = Debug|Any CPU
		{43D9A0F0-D160-4BC0-B2AE-5AD79E1DE46D}.Release|Any CPU.ActiveCfg = Release|Any CPU
		{43D9A0F0-D160-4BC0-B2AE-5AD79E1DE46D}.Release|Any CPU.Build.0 = Release|Any CPU
		{43D9A0F0-D160-4BC0-B2AE-5AD79E1DE46D}.Release|ARM.ActiveCfg = Release|Any CPU
		{43D9A0F0-D160-4BC0-B2AE-5AD79E1DE46D}.Release|ARM.Build.0 = Release|Any CPU
		{43D9A0F0-D160-4BC0-B2AE-5AD79E1DE46D}.Release|ARM64.ActiveCfg = Release|Any CPU
		{43D9A0F0-D160-4BC0-B2AE-5AD79E1DE46D}.Release|ARM64.Build.0 = Release|Any CPU
		{43D9A0F0-D160-4BC0-B2AE-5AD79E1DE46D}.Release|x64.ActiveCfg = Release|Any CPU
		{43D9A0F0-D160-4BC0-B2AE-5AD79E1DE46D}.Release|x64.Build.0 = Release|Any CPU
		{43D9A0F0-D160-4BC0-B2AE-5AD79E1DE46D}.Release|x86.ActiveCfg = Release|Any CPU
		{43D9A0F0-D160-4BC0-B2AE-5AD79E1DE46D}.Release|x86.Build.0 = Release|Any CPU
		{230FA084-9C6C-4F25-9BF1-6D1E097A25F7}.Debug_test|Any CPU.ActiveCfg = Debug_test|Any CPU
		{230FA084-9C6C-4F25-9BF1-6D1E097A25F7}.Debug_test|Any CPU.Build.0 = Debug_test|Any CPU
		{230FA084-9C6C-4F25-9BF1-6D1E097A25F7}.Debug_test|ARM.ActiveCfg = Debug_test|Any CPU
		{230FA084-9C6C-4F25-9BF1-6D1E097A25F7}.Debug_test|ARM.Build.0 = Debug_test|Any CPU
		{230FA084-9C6C-4F25-9BF1-6D1E097A25F7}.Debug_test|ARM64.ActiveCfg = Debug_test|Any CPU
		{230FA084-9C6C-4F25-9BF1-6D1E097A25F7}.Debug_test|ARM64.Build.0 = Debug_test|Any CPU
		{230FA084-9C6C-4F25-9BF1-6D1E097A25F7}.Debug_test|x64.ActiveCfg = Debug_test|Any CPU
		{230FA084-9C6C-4F25-9BF1-6D1E097A25F7}.Debug_test|x64.Build.0 = Debug_test|Any CPU
		{230FA084-9C6C-4F25-9BF1-6D1E097A25F7}.Debug_test|x86.ActiveCfg = Debug_test|Any CPU
		{230FA084-9C6C-4F25-9BF1-6D1E097A25F7}.Debug_test|x86.Build.0 = Debug_test|Any CPU
		{230FA084-9C6C-4F25-9BF1-6D1E097A25F7}.Debug|Any CPU.ActiveCfg = Debug|Any CPU
		{230FA084-9C6C-4F25-9BF1-6D1E097A25F7}.Debug|Any CPU.Build.0 = Debug|Any CPU
		{230FA084-9C6C-4F25-9BF1-6D1E097A25F7}.Debug|ARM.ActiveCfg = Debug|Any CPU
		{230FA084-9C6C-4F25-9BF1-6D1E097A25F7}.Debug|ARM.Build.0 = Debug|Any CPU
		{230FA084-9C6C-4F25-9BF1-6D1E097A25F7}.Debug|ARM64.ActiveCfg = Debug|Any CPU
		{230FA084-9C6C-4F25-9BF1-6D1E097A25F7}.Debug|ARM64.Build.0 = Debug|Any CPU
		{230FA084-9C6C-4F25-9BF1-6D1E097A25F7}.Debug|x64.ActiveCfg = Debug|Any CPU
		{230FA084-9C6C-4F25-9BF1-6D1E097A25F7}.Debug|x64.Build.0 = Debug|Any CPU
		{230FA084-9C6C-4F25-9BF1-6D1E097A25F7}.Debug|x86.ActiveCfg = Debug|Any CPU
		{230FA084-9C6C-4F25-9BF1-6D1E097A25F7}.Debug|x86.Build.0 = Debug|Any CPU
		{230FA084-9C6C-4F25-9BF1-6D1E097A25F7}.Release|Any CPU.ActiveCfg = Release|Any CPU
		{230FA084-9C6C-4F25-9BF1-6D1E097A25F7}.Release|Any CPU.Build.0 = Release|Any CPU
		{230FA084-9C6C-4F25-9BF1-6D1E097A25F7}.Release|ARM.ActiveCfg = Release|Any CPU
		{230FA084-9C6C-4F25-9BF1-6D1E097A25F7}.Release|ARM.Build.0 = Release|Any CPU
		{230FA084-9C6C-4F25-9BF1-6D1E097A25F7}.Release|ARM64.ActiveCfg = Release|Any CPU
		{230FA084-9C6C-4F25-9BF1-6D1E097A25F7}.Release|ARM64.Build.0 = Release|Any CPU
		{230FA084-9C6C-4F25-9BF1-6D1E097A25F7}.Release|x64.ActiveCfg = Release|Any CPU
		{230FA084-9C6C-4F25-9BF1-6D1E097A25F7}.Release|x64.Build.0 = Release|Any CPU
		{230FA084-9C6C-4F25-9BF1-6D1E097A25F7}.Release|x86.ActiveCfg = Release|Any CPU
		{230FA084-9C6C-4F25-9BF1-6D1E097A25F7}.Release|x86.Build.0 = Release|Any CPU
		{F72E24C9-7F40-47E2-87DE-23703122BA7E}.Debug_test|Any CPU.ActiveCfg = Debug_test|Any CPU
		{F72E24C9-7F40-47E2-87DE-23703122BA7E}.Debug_test|Any CPU.Build.0 = Debug_test|Any CPU
		{F72E24C9-7F40-47E2-87DE-23703122BA7E}.Debug_test|ARM.ActiveCfg = Debug_test|Any CPU
		{F72E24C9-7F40-47E2-87DE-23703122BA7E}.Debug_test|ARM.Build.0 = Debug_test|Any CPU
		{F72E24C9-7F40-47E2-87DE-23703122BA7E}.Debug_test|ARM64.ActiveCfg = Debug_test|Any CPU
		{F72E24C9-7F40-47E2-87DE-23703122BA7E}.Debug_test|ARM64.Build.0 = Debug_test|Any CPU
		{F72E24C9-7F40-47E2-87DE-23703122BA7E}.Debug_test|x64.ActiveCfg = Debug_test|Any CPU
		{F72E24C9-7F40-47E2-87DE-23703122BA7E}.Debug_test|x64.Build.0 = Debug_test|Any CPU
		{F72E24C9-7F40-47E2-87DE-23703122BA7E}.Debug_test|x86.ActiveCfg = Debug_test|Any CPU
		{F72E24C9-7F40-47E2-87DE-23703122BA7E}.Debug_test|x86.Build.0 = Debug_test|Any CPU
		{F72E24C9-7F40-47E2-87DE-23703122BA7E}.Debug|Any CPU.ActiveCfg = Debug|Any CPU
		{F72E24C9-7F40-47E2-87DE-23703122BA7E}.Debug|Any CPU.Build.0 = Debug|Any CPU
		{F72E24C9-7F40-47E2-87DE-23703122BA7E}.Debug|ARM.ActiveCfg = Debug|Any CPU
		{F72E24C9-7F40-47E2-87DE-23703122BA7E}.Debug|ARM.Build.0 = Debug|Any CPU
		{F72E24C9-7F40-47E2-87DE-23703122BA7E}.Debug|ARM64.ActiveCfg = Debug|Any CPU
		{F72E24C9-7F40-47E2-87DE-23703122BA7E}.Debug|ARM64.Build.0 = Debug|Any CPU
		{F72E24C9-7F40-47E2-87DE-23703122BA7E}.Debug|x64.ActiveCfg = Debug|Any CPU
		{F72E24C9-7F40-47E2-87DE-23703122BA7E}.Debug|x64.Build.0 = Debug|Any CPU
		{F72E24C9-7F40-47E2-87DE-23703122BA7E}.Debug|x86.ActiveCfg = Debug|Any CPU
		{F72E24C9-7F40-47E2-87DE-23703122BA7E}.Debug|x86.Build.0 = Debug|Any CPU
		{F72E24C9-7F40-47E2-87DE-23703122BA7E}.Release|Any CPU.ActiveCfg = Release|Any CPU
		{F72E24C9-7F40-47E2-87DE-23703122BA7E}.Release|Any CPU.Build.0 = Release|Any CPU
		{F72E24C9-7F40-47E2-87DE-23703122BA7E}.Release|ARM.ActiveCfg = Release|Any CPU
		{F72E24C9-7F40-47E2-87DE-23703122BA7E}.Release|ARM.Build.0 = Release|Any CPU
		{F72E24C9-7F40-47E2-87DE-23703122BA7E}.Release|ARM64.ActiveCfg = Release|Any CPU
		{F72E24C9-7F40-47E2-87DE-23703122BA7E}.Release|ARM64.Build.0 = Release|Any CPU
		{F72E24C9-7F40-47E2-87DE-23703122BA7E}.Release|x64.ActiveCfg = Release|Any CPU
		{F72E24C9-7F40-47E2-87DE-23703122BA7E}.Release|x64.Build.0 = Release|Any CPU
		{F72E24C9-7F40-47E2-87DE-23703122BA7E}.Release|x86.ActiveCfg = Release|Any CPU
		{F72E24C9-7F40-47E2-87DE-23703122BA7E}.Release|x86.Build.0 = Release|Any CPU
		{5F0EF2BE-C4EF-413C-BEE3-82B789813572}.Debug_test|Any CPU.ActiveCfg = Debug_test|Any CPU
		{5F0EF2BE-C4EF-413C-BEE3-82B789813572}.Debug_test|Any CPU.Build.0 = Debug_test|Any CPU
		{5F0EF2BE-C4EF-413C-BEE3-82B789813572}.Debug_test|ARM.ActiveCfg = Debug_test|Any CPU
		{5F0EF2BE-C4EF-413C-BEE3-82B789813572}.Debug_test|ARM.Build.0 = Debug_test|Any CPU
		{5F0EF2BE-C4EF-413C-BEE3-82B789813572}.Debug_test|ARM64.ActiveCfg = Debug_test|Any CPU
		{5F0EF2BE-C4EF-413C-BEE3-82B789813572}.Debug_test|ARM64.Build.0 = Debug_test|Any CPU
		{5F0EF2BE-C4EF-413C-BEE3-82B789813572}.Debug_test|x64.ActiveCfg = Debug_test|Any CPU
		{5F0EF2BE-C4EF-413C-BEE3-82B789813572}.Debug_test|x64.Build.0 = Debug_test|Any CPU
		{5F0EF2BE-C4EF-413C-BEE3-82B789813572}.Debug_test|x86.ActiveCfg = Debug_test|Any CPU
		{5F0EF2BE-C4EF-413C-BEE3-82B789813572}.Debug_test|x86.Build.0 = Debug_test|Any CPU
		{5F0EF2BE-C4EF-413C-BEE3-82B789813572}.Debug|Any CPU.ActiveCfg = Debug|Any CPU
		{5F0EF2BE-C4EF-413C-BEE3-82B789813572}.Debug|Any CPU.Build.0 = Debug|Any CPU
		{5F0EF2BE-C4EF-413C-BEE3-82B789813572}.Debug|ARM.ActiveCfg = Debug|Any CPU
		{5F0EF2BE-C4EF-413C-BEE3-82B789813572}.Debug|ARM.Build.0 = Debug|Any CPU
		{5F0EF2BE-C4EF-413C-BEE3-82B789813572}.Debug|ARM64.ActiveCfg = Debug|Any CPU
		{5F0EF2BE-C4EF-413C-BEE3-82B789813572}.Debug|ARM64.Build.0 = Debug|Any CPU
		{5F0EF2BE-C4EF-413C-BEE3-82B789813572}.Debug|x64.ActiveCfg = Debug|Any CPU
		{5F0EF2BE-C4EF-413C-BEE3-82B789813572}.Debug|x64.Build.0 = Debug|Any CPU
		{5F0EF2BE-C4EF-413C-BEE3-82B789813572}.Debug|x86.ActiveCfg = Debug|Any CPU
		{5F0EF2BE-C4EF-413C-BEE3-82B789813572}.Debug|x86.Build.0 = Debug|Any CPU
		{5F0EF2BE-C4EF-413C-BEE3-82B789813572}.Release|Any CPU.ActiveCfg = Release|Any CPU
		{5F0EF2BE-C4EF-413C-BEE3-82B789813572}.Release|Any CPU.Build.0 = Release|Any CPU
		{5F0EF2BE-C4EF-413C-BEE3-82B789813572}.Release|ARM.ActiveCfg = Release|Any CPU
		{5F0EF2BE-C4EF-413C-BEE3-82B789813572}.Release|ARM.Build.0 = Release|Any CPU
		{5F0EF2BE-C4EF-413C-BEE3-82B789813572}.Release|ARM64.ActiveCfg = Release|Any CPU
		{5F0EF2BE-C4EF-413C-BEE3-82B789813572}.Release|ARM64.Build.0 = Release|Any CPU
		{5F0EF2BE-C4EF-413C-BEE3-82B789813572}.Release|x64.ActiveCfg = Release|Any CPU
		{5F0EF2BE-C4EF-413C-BEE3-82B789813572}.Release|x64.Build.0 = Release|Any CPU
		{5F0EF2BE-C4EF-413C-BEE3-82B789813572}.Release|x86.ActiveCfg = Release|Any CPU
		{5F0EF2BE-C4EF-413C-BEE3-82B789813572}.Release|x86.Build.0 = Release|Any CPU
		{598D7C97-25EE-4B87-A5F9-25654852488F}.Debug_test|Any CPU.ActiveCfg = Debug_test|Any CPU
		{598D7C97-25EE-4B87-A5F9-25654852488F}.Debug_test|Any CPU.Build.0 = Debug_test|Any CPU
		{598D7C97-25EE-4B87-A5F9-25654852488F}.Debug_test|ARM.ActiveCfg = Debug_test|Any CPU
		{598D7C97-25EE-4B87-A5F9-25654852488F}.Debug_test|ARM.Build.0 = Debug_test|Any CPU
		{598D7C97-25EE-4B87-A5F9-25654852488F}.Debug_test|ARM64.ActiveCfg = Debug_test|Any CPU
		{598D7C97-25EE-4B87-A5F9-25654852488F}.Debug_test|ARM64.Build.0 = Debug_test|Any CPU
		{598D7C97-25EE-4B87-A5F9-25654852488F}.Debug_test|x64.ActiveCfg = Debug_test|Any CPU
		{598D7C97-25EE-4B87-A5F9-25654852488F}.Debug_test|x64.Build.0 = Debug_test|Any CPU
		{598D7C97-25EE-4B87-A5F9-25654852488F}.Debug_test|x86.ActiveCfg = Debug_test|Any CPU
		{598D7C97-25EE-4B87-A5F9-25654852488F}.Debug_test|x86.Build.0 = Debug_test|Any CPU
		{598D7C97-25EE-4B87-A5F9-25654852488F}.Debug|Any CPU.ActiveCfg = Debug|Any CPU
		{598D7C97-25EE-4B87-A5F9-25654852488F}.Debug|Any CPU.Build.0 = Debug|Any CPU
		{598D7C97-25EE-4B87-A5F9-25654852488F}.Debug|ARM.ActiveCfg = Debug|Any CPU
		{598D7C97-25EE-4B87-A5F9-25654852488F}.Debug|ARM.Build.0 = Debug|Any CPU
		{598D7C97-25EE-4B87-A5F9-25654852488F}.Debug|ARM64.ActiveCfg = Debug|Any CPU
		{598D7C97-25EE-4B87-A5F9-25654852488F}.Debug|ARM64.Build.0 = Debug|Any CPU
		{598D7C97-25EE-4B87-A5F9-25654852488F}.Debug|x64.ActiveCfg = Debug|Any CPU
		{598D7C97-25EE-4B87-A5F9-25654852488F}.Debug|x64.Build.0 = Debug|Any CPU
		{598D7C97-25EE-4B87-A5F9-25654852488F}.Debug|x86.ActiveCfg = Debug|Any CPU
		{598D7C97-25EE-4B87-A5F9-25654852488F}.Debug|x86.Build.0 = Debug|Any CPU
		{598D7C97-25EE-4B87-A5F9-25654852488F}.Release|Any CPU.ActiveCfg = Release|Any CPU
		{598D7C97-25EE-4B87-A5F9-25654852488F}.Release|Any CPU.Build.0 = Release|Any CPU
		{598D7C97-25EE-4B87-A5F9-25654852488F}.Release|ARM.ActiveCfg = Release|Any CPU
		{598D7C97-25EE-4B87-A5F9-25654852488F}.Release|ARM.Build.0 = Release|Any CPU
		{598D7C97-25EE-4B87-A5F9-25654852488F}.Release|ARM64.ActiveCfg = Release|Any CPU
		{598D7C97-25EE-4B87-A5F9-25654852488F}.Release|ARM64.Build.0 = Release|Any CPU
		{598D7C97-25EE-4B87-A5F9-25654852488F}.Release|x64.ActiveCfg = Release|Any CPU
		{598D7C97-25EE-4B87-A5F9-25654852488F}.Release|x64.Build.0 = Release|Any CPU
		{598D7C97-25EE-4B87-A5F9-25654852488F}.Release|x86.ActiveCfg = Release|Any CPU
		{598D7C97-25EE-4B87-A5F9-25654852488F}.Release|x86.Build.0 = Release|Any CPU
		{C80A7911-3E13-42A8-B810-96AE65729B84}.Debug_test|Any CPU.ActiveCfg = Debug_test|Any CPU
		{C80A7911-3E13-42A8-B810-96AE65729B84}.Debug_test|Any CPU.Build.0 = Debug_test|Any CPU
		{C80A7911-3E13-42A8-B810-96AE65729B84}.Debug_test|ARM.ActiveCfg = Debug_test|Any CPU
		{C80A7911-3E13-42A8-B810-96AE65729B84}.Debug_test|ARM.Build.0 = Debug_test|Any CPU
		{C80A7911-3E13-42A8-B810-96AE65729B84}.Debug_test|ARM64.ActiveCfg = Debug_test|Any CPU
		{C80A7911-3E13-42A8-B810-96AE65729B84}.Debug_test|ARM64.Build.0 = Debug_test|Any CPU
		{C80A7911-3E13-42A8-B810-96AE65729B84}.Debug_test|x64.ActiveCfg = Debug_test|Any CPU
		{C80A7911-3E13-42A8-B810-96AE65729B84}.Debug_test|x64.Build.0 = Debug_test|Any CPU
		{C80A7911-3E13-42A8-B810-96AE65729B84}.Debug_test|x86.ActiveCfg = Debug_test|Any CPU
		{C80A7911-3E13-42A8-B810-96AE65729B84}.Debug_test|x86.Build.0 = Debug_test|Any CPU
		{C80A7911-3E13-42A8-B810-96AE65729B84}.Debug|Any CPU.ActiveCfg = Debug|Any CPU
		{C80A7911-3E13-42A8-B810-96AE65729B84}.Debug|Any CPU.Build.0 = Debug|Any CPU
		{C80A7911-3E13-42A8-B810-96AE65729B84}.Debug|ARM.ActiveCfg = Debug|Any CPU
		{C80A7911-3E13-42A8-B810-96AE65729B84}.Debug|ARM.Build.0 = Debug|Any CPU
		{C80A7911-3E13-42A8-B810-96AE65729B84}.Debug|ARM64.ActiveCfg = Debug|Any CPU
		{C80A7911-3E13-42A8-B810-96AE65729B84}.Debug|ARM64.Build.0 = Debug|Any CPU
		{C80A7911-3E13-42A8-B810-96AE65729B84}.Debug|x64.ActiveCfg = Debug|Any CPU
		{C80A7911-3E13-42A8-B810-96AE65729B84}.Debug|x64.Build.0 = Debug|Any CPU
		{C80A7911-3E13-42A8-B810-96AE65729B84}.Debug|x86.ActiveCfg = Debug|Any CPU
		{C80A7911-3E13-42A8-B810-96AE65729B84}.Debug|x86.Build.0 = Debug|Any CPU
		{C80A7911-3E13-42A8-B810-96AE65729B84}.Release|Any CPU.ActiveCfg = Release|Any CPU
		{C80A7911-3E13-42A8-B810-96AE65729B84}.Release|Any CPU.Build.0 = Release|Any CPU
		{C80A7911-3E13-42A8-B810-96AE65729B84}.Release|ARM.ActiveCfg = Release|Any CPU
		{C80A7911-3E13-42A8-B810-96AE65729B84}.Release|ARM.Build.0 = Release|Any CPU
		{C80A7911-3E13-42A8-B810-96AE65729B84}.Release|ARM64.ActiveCfg = Release|Any CPU
		{C80A7911-3E13-42A8-B810-96AE65729B84}.Release|ARM64.Build.0 = Release|Any CPU
		{C80A7911-3E13-42A8-B810-96AE65729B84}.Release|x64.ActiveCfg = Release|Any CPU
		{C80A7911-3E13-42A8-B810-96AE65729B84}.Release|x64.Build.0 = Release|Any CPU
		{C80A7911-3E13-42A8-B810-96AE65729B84}.Release|x86.ActiveCfg = Release|Any CPU
		{C80A7911-3E13-42A8-B810-96AE65729B84}.Release|x86.Build.0 = Release|Any CPU
		{4D144972-E0A4-4564-8945-967535AEC5BB}.Debug_test|Any CPU.ActiveCfg = Debug_test|Any CPU
		{4D144972-E0A4-4564-8945-967535AEC5BB}.Debug_test|Any CPU.Build.0 = Debug_test|Any CPU
		{4D144972-E0A4-4564-8945-967535AEC5BB}.Debug_test|ARM.ActiveCfg = Debug_test|Any CPU
		{4D144972-E0A4-4564-8945-967535AEC5BB}.Debug_test|ARM.Build.0 = Debug_test|Any CPU
		{4D144972-E0A4-4564-8945-967535AEC5BB}.Debug_test|ARM64.ActiveCfg = Debug_test|Any CPU
		{4D144972-E0A4-4564-8945-967535AEC5BB}.Debug_test|ARM64.Build.0 = Debug_test|Any CPU
		{4D144972-E0A4-4564-8945-967535AEC5BB}.Debug_test|x64.ActiveCfg = Debug_test|Any CPU
		{4D144972-E0A4-4564-8945-967535AEC5BB}.Debug_test|x64.Build.0 = Debug_test|Any CPU
		{4D144972-E0A4-4564-8945-967535AEC5BB}.Debug_test|x86.ActiveCfg = Debug_test|Any CPU
		{4D144972-E0A4-4564-8945-967535AEC5BB}.Debug_test|x86.Build.0 = Debug_test|Any CPU
		{4D144972-E0A4-4564-8945-967535AEC5BB}.Debug|Any CPU.ActiveCfg = Debug|Any CPU
		{4D144972-E0A4-4564-8945-967535AEC5BB}.Debug|Any CPU.Build.0 = Debug|Any CPU
		{4D144972-E0A4-4564-8945-967535AEC5BB}.Debug|ARM.ActiveCfg = Debug|Any CPU
		{4D144972-E0A4-4564-8945-967535AEC5BB}.Debug|ARM.Build.0 = Debug|Any CPU
		{4D144972-E0A4-4564-8945-967535AEC5BB}.Debug|ARM64.ActiveCfg = Debug|Any CPU
		{4D144972-E0A4-4564-8945-967535AEC5BB}.Debug|ARM64.Build.0 = Debug|Any CPU
		{4D144972-E0A4-4564-8945-967535AEC5BB}.Debug|x64.ActiveCfg = Debug|Any CPU
		{4D144972-E0A4-4564-8945-967535AEC5BB}.Debug|x64.Build.0 = Debug|Any CPU
		{4D144972-E0A4-4564-8945-967535AEC5BB}.Debug|x86.ActiveCfg = Debug|Any CPU
		{4D144972-E0A4-4564-8945-967535AEC5BB}.Debug|x86.Build.0 = Debug|Any CPU
		{4D144972-E0A4-4564-8945-967535AEC5BB}.Release|Any CPU.ActiveCfg = Release|Any CPU
		{4D144972-E0A4-4564-8945-967535AEC5BB}.Release|Any CPU.Build.0 = Release|Any CPU
		{4D144972-E0A4-4564-8945-967535AEC5BB}.Release|ARM.ActiveCfg = Release|Any CPU
		{4D144972-E0A4-4564-8945-967535AEC5BB}.Release|ARM.Build.0 = Release|Any CPU
		{4D144972-E0A4-4564-8945-967535AEC5BB}.Release|ARM64.ActiveCfg = Release|Any CPU
		{4D144972-E0A4-4564-8945-967535AEC5BB}.Release|ARM64.Build.0 = Release|Any CPU
		{4D144972-E0A4-4564-8945-967535AEC5BB}.Release|x64.ActiveCfg = Release|Any CPU
		{4D144972-E0A4-4564-8945-967535AEC5BB}.Release|x64.Build.0 = Release|Any CPU
		{4D144972-E0A4-4564-8945-967535AEC5BB}.Release|x86.ActiveCfg = Release|Any CPU
		{4D144972-E0A4-4564-8945-967535AEC5BB}.Release|x86.Build.0 = Release|Any CPU
		{FF22FFD6-7486-4699-A1F9-30F8B2FE3E6F}.Debug_test|Any CPU.ActiveCfg = Debug_test|Any CPU
		{FF22FFD6-7486-4699-A1F9-30F8B2FE3E6F}.Debug_test|Any CPU.Build.0 = Debug_test|Any CPU
		{FF22FFD6-7486-4699-A1F9-30F8B2FE3E6F}.Debug_test|ARM.ActiveCfg = Debug_test|Any CPU
		{FF22FFD6-7486-4699-A1F9-30F8B2FE3E6F}.Debug_test|ARM.Build.0 = Debug_test|Any CPU
		{FF22FFD6-7486-4699-A1F9-30F8B2FE3E6F}.Debug_test|ARM64.ActiveCfg = Debug_test|Any CPU
		{FF22FFD6-7486-4699-A1F9-30F8B2FE3E6F}.Debug_test|ARM64.Build.0 = Debug_test|Any CPU
		{FF22FFD6-7486-4699-A1F9-30F8B2FE3E6F}.Debug_test|x64.ActiveCfg = Debug_test|Any CPU
		{FF22FFD6-7486-4699-A1F9-30F8B2FE3E6F}.Debug_test|x64.Build.0 = Debug_test|Any CPU
		{FF22FFD6-7486-4699-A1F9-30F8B2FE3E6F}.Debug_test|x86.ActiveCfg = Debug_test|Any CPU
		{FF22FFD6-7486-4699-A1F9-30F8B2FE3E6F}.Debug_test|x86.Build.0 = Debug_test|Any CPU
		{FF22FFD6-7486-4699-A1F9-30F8B2FE3E6F}.Debug|Any CPU.ActiveCfg = Debug|Any CPU
		{FF22FFD6-7486-4699-A1F9-30F8B2FE3E6F}.Debug|Any CPU.Build.0 = Debug|Any CPU
		{FF22FFD6-7486-4699-A1F9-30F8B2FE3E6F}.Debug|ARM.ActiveCfg = Debug|Any CPU
		{FF22FFD6-7486-4699-A1F9-30F8B2FE3E6F}.Debug|ARM.Build.0 = Debug|Any CPU
		{FF22FFD6-7486-4699-A1F9-30F8B2FE3E6F}.Debug|ARM64.ActiveCfg = Debug|Any CPU
		{FF22FFD6-7486-4699-A1F9-30F8B2FE3E6F}.Debug|ARM64.Build.0 = Debug|Any CPU
		{FF22FFD6-7486-4699-A1F9-30F8B2FE3E6F}.Debug|x64.ActiveCfg = Debug|Any CPU
		{FF22FFD6-7486-4699-A1F9-30F8B2FE3E6F}.Debug|x64.Build.0 = Debug|Any CPU
		{FF22FFD6-7486-4699-A1F9-30F8B2FE3E6F}.Debug|x86.ActiveCfg = Debug|Any CPU
		{FF22FFD6-7486-4699-A1F9-30F8B2FE3E6F}.Debug|x86.Build.0 = Debug|Any CPU
		{FF22FFD6-7486-4699-A1F9-30F8B2FE3E6F}.Release|Any CPU.ActiveCfg = Release|Any CPU
		{FF22FFD6-7486-4699-A1F9-30F8B2FE3E6F}.Release|Any CPU.Build.0 = Release|Any CPU
		{FF22FFD6-7486-4699-A1F9-30F8B2FE3E6F}.Release|ARM.ActiveCfg = Release|Any CPU
		{FF22FFD6-7486-4699-A1F9-30F8B2FE3E6F}.Release|ARM.Build.0 = Release|Any CPU
		{FF22FFD6-7486-4699-A1F9-30F8B2FE3E6F}.Release|ARM64.ActiveCfg = Release|Any CPU
		{FF22FFD6-7486-4699-A1F9-30F8B2FE3E6F}.Release|ARM64.Build.0 = Release|Any CPU
		{FF22FFD6-7486-4699-A1F9-30F8B2FE3E6F}.Release|x64.ActiveCfg = Release|Any CPU
		{FF22FFD6-7486-4699-A1F9-30F8B2FE3E6F}.Release|x64.Build.0 = Release|Any CPU
		{FF22FFD6-7486-4699-A1F9-30F8B2FE3E6F}.Release|x86.ActiveCfg = Release|Any CPU
		{FF22FFD6-7486-4699-A1F9-30F8B2FE3E6F}.Release|x86.Build.0 = Release|Any CPU
		{F56F45CB-3ABA-4C0D-AE71-E61BE38B54D7}.Debug_test|Any CPU.ActiveCfg = Debug_test|Any CPU
		{F56F45CB-3ABA-4C0D-AE71-E61BE38B54D7}.Debug_test|Any CPU.Build.0 = Debug_test|Any CPU
		{F56F45CB-3ABA-4C0D-AE71-E61BE38B54D7}.Debug_test|ARM.ActiveCfg = Debug_test|Any CPU
		{F56F45CB-3ABA-4C0D-AE71-E61BE38B54D7}.Debug_test|ARM.Build.0 = Debug_test|Any CPU
		{F56F45CB-3ABA-4C0D-AE71-E61BE38B54D7}.Debug_test|ARM64.ActiveCfg = Debug_test|Any CPU
		{F56F45CB-3ABA-4C0D-AE71-E61BE38B54D7}.Debug_test|ARM64.Build.0 = Debug_test|Any CPU
		{F56F45CB-3ABA-4C0D-AE71-E61BE38B54D7}.Debug_test|x64.ActiveCfg = Debug_test|Any CPU
		{F56F45CB-3ABA-4C0D-AE71-E61BE38B54D7}.Debug_test|x64.Build.0 = Debug_test|Any CPU
		{F56F45CB-3ABA-4C0D-AE71-E61BE38B54D7}.Debug_test|x86.ActiveCfg = Debug_test|Any CPU
		{F56F45CB-3ABA-4C0D-AE71-E61BE38B54D7}.Debug_test|x86.Build.0 = Debug_test|Any CPU
		{F56F45CB-3ABA-4C0D-AE71-E61BE38B54D7}.Debug|Any CPU.ActiveCfg = Debug|Any CPU
		{F56F45CB-3ABA-4C0D-AE71-E61BE38B54D7}.Debug|Any CPU.Build.0 = Debug|Any CPU
		{F56F45CB-3ABA-4C0D-AE71-E61BE38B54D7}.Debug|ARM.ActiveCfg = Debug|Any CPU
		{F56F45CB-3ABA-4C0D-AE71-E61BE38B54D7}.Debug|ARM.Build.0 = Debug|Any CPU
		{F56F45CB-3ABA-4C0D-AE71-E61BE38B54D7}.Debug|ARM64.ActiveCfg = Debug|Any CPU
		{F56F45CB-3ABA-4C0D-AE71-E61BE38B54D7}.Debug|ARM64.Build.0 = Debug|Any CPU
		{F56F45CB-3ABA-4C0D-AE71-E61BE38B54D7}.Debug|x64.ActiveCfg = Debug|Any CPU
		{F56F45CB-3ABA-4C0D-AE71-E61BE38B54D7}.Debug|x64.Build.0 = Debug|Any CPU
		{F56F45CB-3ABA-4C0D-AE71-E61BE38B54D7}.Debug|x86.ActiveCfg = Debug|Any CPU
		{F56F45CB-3ABA-4C0D-AE71-E61BE38B54D7}.Debug|x86.Build.0 = Debug|Any CPU
		{F56F45CB-3ABA-4C0D-AE71-E61BE38B54D7}.Release|Any CPU.ActiveCfg = Release|Any CPU
		{F56F45CB-3ABA-4C0D-AE71-E61BE38B54D7}.Release|Any CPU.Build.0 = Release|Any CPU
		{F56F45CB-3ABA-4C0D-AE71-E61BE38B54D7}.Release|ARM.ActiveCfg = Release|Any CPU
		{F56F45CB-3ABA-4C0D-AE71-E61BE38B54D7}.Release|ARM.Build.0 = Release|Any CPU
		{F56F45CB-3ABA-4C0D-AE71-E61BE38B54D7}.Release|ARM64.ActiveCfg = Release|Any CPU
		{F56F45CB-3ABA-4C0D-AE71-E61BE38B54D7}.Release|ARM64.Build.0 = Release|Any CPU
		{F56F45CB-3ABA-4C0D-AE71-E61BE38B54D7}.Release|x64.ActiveCfg = Release|Any CPU
		{F56F45CB-3ABA-4C0D-AE71-E61BE38B54D7}.Release|x64.Build.0 = Release|Any CPU
		{F56F45CB-3ABA-4C0D-AE71-E61BE38B54D7}.Release|x86.ActiveCfg = Release|Any CPU
		{F56F45CB-3ABA-4C0D-AE71-E61BE38B54D7}.Release|x86.Build.0 = Release|Any CPU
		{F08CDE93-D8BB-4536-B910-B690167209BC}.Debug_test|Any CPU.ActiveCfg = Debug_test|Any CPU
		{F08CDE93-D8BB-4536-B910-B690167209BC}.Debug_test|Any CPU.Build.0 = Debug_test|Any CPU
		{F08CDE93-D8BB-4536-B910-B690167209BC}.Debug_test|ARM.ActiveCfg = Debug_test|Any CPU
		{F08CDE93-D8BB-4536-B910-B690167209BC}.Debug_test|ARM.Build.0 = Debug_test|Any CPU
		{F08CDE93-D8BB-4536-B910-B690167209BC}.Debug_test|ARM64.ActiveCfg = Debug_test|Any CPU
		{F08CDE93-D8BB-4536-B910-B690167209BC}.Debug_test|ARM64.Build.0 = Debug_test|Any CPU
		{F08CDE93-D8BB-4536-B910-B690167209BC}.Debug_test|x64.ActiveCfg = Debug_test|Any CPU
		{F08CDE93-D8BB-4536-B910-B690167209BC}.Debug_test|x64.Build.0 = Debug_test|Any CPU
		{F08CDE93-D8BB-4536-B910-B690167209BC}.Debug_test|x86.ActiveCfg = Debug_test|Any CPU
		{F08CDE93-D8BB-4536-B910-B690167209BC}.Debug_test|x86.Build.0 = Debug_test|Any CPU
		{F08CDE93-D8BB-4536-B910-B690167209BC}.Debug|Any CPU.ActiveCfg = Debug|Any CPU
		{F08CDE93-D8BB-4536-B910-B690167209BC}.Debug|Any CPU.Build.0 = Debug|Any CPU
		{F08CDE93-D8BB-4536-B910-B690167209BC}.Debug|ARM.ActiveCfg = Debug|Any CPU
		{F08CDE93-D8BB-4536-B910-B690167209BC}.Debug|ARM.Build.0 = Debug|Any CPU
		{F08CDE93-D8BB-4536-B910-B690167209BC}.Debug|ARM64.ActiveCfg = Debug|Any CPU
		{F08CDE93-D8BB-4536-B910-B690167209BC}.Debug|ARM64.Build.0 = Debug|Any CPU
		{F08CDE93-D8BB-4536-B910-B690167209BC}.Debug|x64.ActiveCfg = Debug|Any CPU
		{F08CDE93-D8BB-4536-B910-B690167209BC}.Debug|x64.Build.0 = Debug|Any CPU
		{F08CDE93-D8BB-4536-B910-B690167209BC}.Debug|x86.ActiveCfg = Debug|Any CPU
		{F08CDE93-D8BB-4536-B910-B690167209BC}.Debug|x86.Build.0 = Debug|Any CPU
		{F08CDE93-D8BB-4536-B910-B690167209BC}.Release|Any CPU.ActiveCfg = Release|Any CPU
		{F08CDE93-D8BB-4536-B910-B690167209BC}.Release|Any CPU.Build.0 = Release|Any CPU
		{F08CDE93-D8BB-4536-B910-B690167209BC}.Release|ARM.ActiveCfg = Release|Any CPU
		{F08CDE93-D8BB-4536-B910-B690167209BC}.Release|ARM.Build.0 = Release|Any CPU
		{F08CDE93-D8BB-4536-B910-B690167209BC}.Release|ARM64.ActiveCfg = Release|Any CPU
		{F08CDE93-D8BB-4536-B910-B690167209BC}.Release|ARM64.Build.0 = Release|Any CPU
		{F08CDE93-D8BB-4536-B910-B690167209BC}.Release|x64.ActiveCfg = Release|Any CPU
		{F08CDE93-D8BB-4536-B910-B690167209BC}.Release|x64.Build.0 = Release|Any CPU
		{F08CDE93-D8BB-4536-B910-B690167209BC}.Release|x86.ActiveCfg = Release|Any CPU
		{F08CDE93-D8BB-4536-B910-B690167209BC}.Release|x86.Build.0 = Release|Any CPU
		{57C1E6E4-C804-4834-BB29-5E7CF9EF7EB5}.Debug_test|Any CPU.ActiveCfg = Debug_test|Any CPU
		{57C1E6E4-C804-4834-BB29-5E7CF9EF7EB5}.Debug_test|Any CPU.Build.0 = Debug_test|Any CPU
		{57C1E6E4-C804-4834-BB29-5E7CF9EF7EB5}.Debug_test|ARM.ActiveCfg = Debug_test|Any CPU
		{57C1E6E4-C804-4834-BB29-5E7CF9EF7EB5}.Debug_test|ARM.Build.0 = Debug_test|Any CPU
		{57C1E6E4-C804-4834-BB29-5E7CF9EF7EB5}.Debug_test|ARM64.ActiveCfg = Debug_test|Any CPU
		{57C1E6E4-C804-4834-BB29-5E7CF9EF7EB5}.Debug_test|ARM64.Build.0 = Debug_test|Any CPU
		{57C1E6E4-C804-4834-BB29-5E7CF9EF7EB5}.Debug_test|x64.ActiveCfg = Debug_test|Any CPU
		{57C1E6E4-C804-4834-BB29-5E7CF9EF7EB5}.Debug_test|x64.Build.0 = Debug_test|Any CPU
		{57C1E6E4-C804-4834-BB29-5E7CF9EF7EB5}.Debug_test|x86.ActiveCfg = Debug_test|Any CPU
		{57C1E6E4-C804-4834-BB29-5E7CF9EF7EB5}.Debug_test|x86.Build.0 = Debug_test|Any CPU
		{57C1E6E4-C804-4834-BB29-5E7CF9EF7EB5}.Debug|Any CPU.ActiveCfg = Debug|Any CPU
		{57C1E6E4-C804-4834-BB29-5E7CF9EF7EB5}.Debug|Any CPU.Build.0 = Debug|Any CPU
		{57C1E6E4-C804-4834-BB29-5E7CF9EF7EB5}.Debug|ARM.ActiveCfg = Debug|Any CPU
		{57C1E6E4-C804-4834-BB29-5E7CF9EF7EB5}.Debug|ARM.Build.0 = Debug|Any CPU
		{57C1E6E4-C804-4834-BB29-5E7CF9EF7EB5}.Debug|ARM64.ActiveCfg = Debug|Any CPU
		{57C1E6E4-C804-4834-BB29-5E7CF9EF7EB5}.Debug|ARM64.Build.0 = Debug|Any CPU
		{57C1E6E4-C804-4834-BB29-5E7CF9EF7EB5}.Debug|x64.ActiveCfg = Debug|Any CPU
		{57C1E6E4-C804-4834-BB29-5E7CF9EF7EB5}.Debug|x64.Build.0 = Debug|Any CPU
		{57C1E6E4-C804-4834-BB29-5E7CF9EF7EB5}.Debug|x86.ActiveCfg = Debug|Any CPU
		{57C1E6E4-C804-4834-BB29-5E7CF9EF7EB5}.Debug|x86.Build.0 = Debug|Any CPU
		{57C1E6E4-C804-4834-BB29-5E7CF9EF7EB5}.Release|Any CPU.ActiveCfg = Release|Any CPU
		{57C1E6E4-C804-4834-BB29-5E7CF9EF7EB5}.Release|Any CPU.Build.0 = Release|Any CPU
		{57C1E6E4-C804-4834-BB29-5E7CF9EF7EB5}.Release|ARM.ActiveCfg = Release|Any CPU
		{57C1E6E4-C804-4834-BB29-5E7CF9EF7EB5}.Release|ARM.Build.0 = Release|Any CPU
		{57C1E6E4-C804-4834-BB29-5E7CF9EF7EB5}.Release|ARM64.ActiveCfg = Release|Any CPU
		{57C1E6E4-C804-4834-BB29-5E7CF9EF7EB5}.Release|ARM64.Build.0 = Release|Any CPU
		{57C1E6E4-C804-4834-BB29-5E7CF9EF7EB5}.Release|x64.ActiveCfg = Release|Any CPU
		{57C1E6E4-C804-4834-BB29-5E7CF9EF7EB5}.Release|x64.Build.0 = Release|Any CPU
		{57C1E6E4-C804-4834-BB29-5E7CF9EF7EB5}.Release|x86.ActiveCfg = Release|Any CPU
		{57C1E6E4-C804-4834-BB29-5E7CF9EF7EB5}.Release|x86.Build.0 = Release|Any CPU
		{2CF5891D-7F8D-420D-BF5C-B107948826F4}.Debug_test|Any CPU.ActiveCfg = Debug_test|Any CPU
		{2CF5891D-7F8D-420D-BF5C-B107948826F4}.Debug_test|Any CPU.Build.0 = Debug_test|Any CPU
		{2CF5891D-7F8D-420D-BF5C-B107948826F4}.Debug_test|ARM.ActiveCfg = Debug_test|Any CPU
		{2CF5891D-7F8D-420D-BF5C-B107948826F4}.Debug_test|ARM.Build.0 = Debug_test|Any CPU
		{2CF5891D-7F8D-420D-BF5C-B107948826F4}.Debug_test|ARM64.ActiveCfg = Debug_test|Any CPU
		{2CF5891D-7F8D-420D-BF5C-B107948826F4}.Debug_test|ARM64.Build.0 = Debug_test|Any CPU
		{2CF5891D-7F8D-420D-BF5C-B107948826F4}.Debug_test|x64.ActiveCfg = Debug_test|Any CPU
		{2CF5891D-7F8D-420D-BF5C-B107948826F4}.Debug_test|x64.Build.0 = Debug_test|Any CPU
		{2CF5891D-7F8D-420D-BF5C-B107948826F4}.Debug_test|x86.ActiveCfg = Debug_test|Any CPU
		{2CF5891D-7F8D-420D-BF5C-B107948826F4}.Debug_test|x86.Build.0 = Debug_test|Any CPU
		{2CF5891D-7F8D-420D-BF5C-B107948826F4}.Debug|Any CPU.ActiveCfg = Debug|Any CPU
		{2CF5891D-7F8D-420D-BF5C-B107948826F4}.Debug|Any CPU.Build.0 = Debug|Any CPU
		{2CF5891D-7F8D-420D-BF5C-B107948826F4}.Debug|ARM.ActiveCfg = Debug|Any CPU
		{2CF5891D-7F8D-420D-BF5C-B107948826F4}.Debug|ARM.Build.0 = Debug|Any CPU
		{2CF5891D-7F8D-420D-BF5C-B107948826F4}.Debug|ARM64.ActiveCfg = Debug|Any CPU
		{2CF5891D-7F8D-420D-BF5C-B107948826F4}.Debug|ARM64.Build.0 = Debug|Any CPU
		{2CF5891D-7F8D-420D-BF5C-B107948826F4}.Debug|x64.ActiveCfg = Debug|Any CPU
		{2CF5891D-7F8D-420D-BF5C-B107948826F4}.Debug|x64.Build.0 = Debug|Any CPU
		{2CF5891D-7F8D-420D-BF5C-B107948826F4}.Debug|x86.ActiveCfg = Debug|Any CPU
		{2CF5891D-7F8D-420D-BF5C-B107948826F4}.Debug|x86.Build.0 = Debug|Any CPU
		{2CF5891D-7F8D-420D-BF5C-B107948826F4}.Release|Any CPU.ActiveCfg = Release|Any CPU
		{2CF5891D-7F8D-420D-BF5C-B107948826F4}.Release|Any CPU.Build.0 = Release|Any CPU
		{2CF5891D-7F8D-420D-BF5C-B107948826F4}.Release|ARM.ActiveCfg = Release|Any CPU
		{2CF5891D-7F8D-420D-BF5C-B107948826F4}.Release|ARM.Build.0 = Release|Any CPU
		{2CF5891D-7F8D-420D-BF5C-B107948826F4}.Release|ARM64.ActiveCfg = Release|Any CPU
		{2CF5891D-7F8D-420D-BF5C-B107948826F4}.Release|ARM64.Build.0 = Release|Any CPU
		{2CF5891D-7F8D-420D-BF5C-B107948826F4}.Release|x64.ActiveCfg = Release|Any CPU
		{2CF5891D-7F8D-420D-BF5C-B107948826F4}.Release|x64.Build.0 = Release|Any CPU
		{2CF5891D-7F8D-420D-BF5C-B107948826F4}.Release|x86.ActiveCfg = Release|Any CPU
		{2CF5891D-7F8D-420D-BF5C-B107948826F4}.Release|x86.Build.0 = Release|Any CPU
		{7FFF1DE4-B85A-484C-A888-2C8ED750BC6B}.Debug|Any CPU.ActiveCfg = Debug|Any CPU
		{7FFF1DE4-B85A-484C-A888-2C8ED750BC6B}.Debug|Any CPU.Build.0 = Debug|Any CPU
		{7FFF1DE4-B85A-484C-A888-2C8ED750BC6B}.Debug|ARM.ActiveCfg = Debug|Any CPU
		{7FFF1DE4-B85A-484C-A888-2C8ED750BC6B}.Debug|ARM.Build.0 = Debug|Any CPU
		{7FFF1DE4-B85A-484C-A888-2C8ED750BC6B}.Debug|ARM64.ActiveCfg = Debug|Any CPU
		{7FFF1DE4-B85A-484C-A888-2C8ED750BC6B}.Debug|ARM64.Build.0 = Debug|Any CPU
		{7FFF1DE4-B85A-484C-A888-2C8ED750BC6B}.Debug|x64.ActiveCfg = Debug|Any CPU
		{7FFF1DE4-B85A-484C-A888-2C8ED750BC6B}.Debug|x64.Build.0 = Debug|Any CPU
		{7FFF1DE4-B85A-484C-A888-2C8ED750BC6B}.Debug|x86.ActiveCfg = Debug|Any CPU
		{7FFF1DE4-B85A-484C-A888-2C8ED750BC6B}.Debug|x86.Build.0 = Debug|Any CPU
		{7FFF1DE4-B85A-484C-A888-2C8ED750BC6B}.Release|Any CPU.ActiveCfg = Release|Any CPU
		{7FFF1DE4-B85A-484C-A888-2C8ED750BC6B}.Release|Any CPU.Build.0 = Release|Any CPU
		{7FFF1DE4-B85A-484C-A888-2C8ED750BC6B}.Release|ARM.ActiveCfg = Release|Any CPU
		{7FFF1DE4-B85A-484C-A888-2C8ED750BC6B}.Release|ARM.Build.0 = Release|Any CPU
		{7FFF1DE4-B85A-484C-A888-2C8ED750BC6B}.Release|ARM64.ActiveCfg = Release|Any CPU
		{7FFF1DE4-B85A-484C-A888-2C8ED750BC6B}.Release|ARM64.Build.0 = Release|Any CPU
		{7FFF1DE4-B85A-484C-A888-2C8ED750BC6B}.Release|x64.ActiveCfg = Release|Any CPU
		{7FFF1DE4-B85A-484C-A888-2C8ED750BC6B}.Release|x64.Build.0 = Release|Any CPU
		{7FFF1DE4-B85A-484C-A888-2C8ED750BC6B}.Release|x86.ActiveCfg = Release|Any CPU
		{7FFF1DE4-B85A-484C-A888-2C8ED750BC6B}.Release|x86.Build.0 = Release|Any CPU
		{31ADCC02-4706-4FC0-A4A5-8383D9681AC9}.Debug_test|Any CPU.ActiveCfg = Debug_test|Any CPU
		{31ADCC02-4706-4FC0-A4A5-8383D9681AC9}.Debug_test|Any CPU.Build.0 = Debug_test|Any CPU
		{31ADCC02-4706-4FC0-A4A5-8383D9681AC9}.Debug_test|ARM.ActiveCfg = Debug_test|Any CPU
		{31ADCC02-4706-4FC0-A4A5-8383D9681AC9}.Debug_test|ARM.Build.0 = Debug_test|Any CPU
		{31ADCC02-4706-4FC0-A4A5-8383D9681AC9}.Debug_test|ARM64.ActiveCfg = Debug_test|Any CPU
		{31ADCC02-4706-4FC0-A4A5-8383D9681AC9}.Debug_test|ARM64.Build.0 = Debug_test|Any CPU
		{31ADCC02-4706-4FC0-A4A5-8383D9681AC9}.Debug_test|x64.ActiveCfg = Debug_test|Any CPU
		{31ADCC02-4706-4FC0-A4A5-8383D9681AC9}.Debug_test|x64.Build.0 = Debug_test|Any CPU
		{31ADCC02-4706-4FC0-A4A5-8383D9681AC9}.Debug_test|x86.ActiveCfg = Debug_test|Any CPU
		{31ADCC02-4706-4FC0-A4A5-8383D9681AC9}.Debug_test|x86.Build.0 = Debug_test|Any CPU
		{31ADCC02-4706-4FC0-A4A5-8383D9681AC9}.Debug|Any CPU.ActiveCfg = Debug|Any CPU
		{31ADCC02-4706-4FC0-A4A5-8383D9681AC9}.Debug|Any CPU.Build.0 = Debug|Any CPU
		{31ADCC02-4706-4FC0-A4A5-8383D9681AC9}.Debug|ARM.ActiveCfg = Debug|Any CPU
		{31ADCC02-4706-4FC0-A4A5-8383D9681AC9}.Debug|ARM.Build.0 = Debug|Any CPU
		{31ADCC02-4706-4FC0-A4A5-8383D9681AC9}.Debug|ARM64.ActiveCfg = Debug|Any CPU
		{31ADCC02-4706-4FC0-A4A5-8383D9681AC9}.Debug|ARM64.Build.0 = Debug|Any CPU
		{31ADCC02-4706-4FC0-A4A5-8383D9681AC9}.Debug|x64.ActiveCfg = Debug|Any CPU
		{31ADCC02-4706-4FC0-A4A5-8383D9681AC9}.Debug|x64.Build.0 = Debug|Any CPU
		{31ADCC02-4706-4FC0-A4A5-8383D9681AC9}.Debug|x86.ActiveCfg = Debug|Any CPU
		{31ADCC02-4706-4FC0-A4A5-8383D9681AC9}.Debug|x86.Build.0 = Debug|Any CPU
		{31ADCC02-4706-4FC0-A4A5-8383D9681AC9}.Release|Any CPU.ActiveCfg = Release|Any CPU
		{31ADCC02-4706-4FC0-A4A5-8383D9681AC9}.Release|Any CPU.Build.0 = Release|Any CPU
		{31ADCC02-4706-4FC0-A4A5-8383D9681AC9}.Release|ARM.ActiveCfg = Release|Any CPU
		{31ADCC02-4706-4FC0-A4A5-8383D9681AC9}.Release|ARM.Build.0 = Release|Any CPU
		{31ADCC02-4706-4FC0-A4A5-8383D9681AC9}.Release|ARM64.ActiveCfg = Release|Any CPU
		{31ADCC02-4706-4FC0-A4A5-8383D9681AC9}.Release|ARM64.Build.0 = Release|Any CPU
		{31ADCC02-4706-4FC0-A4A5-8383D9681AC9}.Release|x64.ActiveCfg = Release|Any CPU
		{31ADCC02-4706-4FC0-A4A5-8383D9681AC9}.Release|x64.Build.0 = Release|Any CPU
		{31ADCC02-4706-4FC0-A4A5-8383D9681AC9}.Release|x86.ActiveCfg = Release|Any CPU
		{31ADCC02-4706-4FC0-A4A5-8383D9681AC9}.Release|x86.Build.0 = Release|Any CPU
		{24EED483-DCA5-432A-9593-351F8B58E9FC}.Debug_test|Any CPU.ActiveCfg = Debug_test|Any CPU
		{24EED483-DCA5-432A-9593-351F8B58E9FC}.Debug_test|Any CPU.Build.0 = Debug_test|Any CPU
		{24EED483-DCA5-432A-9593-351F8B58E9FC}.Debug_test|ARM.ActiveCfg = Debug_test|Any CPU
		{24EED483-DCA5-432A-9593-351F8B58E9FC}.Debug_test|ARM.Build.0 = Debug_test|Any CPU
		{24EED483-DCA5-432A-9593-351F8B58E9FC}.Debug_test|ARM64.ActiveCfg = Debug_test|Any CPU
		{24EED483-DCA5-432A-9593-351F8B58E9FC}.Debug_test|ARM64.Build.0 = Debug_test|Any CPU
		{24EED483-DCA5-432A-9593-351F8B58E9FC}.Debug_test|x64.ActiveCfg = Debug_test|Any CPU
		{24EED483-DCA5-432A-9593-351F8B58E9FC}.Debug_test|x64.Build.0 = Debug_test|Any CPU
		{24EED483-DCA5-432A-9593-351F8B58E9FC}.Debug_test|x86.ActiveCfg = Debug_test|Any CPU
		{24EED483-DCA5-432A-9593-351F8B58E9FC}.Debug_test|x86.Build.0 = Debug_test|Any CPU
		{24EED483-DCA5-432A-9593-351F8B58E9FC}.Debug|Any CPU.ActiveCfg = Debug|Any CPU
		{24EED483-DCA5-432A-9593-351F8B58E9FC}.Debug|Any CPU.Build.0 = Debug|Any CPU
		{24EED483-DCA5-432A-9593-351F8B58E9FC}.Debug|ARM.ActiveCfg = Debug|Any CPU
		{24EED483-DCA5-432A-9593-351F8B58E9FC}.Debug|ARM.Build.0 = Debug|Any CPU
		{24EED483-DCA5-432A-9593-351F8B58E9FC}.Debug|ARM64.ActiveCfg = Debug|Any CPU
		{24EED483-DCA5-432A-9593-351F8B58E9FC}.Debug|ARM64.Build.0 = Debug|Any CPU
		{24EED483-DCA5-432A-9593-351F8B58E9FC}.Debug|x64.ActiveCfg = Debug|Any CPU
		{24EED483-DCA5-432A-9593-351F8B58E9FC}.Debug|x64.Build.0 = Debug|Any CPU
		{24EED483-DCA5-432A-9593-351F8B58E9FC}.Debug|x86.ActiveCfg = Debug|Any CPU
		{24EED483-DCA5-432A-9593-351F8B58E9FC}.Debug|x86.Build.0 = Debug|Any CPU
		{24EED483-DCA5-432A-9593-351F8B58E9FC}.Release|Any CPU.ActiveCfg = Release|Any CPU
		{24EED483-DCA5-432A-9593-351F8B58E9FC}.Release|Any CPU.Build.0 = Release|Any CPU
		{24EED483-DCA5-432A-9593-351F8B58E9FC}.Release|ARM.ActiveCfg = Release|Any CPU
		{24EED483-DCA5-432A-9593-351F8B58E9FC}.Release|ARM.Build.0 = Release|Any CPU
		{24EED483-DCA5-432A-9593-351F8B58E9FC}.Release|ARM64.ActiveCfg = Release|Any CPU
		{24EED483-DCA5-432A-9593-351F8B58E9FC}.Release|ARM64.Build.0 = Release|Any CPU
		{24EED483-DCA5-432A-9593-351F8B58E9FC}.Release|x64.ActiveCfg = Release|Any CPU
		{24EED483-DCA5-432A-9593-351F8B58E9FC}.Release|x64.Build.0 = Release|Any CPU
		{24EED483-DCA5-432A-9593-351F8B58E9FC}.Release|x86.ActiveCfg = Release|Any CPU
		{24EED483-DCA5-432A-9593-351F8B58E9FC}.Release|x86.Build.0 = Release|Any CPU
		{B3E34EA0-A7E7-43F6-9DDC-4B91B8A50675}.Debug_test|Any CPU.ActiveCfg = Debug_test|Any CPU
		{B3E34EA0-A7E7-43F6-9DDC-4B91B8A50675}.Debug_test|Any CPU.Build.0 = Debug_test|Any CPU
		{B3E34EA0-A7E7-43F6-9DDC-4B91B8A50675}.Debug_test|ARM.ActiveCfg = Debug_test|Any CPU
		{B3E34EA0-A7E7-43F6-9DDC-4B91B8A50675}.Debug_test|ARM.Build.0 = Debug_test|Any CPU
		{B3E34EA0-A7E7-43F6-9DDC-4B91B8A50675}.Debug_test|ARM64.ActiveCfg = Debug_test|Any CPU
		{B3E34EA0-A7E7-43F6-9DDC-4B91B8A50675}.Debug_test|ARM64.Build.0 = Debug_test|Any CPU
		{B3E34EA0-A7E7-43F6-9DDC-4B91B8A50675}.Debug_test|x64.ActiveCfg = Debug_test|Any CPU
		{B3E34EA0-A7E7-43F6-9DDC-4B91B8A50675}.Debug_test|x64.Build.0 = Debug_test|Any CPU
		{B3E34EA0-A7E7-43F6-9DDC-4B91B8A50675}.Debug_test|x86.ActiveCfg = Debug_test|Any CPU
		{B3E34EA0-A7E7-43F6-9DDC-4B91B8A50675}.Debug_test|x86.Build.0 = Debug_test|Any CPU
		{B3E34EA0-A7E7-43F6-9DDC-4B91B8A50675}.Debug|Any CPU.ActiveCfg = Debug|Any CPU
		{B3E34EA0-A7E7-43F6-9DDC-4B91B8A50675}.Debug|Any CPU.Build.0 = Debug|Any CPU
		{B3E34EA0-A7E7-43F6-9DDC-4B91B8A50675}.Debug|ARM.ActiveCfg = Debug|Any CPU
		{B3E34EA0-A7E7-43F6-9DDC-4B91B8A50675}.Debug|ARM.Build.0 = Debug|Any CPU
		{B3E34EA0-A7E7-43F6-9DDC-4B91B8A50675}.Debug|ARM64.ActiveCfg = Debug|Any CPU
		{B3E34EA0-A7E7-43F6-9DDC-4B91B8A50675}.Debug|ARM64.Build.0 = Debug|Any CPU
		{B3E34EA0-A7E7-43F6-9DDC-4B91B8A50675}.Debug|x64.ActiveCfg = Debug|Any CPU
		{B3E34EA0-A7E7-43F6-9DDC-4B91B8A50675}.Debug|x64.Build.0 = Debug|Any CPU
		{B3E34EA0-A7E7-43F6-9DDC-4B91B8A50675}.Debug|x86.ActiveCfg = Debug|Any CPU
		{B3E34EA0-A7E7-43F6-9DDC-4B91B8A50675}.Debug|x86.Build.0 = Debug|Any CPU
		{B3E34EA0-A7E7-43F6-9DDC-4B91B8A50675}.Release|Any CPU.ActiveCfg = Release|Any CPU
		{B3E34EA0-A7E7-43F6-9DDC-4B91B8A50675}.Release|Any CPU.Build.0 = Release|Any CPU
		{B3E34EA0-A7E7-43F6-9DDC-4B91B8A50675}.Release|ARM.ActiveCfg = Release|Any CPU
		{B3E34EA0-A7E7-43F6-9DDC-4B91B8A50675}.Release|ARM.Build.0 = Release|Any CPU
		{B3E34EA0-A7E7-43F6-9DDC-4B91B8A50675}.Release|ARM64.ActiveCfg = Release|Any CPU
		{B3E34EA0-A7E7-43F6-9DDC-4B91B8A50675}.Release|ARM64.Build.0 = Release|Any CPU
		{B3E34EA0-A7E7-43F6-9DDC-4B91B8A50675}.Release|x64.ActiveCfg = Release|Any CPU
		{B3E34EA0-A7E7-43F6-9DDC-4B91B8A50675}.Release|x64.Build.0 = Release|Any CPU
		{B3E34EA0-A7E7-43F6-9DDC-4B91B8A50675}.Release|x86.ActiveCfg = Release|Any CPU
		{B3E34EA0-A7E7-43F6-9DDC-4B91B8A50675}.Release|x86.Build.0 = Release|Any CPU
		{0FC4055C-8216-457E-B57B-F44A3C0E94BE}.Debug_test|Any CPU.ActiveCfg = Debug_test|Any CPU
		{0FC4055C-8216-457E-B57B-F44A3C0E94BE}.Debug_test|Any CPU.Build.0 = Debug_test|Any CPU
		{0FC4055C-8216-457E-B57B-F44A3C0E94BE}.Debug_test|ARM.ActiveCfg = Debug_test|Any CPU
		{0FC4055C-8216-457E-B57B-F44A3C0E94BE}.Debug_test|ARM.Build.0 = Debug_test|Any CPU
		{0FC4055C-8216-457E-B57B-F44A3C0E94BE}.Debug_test|ARM64.ActiveCfg = Debug_test|Any CPU
		{0FC4055C-8216-457E-B57B-F44A3C0E94BE}.Debug_test|ARM64.Build.0 = Debug_test|Any CPU
		{0FC4055C-8216-457E-B57B-F44A3C0E94BE}.Debug_test|x64.ActiveCfg = Debug_test|Any CPU
		{0FC4055C-8216-457E-B57B-F44A3C0E94BE}.Debug_test|x64.Build.0 = Debug_test|Any CPU
		{0FC4055C-8216-457E-B57B-F44A3C0E94BE}.Debug_test|x86.ActiveCfg = Debug_test|Any CPU
		{0FC4055C-8216-457E-B57B-F44A3C0E94BE}.Debug_test|x86.Build.0 = Debug_test|Any CPU
		{0FC4055C-8216-457E-B57B-F44A3C0E94BE}.Debug|Any CPU.ActiveCfg = Debug|Any CPU
		{0FC4055C-8216-457E-B57B-F44A3C0E94BE}.Debug|Any CPU.Build.0 = Debug|Any CPU
		{0FC4055C-8216-457E-B57B-F44A3C0E94BE}.Debug|ARM.ActiveCfg = Debug|Any CPU
		{0FC4055C-8216-457E-B57B-F44A3C0E94BE}.Debug|ARM.Build.0 = Debug|Any CPU
		{0FC4055C-8216-457E-B57B-F44A3C0E94BE}.Debug|ARM64.ActiveCfg = Debug|Any CPU
		{0FC4055C-8216-457E-B57B-F44A3C0E94BE}.Debug|ARM64.Build.0 = Debug|Any CPU
		{0FC4055C-8216-457E-B57B-F44A3C0E94BE}.Debug|x64.ActiveCfg = Debug|Any CPU
		{0FC4055C-8216-457E-B57B-F44A3C0E94BE}.Debug|x64.Build.0 = Debug|Any CPU
		{0FC4055C-8216-457E-B57B-F44A3C0E94BE}.Debug|x86.ActiveCfg = Debug|Any CPU
		{0FC4055C-8216-457E-B57B-F44A3C0E94BE}.Debug|x86.Build.0 = Debug|Any CPU
		{0FC4055C-8216-457E-B57B-F44A3C0E94BE}.Release|Any CPU.ActiveCfg = Release|Any CPU
		{0FC4055C-8216-457E-B57B-F44A3C0E94BE}.Release|Any CPU.Build.0 = Release|Any CPU
		{0FC4055C-8216-457E-B57B-F44A3C0E94BE}.Release|ARM.ActiveCfg = Release|Any CPU
		{0FC4055C-8216-457E-B57B-F44A3C0E94BE}.Release|ARM.Build.0 = Release|Any CPU
		{0FC4055C-8216-457E-B57B-F44A3C0E94BE}.Release|ARM64.ActiveCfg = Release|Any CPU
		{0FC4055C-8216-457E-B57B-F44A3C0E94BE}.Release|ARM64.Build.0 = Release|Any CPU
		{0FC4055C-8216-457E-B57B-F44A3C0E94BE}.Release|x64.ActiveCfg = Release|Any CPU
		{0FC4055C-8216-457E-B57B-F44A3C0E94BE}.Release|x64.Build.0 = Release|Any CPU
		{0FC4055C-8216-457E-B57B-F44A3C0E94BE}.Release|x86.ActiveCfg = Release|Any CPU
		{0FC4055C-8216-457E-B57B-F44A3C0E94BE}.Release|x86.Build.0 = Release|Any CPU
		{1FA82443-A6D7-404F-A6A1-AA505FCCE343}.Debug_test|Any CPU.ActiveCfg = Debug_test|Any CPU
		{1FA82443-A6D7-404F-A6A1-AA505FCCE343}.Debug_test|Any CPU.Build.0 = Debug_test|Any CPU
		{1FA82443-A6D7-404F-A6A1-AA505FCCE343}.Debug_test|ARM.ActiveCfg = Debug_test|Any CPU
		{1FA82443-A6D7-404F-A6A1-AA505FCCE343}.Debug_test|ARM.Build.0 = Debug_test|Any CPU
		{1FA82443-A6D7-404F-A6A1-AA505FCCE343}.Debug_test|ARM64.ActiveCfg = Debug_test|Any CPU
		{1FA82443-A6D7-404F-A6A1-AA505FCCE343}.Debug_test|ARM64.Build.0 = Debug_test|Any CPU
		{1FA82443-A6D7-404F-A6A1-AA505FCCE343}.Debug_test|x64.ActiveCfg = Debug_test|Any CPU
		{1FA82443-A6D7-404F-A6A1-AA505FCCE343}.Debug_test|x64.Build.0 = Debug_test|Any CPU
		{1FA82443-A6D7-404F-A6A1-AA505FCCE343}.Debug_test|x86.ActiveCfg = Debug_test|Any CPU
		{1FA82443-A6D7-404F-A6A1-AA505FCCE343}.Debug_test|x86.Build.0 = Debug_test|Any CPU
		{1FA82443-A6D7-404F-A6A1-AA505FCCE343}.Debug|Any CPU.ActiveCfg = Debug|Any CPU
		{1FA82443-A6D7-404F-A6A1-AA505FCCE343}.Debug|Any CPU.Build.0 = Debug|Any CPU
		{1FA82443-A6D7-404F-A6A1-AA505FCCE343}.Debug|ARM.ActiveCfg = Debug|Any CPU
		{1FA82443-A6D7-404F-A6A1-AA505FCCE343}.Debug|ARM.Build.0 = Debug|Any CPU
		{1FA82443-A6D7-404F-A6A1-AA505FCCE343}.Debug|ARM64.ActiveCfg = Debug|Any CPU
		{1FA82443-A6D7-404F-A6A1-AA505FCCE343}.Debug|ARM64.Build.0 = Debug|Any CPU
		{1FA82443-A6D7-404F-A6A1-AA505FCCE343}.Debug|x64.ActiveCfg = Debug|Any CPU
		{1FA82443-A6D7-404F-A6A1-AA505FCCE343}.Debug|x64.Build.0 = Debug|Any CPU
		{1FA82443-A6D7-404F-A6A1-AA505FCCE343}.Debug|x86.ActiveCfg = Debug|Any CPU
		{1FA82443-A6D7-404F-A6A1-AA505FCCE343}.Debug|x86.Build.0 = Debug|Any CPU
		{1FA82443-A6D7-404F-A6A1-AA505FCCE343}.Release|Any CPU.ActiveCfg = Release|Any CPU
		{1FA82443-A6D7-404F-A6A1-AA505FCCE343}.Release|Any CPU.Build.0 = Release|Any CPU
		{1FA82443-A6D7-404F-A6A1-AA505FCCE343}.Release|ARM.ActiveCfg = Release|Any CPU
		{1FA82443-A6D7-404F-A6A1-AA505FCCE343}.Release|ARM.Build.0 = Release|Any CPU
		{1FA82443-A6D7-404F-A6A1-AA505FCCE343}.Release|ARM64.ActiveCfg = Release|Any CPU
		{1FA82443-A6D7-404F-A6A1-AA505FCCE343}.Release|ARM64.Build.0 = Release|Any CPU
		{1FA82443-A6D7-404F-A6A1-AA505FCCE343}.Release|x64.ActiveCfg = Release|Any CPU
		{1FA82443-A6D7-404F-A6A1-AA505FCCE343}.Release|x64.Build.0 = Release|Any CPU
		{1FA82443-A6D7-404F-A6A1-AA505FCCE343}.Release|x86.ActiveCfg = Release|Any CPU
		{1FA82443-A6D7-404F-A6A1-AA505FCCE343}.Release|x86.Build.0 = Release|Any CPU
		{6718A6EE-5B9B-4569-853B-560BC0BE136B}.Debug_test|Any CPU.ActiveCfg = Debug_test|Any CPU
		{6718A6EE-5B9B-4569-853B-560BC0BE136B}.Debug_test|Any CPU.Build.0 = Debug_test|Any CPU
		{6718A6EE-5B9B-4569-853B-560BC0BE136B}.Debug_test|ARM.ActiveCfg = Debug_test|Any CPU
		{6718A6EE-5B9B-4569-853B-560BC0BE136B}.Debug_test|ARM.Build.0 = Debug_test|Any CPU
		{6718A6EE-5B9B-4569-853B-560BC0BE136B}.Debug_test|ARM64.ActiveCfg = Debug_test|Any CPU
		{6718A6EE-5B9B-4569-853B-560BC0BE136B}.Debug_test|ARM64.Build.0 = Debug_test|Any CPU
		{6718A6EE-5B9B-4569-853B-560BC0BE136B}.Debug_test|x64.ActiveCfg = Debug_test|Any CPU
		{6718A6EE-5B9B-4569-853B-560BC0BE136B}.Debug_test|x64.Build.0 = Debug_test|Any CPU
		{6718A6EE-5B9B-4569-853B-560BC0BE136B}.Debug_test|x86.ActiveCfg = Debug_test|Any CPU
		{6718A6EE-5B9B-4569-853B-560BC0BE136B}.Debug_test|x86.Build.0 = Debug_test|Any CPU
		{6718A6EE-5B9B-4569-853B-560BC0BE136B}.Debug|Any CPU.ActiveCfg = Debug|Any CPU
		{6718A6EE-5B9B-4569-853B-560BC0BE136B}.Debug|Any CPU.Build.0 = Debug|Any CPU
		{6718A6EE-5B9B-4569-853B-560BC0BE136B}.Debug|ARM.ActiveCfg = Debug|Any CPU
		{6718A6EE-5B9B-4569-853B-560BC0BE136B}.Debug|ARM.Build.0 = Debug|Any CPU
		{6718A6EE-5B9B-4569-853B-560BC0BE136B}.Debug|ARM64.ActiveCfg = Debug|Any CPU
		{6718A6EE-5B9B-4569-853B-560BC0BE136B}.Debug|ARM64.Build.0 = Debug|Any CPU
		{6718A6EE-5B9B-4569-853B-560BC0BE136B}.Debug|x64.ActiveCfg = Debug|Any CPU
		{6718A6EE-5B9B-4569-853B-560BC0BE136B}.Debug|x64.Build.0 = Debug|Any CPU
		{6718A6EE-5B9B-4569-853B-560BC0BE136B}.Debug|x86.ActiveCfg = Debug|Any CPU
		{6718A6EE-5B9B-4569-853B-560BC0BE136B}.Debug|x86.Build.0 = Debug|Any CPU
		{6718A6EE-5B9B-4569-853B-560BC0BE136B}.Release|Any CPU.ActiveCfg = Release|Any CPU
		{6718A6EE-5B9B-4569-853B-560BC0BE136B}.Release|Any CPU.Build.0 = Release|Any CPU
		{6718A6EE-5B9B-4569-853B-560BC0BE136B}.Release|ARM.ActiveCfg = Release|Any CPU
		{6718A6EE-5B9B-4569-853B-560BC0BE136B}.Release|ARM.Build.0 = Release|Any CPU
		{6718A6EE-5B9B-4569-853B-560BC0BE136B}.Release|ARM64.ActiveCfg = Release|Any CPU
		{6718A6EE-5B9B-4569-853B-560BC0BE136B}.Release|ARM64.Build.0 = Release|Any CPU
		{6718A6EE-5B9B-4569-853B-560BC0BE136B}.Release|x64.ActiveCfg = Release|Any CPU
		{6718A6EE-5B9B-4569-853B-560BC0BE136B}.Release|x64.Build.0 = Release|Any CPU
		{6718A6EE-5B9B-4569-853B-560BC0BE136B}.Release|x86.ActiveCfg = Release|Any CPU
		{6718A6EE-5B9B-4569-853B-560BC0BE136B}.Release|x86.Build.0 = Release|Any CPU
		{2C5D385B-526F-4627-968A-6C10FB68F570}.Debug_test|Any CPU.ActiveCfg = Debug_test|Any CPU
		{2C5D385B-526F-4627-968A-6C10FB68F570}.Debug_test|Any CPU.Build.0 = Debug_test|Any CPU
		{2C5D385B-526F-4627-968A-6C10FB68F570}.Debug_test|ARM.ActiveCfg = Debug_test|Any CPU
		{2C5D385B-526F-4627-968A-6C10FB68F570}.Debug_test|ARM.Build.0 = Debug_test|Any CPU
		{2C5D385B-526F-4627-968A-6C10FB68F570}.Debug_test|ARM64.ActiveCfg = Debug_test|Any CPU
		{2C5D385B-526F-4627-968A-6C10FB68F570}.Debug_test|ARM64.Build.0 = Debug_test|Any CPU
		{2C5D385B-526F-4627-968A-6C10FB68F570}.Debug_test|x64.ActiveCfg = Debug_test|Any CPU
		{2C5D385B-526F-4627-968A-6C10FB68F570}.Debug_test|x64.Build.0 = Debug_test|Any CPU
		{2C5D385B-526F-4627-968A-6C10FB68F570}.Debug_test|x86.ActiveCfg = Debug_test|Any CPU
		{2C5D385B-526F-4627-968A-6C10FB68F570}.Debug_test|x86.Build.0 = Debug_test|Any CPU
		{2C5D385B-526F-4627-968A-6C10FB68F570}.Debug|Any CPU.ActiveCfg = Debug|Any CPU
		{2C5D385B-526F-4627-968A-6C10FB68F570}.Debug|Any CPU.Build.0 = Debug|Any CPU
		{2C5D385B-526F-4627-968A-6C10FB68F570}.Debug|ARM.ActiveCfg = Debug|Any CPU
		{2C5D385B-526F-4627-968A-6C10FB68F570}.Debug|ARM.Build.0 = Debug|Any CPU
		{2C5D385B-526F-4627-968A-6C10FB68F570}.Debug|ARM64.ActiveCfg = Debug|Any CPU
		{2C5D385B-526F-4627-968A-6C10FB68F570}.Debug|ARM64.Build.0 = Debug|Any CPU
		{2C5D385B-526F-4627-968A-6C10FB68F570}.Debug|x64.ActiveCfg = Debug|Any CPU
		{2C5D385B-526F-4627-968A-6C10FB68F570}.Debug|x64.Build.0 = Debug|Any CPU
		{2C5D385B-526F-4627-968A-6C10FB68F570}.Debug|x86.ActiveCfg = Debug|Any CPU
		{2C5D385B-526F-4627-968A-6C10FB68F570}.Debug|x86.Build.0 = Debug|Any CPU
		{2C5D385B-526F-4627-968A-6C10FB68F570}.Release|Any CPU.ActiveCfg = Release|Any CPU
		{2C5D385B-526F-4627-968A-6C10FB68F570}.Release|Any CPU.Build.0 = Release|Any CPU
		{2C5D385B-526F-4627-968A-6C10FB68F570}.Release|ARM.ActiveCfg = Release|Any CPU
		{2C5D385B-526F-4627-968A-6C10FB68F570}.Release|ARM.Build.0 = Release|Any CPU
		{2C5D385B-526F-4627-968A-6C10FB68F570}.Release|ARM64.ActiveCfg = Release|Any CPU
		{2C5D385B-526F-4627-968A-6C10FB68F570}.Release|ARM64.Build.0 = Release|Any CPU
		{2C5D385B-526F-4627-968A-6C10FB68F570}.Release|x64.ActiveCfg = Release|Any CPU
		{2C5D385B-526F-4627-968A-6C10FB68F570}.Release|x64.Build.0 = Release|Any CPU
		{2C5D385B-526F-4627-968A-6C10FB68F570}.Release|x86.ActiveCfg = Release|Any CPU
		{2C5D385B-526F-4627-968A-6C10FB68F570}.Release|x86.Build.0 = Release|Any CPU
		{94F91B70-129C-41FA-80F2-3D3F66C0B701}.Debug_test|Any CPU.ActiveCfg = Debug_test|Any CPU
		{94F91B70-129C-41FA-80F2-3D3F66C0B701}.Debug_test|Any CPU.Build.0 = Debug_test|Any CPU
		{94F91B70-129C-41FA-80F2-3D3F66C0B701}.Debug_test|ARM.ActiveCfg = Debug_test|Any CPU
		{94F91B70-129C-41FA-80F2-3D3F66C0B701}.Debug_test|ARM.Build.0 = Debug_test|Any CPU
		{94F91B70-129C-41FA-80F2-3D3F66C0B701}.Debug_test|ARM64.ActiveCfg = Debug_test|Any CPU
		{94F91B70-129C-41FA-80F2-3D3F66C0B701}.Debug_test|ARM64.Build.0 = Debug_test|Any CPU
		{94F91B70-129C-41FA-80F2-3D3F66C0B701}.Debug_test|x64.ActiveCfg = Debug_test|Any CPU
		{94F91B70-129C-41FA-80F2-3D3F66C0B701}.Debug_test|x64.Build.0 = Debug_test|Any CPU
		{94F91B70-129C-41FA-80F2-3D3F66C0B701}.Debug_test|x86.ActiveCfg = Debug_test|Any CPU
		{94F91B70-129C-41FA-80F2-3D3F66C0B701}.Debug_test|x86.Build.0 = Debug_test|Any CPU
		{94F91B70-129C-41FA-80F2-3D3F66C0B701}.Debug|Any CPU.ActiveCfg = Debug|Any CPU
		{94F91B70-129C-41FA-80F2-3D3F66C0B701}.Debug|Any CPU.Build.0 = Debug|Any CPU
		{94F91B70-129C-41FA-80F2-3D3F66C0B701}.Debug|ARM.ActiveCfg = Debug|Any CPU
		{94F91B70-129C-41FA-80F2-3D3F66C0B701}.Debug|ARM.Build.0 = Debug|Any CPU
		{94F91B70-129C-41FA-80F2-3D3F66C0B701}.Debug|ARM64.ActiveCfg = Debug|Any CPU
		{94F91B70-129C-41FA-80F2-3D3F66C0B701}.Debug|ARM64.Build.0 = Debug|Any CPU
		{94F91B70-129C-41FA-80F2-3D3F66C0B701}.Debug|x64.ActiveCfg = Debug|Any CPU
		{94F91B70-129C-41FA-80F2-3D3F66C0B701}.Debug|x64.Build.0 = Debug|Any CPU
		{94F91B70-129C-41FA-80F2-3D3F66C0B701}.Debug|x86.ActiveCfg = Debug|Any CPU
		{94F91B70-129C-41FA-80F2-3D3F66C0B701}.Debug|x86.Build.0 = Debug|Any CPU
		{94F91B70-129C-41FA-80F2-3D3F66C0B701}.Release|Any CPU.ActiveCfg = Release|Any CPU
		{94F91B70-129C-41FA-80F2-3D3F66C0B701}.Release|Any CPU.Build.0 = Release|Any CPU
		{94F91B70-129C-41FA-80F2-3D3F66C0B701}.Release|ARM.ActiveCfg = Release|Any CPU
		{94F91B70-129C-41FA-80F2-3D3F66C0B701}.Release|ARM.Build.0 = Release|Any CPU
		{94F91B70-129C-41FA-80F2-3D3F66C0B701}.Release|ARM64.ActiveCfg = Release|Any CPU
		{94F91B70-129C-41FA-80F2-3D3F66C0B701}.Release|ARM64.Build.0 = Release|Any CPU
		{94F91B70-129C-41FA-80F2-3D3F66C0B701}.Release|x64.ActiveCfg = Release|Any CPU
		{94F91B70-129C-41FA-80F2-3D3F66C0B701}.Release|x64.Build.0 = Release|Any CPU
		{94F91B70-129C-41FA-80F2-3D3F66C0B701}.Release|x86.ActiveCfg = Release|Any CPU
		{94F91B70-129C-41FA-80F2-3D3F66C0B701}.Release|x86.Build.0 = Release|Any CPU
		{A6CDFD13-0219-4F40-8E1B-E49D1154FA13}.Debug_test|Any CPU.ActiveCfg = Debug_test|Any CPU
		{A6CDFD13-0219-4F40-8E1B-E49D1154FA13}.Debug_test|Any CPU.Build.0 = Debug_test|Any CPU
		{A6CDFD13-0219-4F40-8E1B-E49D1154FA13}.Debug_test|ARM.ActiveCfg = Debug_test|Any CPU
		{A6CDFD13-0219-4F40-8E1B-E49D1154FA13}.Debug_test|ARM.Build.0 = Debug_test|Any CPU
		{A6CDFD13-0219-4F40-8E1B-E49D1154FA13}.Debug_test|ARM64.ActiveCfg = Debug_test|Any CPU
		{A6CDFD13-0219-4F40-8E1B-E49D1154FA13}.Debug_test|ARM64.Build.0 = Debug_test|Any CPU
		{A6CDFD13-0219-4F40-8E1B-E49D1154FA13}.Debug_test|x64.ActiveCfg = Debug_test|Any CPU
		{A6CDFD13-0219-4F40-8E1B-E49D1154FA13}.Debug_test|x64.Build.0 = Debug_test|Any CPU
		{A6CDFD13-0219-4F40-8E1B-E49D1154FA13}.Debug_test|x86.ActiveCfg = Debug_test|Any CPU
		{A6CDFD13-0219-4F40-8E1B-E49D1154FA13}.Debug_test|x86.Build.0 = Debug_test|Any CPU
		{A6CDFD13-0219-4F40-8E1B-E49D1154FA13}.Debug|Any CPU.ActiveCfg = Debug|Any CPU
		{A6CDFD13-0219-4F40-8E1B-E49D1154FA13}.Debug|Any CPU.Build.0 = Debug|Any CPU
		{A6CDFD13-0219-4F40-8E1B-E49D1154FA13}.Debug|ARM.ActiveCfg = Debug|Any CPU
		{A6CDFD13-0219-4F40-8E1B-E49D1154FA13}.Debug|ARM.Build.0 = Debug|Any CPU
		{A6CDFD13-0219-4F40-8E1B-E49D1154FA13}.Debug|ARM64.ActiveCfg = Debug|Any CPU
		{A6CDFD13-0219-4F40-8E1B-E49D1154FA13}.Debug|ARM64.Build.0 = Debug|Any CPU
		{A6CDFD13-0219-4F40-8E1B-E49D1154FA13}.Debug|x64.ActiveCfg = Debug|Any CPU
		{A6CDFD13-0219-4F40-8E1B-E49D1154FA13}.Debug|x64.Build.0 = Debug|Any CPU
		{A6CDFD13-0219-4F40-8E1B-E49D1154FA13}.Debug|x86.ActiveCfg = Debug|Any CPU
		{A6CDFD13-0219-4F40-8E1B-E49D1154FA13}.Debug|x86.Build.0 = Debug|Any CPU
		{A6CDFD13-0219-4F40-8E1B-E49D1154FA13}.Release|Any CPU.ActiveCfg = Release|Any CPU
		{A6CDFD13-0219-4F40-8E1B-E49D1154FA13}.Release|Any CPU.Build.0 = Release|Any CPU
		{A6CDFD13-0219-4F40-8E1B-E49D1154FA13}.Release|ARM.ActiveCfg = Release|Any CPU
		{A6CDFD13-0219-4F40-8E1B-E49D1154FA13}.Release|ARM.Build.0 = Release|Any CPU
		{A6CDFD13-0219-4F40-8E1B-E49D1154FA13}.Release|ARM64.ActiveCfg = Release|Any CPU
		{A6CDFD13-0219-4F40-8E1B-E49D1154FA13}.Release|ARM64.Build.0 = Release|Any CPU
		{A6CDFD13-0219-4F40-8E1B-E49D1154FA13}.Release|x64.ActiveCfg = Release|Any CPU
		{A6CDFD13-0219-4F40-8E1B-E49D1154FA13}.Release|x64.Build.0 = Release|Any CPU
		{A6CDFD13-0219-4F40-8E1B-E49D1154FA13}.Release|x86.ActiveCfg = Release|Any CPU
		{A6CDFD13-0219-4F40-8E1B-E49D1154FA13}.Release|x86.Build.0 = Release|Any CPU
		{98AD9499-5035-4B8F-AECD-BEE7601B8DB9}.Debug_test|Any CPU.ActiveCfg = Debug_test|Any CPU
		{98AD9499-5035-4B8F-AECD-BEE7601B8DB9}.Debug_test|Any CPU.Build.0 = Debug_test|Any CPU
		{98AD9499-5035-4B8F-AECD-BEE7601B8DB9}.Debug_test|ARM.ActiveCfg = Debug_test|Any CPU
		{98AD9499-5035-4B8F-AECD-BEE7601B8DB9}.Debug_test|ARM.Build.0 = Debug_test|Any CPU
		{98AD9499-5035-4B8F-AECD-BEE7601B8DB9}.Debug_test|ARM64.ActiveCfg = Debug_test|Any CPU
		{98AD9499-5035-4B8F-AECD-BEE7601B8DB9}.Debug_test|ARM64.Build.0 = Debug_test|Any CPU
		{98AD9499-5035-4B8F-AECD-BEE7601B8DB9}.Debug_test|x64.ActiveCfg = Debug_test|Any CPU
		{98AD9499-5035-4B8F-AECD-BEE7601B8DB9}.Debug_test|x64.Build.0 = Debug_test|Any CPU
		{98AD9499-5035-4B8F-AECD-BEE7601B8DB9}.Debug_test|x86.ActiveCfg = Debug_test|Any CPU
		{98AD9499-5035-4B8F-AECD-BEE7601B8DB9}.Debug_test|x86.Build.0 = Debug_test|Any CPU
		{98AD9499-5035-4B8F-AECD-BEE7601B8DB9}.Debug|Any CPU.ActiveCfg = Debug|Any CPU
		{98AD9499-5035-4B8F-AECD-BEE7601B8DB9}.Debug|Any CPU.Build.0 = Debug|Any CPU
		{98AD9499-5035-4B8F-AECD-BEE7601B8DB9}.Debug|ARM.ActiveCfg = Debug|Any CPU
		{98AD9499-5035-4B8F-AECD-BEE7601B8DB9}.Debug|ARM.Build.0 = Debug|Any CPU
		{98AD9499-5035-4B8F-AECD-BEE7601B8DB9}.Debug|ARM64.ActiveCfg = Debug|Any CPU
		{98AD9499-5035-4B8F-AECD-BEE7601B8DB9}.Debug|ARM64.Build.0 = Debug|Any CPU
		{98AD9499-5035-4B8F-AECD-BEE7601B8DB9}.Debug|x64.ActiveCfg = Debug|Any CPU
		{98AD9499-5035-4B8F-AECD-BEE7601B8DB9}.Debug|x64.Build.0 = Debug|Any CPU
		{98AD9499-5035-4B8F-AECD-BEE7601B8DB9}.Debug|x86.ActiveCfg = Debug|Any CPU
		{98AD9499-5035-4B8F-AECD-BEE7601B8DB9}.Debug|x86.Build.0 = Debug|Any CPU
		{98AD9499-5035-4B8F-AECD-BEE7601B8DB9}.Release|Any CPU.ActiveCfg = Release|Any CPU
		{98AD9499-5035-4B8F-AECD-BEE7601B8DB9}.Release|Any CPU.Build.0 = Release|Any CPU
		{98AD9499-5035-4B8F-AECD-BEE7601B8DB9}.Release|ARM.ActiveCfg = Release|Any CPU
		{98AD9499-5035-4B8F-AECD-BEE7601B8DB9}.Release|ARM.Build.0 = Release|Any CPU
		{98AD9499-5035-4B8F-AECD-BEE7601B8DB9}.Release|ARM64.ActiveCfg = Release|Any CPU
		{98AD9499-5035-4B8F-AECD-BEE7601B8DB9}.Release|ARM64.Build.0 = Release|Any CPU
		{98AD9499-5035-4B8F-AECD-BEE7601B8DB9}.Release|x64.ActiveCfg = Release|Any CPU
		{98AD9499-5035-4B8F-AECD-BEE7601B8DB9}.Release|x64.Build.0 = Release|Any CPU
		{98AD9499-5035-4B8F-AECD-BEE7601B8DB9}.Release|x86.ActiveCfg = Release|Any CPU
		{98AD9499-5035-4B8F-AECD-BEE7601B8DB9}.Release|x86.Build.0 = Release|Any CPU
		{60CFAF59-8254-46EB-8183-536A6F19DA82}.Debug|Any CPU.ActiveCfg = Debug|Any CPU
		{60CFAF59-8254-46EB-8183-536A6F19DA82}.Debug|Any CPU.Build.0 = Debug|Any CPU
		{60CFAF59-8254-46EB-8183-536A6F19DA82}.Debug|ARM.ActiveCfg = Debug|Any CPU
		{60CFAF59-8254-46EB-8183-536A6F19DA82}.Debug|ARM.Build.0 = Debug|Any CPU
		{60CFAF59-8254-46EB-8183-536A6F19DA82}.Debug|ARM64.ActiveCfg = Debug|Any CPU
		{60CFAF59-8254-46EB-8183-536A6F19DA82}.Debug|ARM64.Build.0 = Debug|Any CPU
		{60CFAF59-8254-46EB-8183-536A6F19DA82}.Debug|x64.ActiveCfg = Debug|Any CPU
		{60CFAF59-8254-46EB-8183-536A6F19DA82}.Debug|x64.Build.0 = Debug|Any CPU
		{60CFAF59-8254-46EB-8183-536A6F19DA82}.Debug|x86.ActiveCfg = Debug|Any CPU
		{60CFAF59-8254-46EB-8183-536A6F19DA82}.Debug|x86.Build.0 = Debug|Any CPU
		{60CFAF59-8254-46EB-8183-536A6F19DA82}.Release|Any CPU.ActiveCfg = Release|Any CPU
		{60CFAF59-8254-46EB-8183-536A6F19DA82}.Release|Any CPU.Build.0 = Release|Any CPU
		{60CFAF59-8254-46EB-8183-536A6F19DA82}.Release|ARM.ActiveCfg = Release|Any CPU
		{60CFAF59-8254-46EB-8183-536A6F19DA82}.Release|ARM.Build.0 = Release|Any CPU
		{60CFAF59-8254-46EB-8183-536A6F19DA82}.Release|ARM64.ActiveCfg = Release|Any CPU
		{60CFAF59-8254-46EB-8183-536A6F19DA82}.Release|ARM64.Build.0 = Release|Any CPU
		{60CFAF59-8254-46EB-8183-536A6F19DA82}.Release|x64.ActiveCfg = Release|Any CPU
		{60CFAF59-8254-46EB-8183-536A6F19DA82}.Release|x64.Build.0 = Release|Any CPU
		{60CFAF59-8254-46EB-8183-536A6F19DA82}.Release|x86.ActiveCfg = Release|Any CPU
		{60CFAF59-8254-46EB-8183-536A6F19DA82}.Release|x86.Build.0 = Release|Any CPU
		{2D449C12-A195-460C-824C-9F99AFBAEF30}.Debug_test|Any CPU.ActiveCfg = Debug_test|Any CPU
		{2D449C12-A195-460C-824C-9F99AFBAEF30}.Debug_test|Any CPU.Build.0 = Debug_test|Any CPU
		{2D449C12-A195-460C-824C-9F99AFBAEF30}.Debug_test|ARM.ActiveCfg = Debug_test|Any CPU
		{2D449C12-A195-460C-824C-9F99AFBAEF30}.Debug_test|ARM.Build.0 = Debug_test|Any CPU
		{2D449C12-A195-460C-824C-9F99AFBAEF30}.Debug_test|ARM64.ActiveCfg = Debug_test|Any CPU
		{2D449C12-A195-460C-824C-9F99AFBAEF30}.Debug_test|ARM64.Build.0 = Debug_test|Any CPU
		{2D449C12-A195-460C-824C-9F99AFBAEF30}.Debug_test|x64.ActiveCfg = Debug_test|Any CPU
		{2D449C12-A195-460C-824C-9F99AFBAEF30}.Debug_test|x64.Build.0 = Debug_test|Any CPU
		{2D449C12-A195-460C-824C-9F99AFBAEF30}.Debug_test|x86.ActiveCfg = Debug_test|Any CPU
		{2D449C12-A195-460C-824C-9F99AFBAEF30}.Debug_test|x86.Build.0 = Debug_test|Any CPU
		{2D449C12-A195-460C-824C-9F99AFBAEF30}.Debug|Any CPU.ActiveCfg = Debug|Any CPU
		{2D449C12-A195-460C-824C-9F99AFBAEF30}.Debug|Any CPU.Build.0 = Debug|Any CPU
		{2D449C12-A195-460C-824C-9F99AFBAEF30}.Debug|ARM.ActiveCfg = Debug|Any CPU
		{2D449C12-A195-460C-824C-9F99AFBAEF30}.Debug|ARM.Build.0 = Debug|Any CPU
		{2D449C12-A195-460C-824C-9F99AFBAEF30}.Debug|ARM64.ActiveCfg = Debug|Any CPU
		{2D449C12-A195-460C-824C-9F99AFBAEF30}.Debug|ARM64.Build.0 = Debug|Any CPU
		{2D449C12-A195-460C-824C-9F99AFBAEF30}.Debug|x64.ActiveCfg = Debug|Any CPU
		{2D449C12-A195-460C-824C-9F99AFBAEF30}.Debug|x64.Build.0 = Debug|Any CPU
		{2D449C12-A195-460C-824C-9F99AFBAEF30}.Debug|x86.ActiveCfg = Debug|Any CPU
		{2D449C12-A195-460C-824C-9F99AFBAEF30}.Debug|x86.Build.0 = Debug|Any CPU
		{2D449C12-A195-460C-824C-9F99AFBAEF30}.Release|Any CPU.ActiveCfg = Release|Any CPU
		{2D449C12-A195-460C-824C-9F99AFBAEF30}.Release|Any CPU.Build.0 = Release|Any CPU
		{2D449C12-A195-460C-824C-9F99AFBAEF30}.Release|ARM.ActiveCfg = Release|Any CPU
		{2D449C12-A195-460C-824C-9F99AFBAEF30}.Release|ARM.Build.0 = Release|Any CPU
		{2D449C12-A195-460C-824C-9F99AFBAEF30}.Release|ARM64.ActiveCfg = Release|Any CPU
		{2D449C12-A195-460C-824C-9F99AFBAEF30}.Release|ARM64.Build.0 = Release|Any CPU
		{2D449C12-A195-460C-824C-9F99AFBAEF30}.Release|x64.ActiveCfg = Release|Any CPU
		{2D449C12-A195-460C-824C-9F99AFBAEF30}.Release|x64.Build.0 = Release|Any CPU
		{2D449C12-A195-460C-824C-9F99AFBAEF30}.Release|x86.ActiveCfg = Release|Any CPU
		{2D449C12-A195-460C-824C-9F99AFBAEF30}.Release|x86.Build.0 = Release|Any CPU
		{1CBE8EFC-BC30-4C19-B1FE-95C7F320280F}.Debug_test|Any CPU.ActiveCfg = Debug_test|Any CPU
		{1CBE8EFC-BC30-4C19-B1FE-95C7F320280F}.Debug_test|Any CPU.Build.0 = Debug_test|Any CPU
		{1CBE8EFC-BC30-4C19-B1FE-95C7F320280F}.Debug_test|ARM.ActiveCfg = Debug_test|Any CPU
		{1CBE8EFC-BC30-4C19-B1FE-95C7F320280F}.Debug_test|ARM.Build.0 = Debug_test|Any CPU
		{1CBE8EFC-BC30-4C19-B1FE-95C7F320280F}.Debug_test|ARM64.ActiveCfg = Debug_test|Any CPU
		{1CBE8EFC-BC30-4C19-B1FE-95C7F320280F}.Debug_test|ARM64.Build.0 = Debug_test|Any CPU
		{1CBE8EFC-BC30-4C19-B1FE-95C7F320280F}.Debug_test|x64.ActiveCfg = Debug_test|Any CPU
		{1CBE8EFC-BC30-4C19-B1FE-95C7F320280F}.Debug_test|x64.Build.0 = Debug_test|Any CPU
		{1CBE8EFC-BC30-4C19-B1FE-95C7F320280F}.Debug_test|x86.ActiveCfg = Debug_test|Any CPU
		{1CBE8EFC-BC30-4C19-B1FE-95C7F320280F}.Debug_test|x86.Build.0 = Debug_test|Any CPU
		{1CBE8EFC-BC30-4C19-B1FE-95C7F320280F}.Debug|Any CPU.ActiveCfg = Debug|Any CPU
		{1CBE8EFC-BC30-4C19-B1FE-95C7F320280F}.Debug|Any CPU.Build.0 = Debug|Any CPU
		{1CBE8EFC-BC30-4C19-B1FE-95C7F320280F}.Debug|ARM.ActiveCfg = Debug|Any CPU
		{1CBE8EFC-BC30-4C19-B1FE-95C7F320280F}.Debug|ARM.Build.0 = Debug|Any CPU
		{1CBE8EFC-BC30-4C19-B1FE-95C7F320280F}.Debug|ARM64.ActiveCfg = Debug|Any CPU
		{1CBE8EFC-BC30-4C19-B1FE-95C7F320280F}.Debug|ARM64.Build.0 = Debug|Any CPU
		{1CBE8EFC-BC30-4C19-B1FE-95C7F320280F}.Debug|x64.ActiveCfg = Debug|Any CPU
		{1CBE8EFC-BC30-4C19-B1FE-95C7F320280F}.Debug|x64.Build.0 = Debug|Any CPU
		{1CBE8EFC-BC30-4C19-B1FE-95C7F320280F}.Debug|x86.ActiveCfg = Debug|Any CPU
		{1CBE8EFC-BC30-4C19-B1FE-95C7F320280F}.Debug|x86.Build.0 = Debug|Any CPU
		{1CBE8EFC-BC30-4C19-B1FE-95C7F320280F}.Release|Any CPU.ActiveCfg = Release|Any CPU
		{1CBE8EFC-BC30-4C19-B1FE-95C7F320280F}.Release|Any CPU.Build.0 = Release|Any CPU
		{1CBE8EFC-BC30-4C19-B1FE-95C7F320280F}.Release|ARM.ActiveCfg = Release|Any CPU
		{1CBE8EFC-BC30-4C19-B1FE-95C7F320280F}.Release|ARM.Build.0 = Release|Any CPU
		{1CBE8EFC-BC30-4C19-B1FE-95C7F320280F}.Release|ARM64.ActiveCfg = Release|Any CPU
		{1CBE8EFC-BC30-4C19-B1FE-95C7F320280F}.Release|ARM64.Build.0 = Release|Any CPU
		{1CBE8EFC-BC30-4C19-B1FE-95C7F320280F}.Release|x64.ActiveCfg = Release|Any CPU
		{1CBE8EFC-BC30-4C19-B1FE-95C7F320280F}.Release|x64.Build.0 = Release|Any CPU
		{1CBE8EFC-BC30-4C19-B1FE-95C7F320280F}.Release|x86.ActiveCfg = Release|Any CPU
		{1CBE8EFC-BC30-4C19-B1FE-95C7F320280F}.Release|x86.Build.0 = Release|Any CPU
		{3A742B76-2296-4195-84A5-4DB0FC94DDB7}.Debug_test|Any CPU.ActiveCfg = Debug_test|Any CPU
		{3A742B76-2296-4195-84A5-4DB0FC94DDB7}.Debug_test|Any CPU.Build.0 = Debug_test|Any CPU
		{3A742B76-2296-4195-84A5-4DB0FC94DDB7}.Debug_test|ARM.ActiveCfg = Debug_test|Any CPU
		{3A742B76-2296-4195-84A5-4DB0FC94DDB7}.Debug_test|ARM.Build.0 = Debug_test|Any CPU
		{3A742B76-2296-4195-84A5-4DB0FC94DDB7}.Debug_test|ARM64.ActiveCfg = Debug_test|Any CPU
		{3A742B76-2296-4195-84A5-4DB0FC94DDB7}.Debug_test|ARM64.Build.0 = Debug_test|Any CPU
		{3A742B76-2296-4195-84A5-4DB0FC94DDB7}.Debug_test|x64.ActiveCfg = Debug_test|Any CPU
		{3A742B76-2296-4195-84A5-4DB0FC94DDB7}.Debug_test|x64.Build.0 = Debug_test|Any CPU
		{3A742B76-2296-4195-84A5-4DB0FC94DDB7}.Debug_test|x86.ActiveCfg = Debug_test|Any CPU
		{3A742B76-2296-4195-84A5-4DB0FC94DDB7}.Debug_test|x86.Build.0 = Debug_test|Any CPU
		{3A742B76-2296-4195-84A5-4DB0FC94DDB7}.Debug|Any CPU.ActiveCfg = Debug|Any CPU
		{3A742B76-2296-4195-84A5-4DB0FC94DDB7}.Debug|Any CPU.Build.0 = Debug|Any CPU
		{3A742B76-2296-4195-84A5-4DB0FC94DDB7}.Debug|ARM.ActiveCfg = Debug|Any CPU
		{3A742B76-2296-4195-84A5-4DB0FC94DDB7}.Debug|ARM.Build.0 = Debug|Any CPU
		{3A742B76-2296-4195-84A5-4DB0FC94DDB7}.Debug|ARM64.ActiveCfg = Debug|Any CPU
		{3A742B76-2296-4195-84A5-4DB0FC94DDB7}.Debug|ARM64.Build.0 = Debug|Any CPU
		{3A742B76-2296-4195-84A5-4DB0FC94DDB7}.Debug|x64.ActiveCfg = Debug|Any CPU
		{3A742B76-2296-4195-84A5-4DB0FC94DDB7}.Debug|x64.Build.0 = Debug|Any CPU
		{3A742B76-2296-4195-84A5-4DB0FC94DDB7}.Debug|x86.ActiveCfg = Debug|Any CPU
		{3A742B76-2296-4195-84A5-4DB0FC94DDB7}.Debug|x86.Build.0 = Debug|Any CPU
		{3A742B76-2296-4195-84A5-4DB0FC94DDB7}.Release|Any CPU.ActiveCfg = Release|Any CPU
		{3A742B76-2296-4195-84A5-4DB0FC94DDB7}.Release|Any CPU.Build.0 = Release|Any CPU
		{3A742B76-2296-4195-84A5-4DB0FC94DDB7}.Release|ARM.ActiveCfg = Release|Any CPU
		{3A742B76-2296-4195-84A5-4DB0FC94DDB7}.Release|ARM.Build.0 = Release|Any CPU
		{3A742B76-2296-4195-84A5-4DB0FC94DDB7}.Release|ARM64.ActiveCfg = Release|Any CPU
		{3A742B76-2296-4195-84A5-4DB0FC94DDB7}.Release|ARM64.Build.0 = Release|Any CPU
		{3A742B76-2296-4195-84A5-4DB0FC94DDB7}.Release|x64.ActiveCfg = Release|Any CPU
		{3A742B76-2296-4195-84A5-4DB0FC94DDB7}.Release|x64.Build.0 = Release|Any CPU
		{3A742B76-2296-4195-84A5-4DB0FC94DDB7}.Release|x86.ActiveCfg = Release|Any CPU
		{3A742B76-2296-4195-84A5-4DB0FC94DDB7}.Release|x86.Build.0 = Release|Any CPU
		{73B2EF21-2045-467D-A174-707A6DC23A48}.Debug|Any CPU.ActiveCfg = Debug|Any CPU
		{73B2EF21-2045-467D-A174-707A6DC23A48}.Debug|Any CPU.Build.0 = Debug|Any CPU
		{73B2EF21-2045-467D-A174-707A6DC23A48}.Debug|ARM.ActiveCfg = Debug|Any CPU
		{73B2EF21-2045-467D-A174-707A6DC23A48}.Debug|ARM.Build.0 = Debug|Any CPU
		{73B2EF21-2045-467D-A174-707A6DC23A48}.Debug|ARM64.ActiveCfg = Debug|Any CPU
		{73B2EF21-2045-467D-A174-707A6DC23A48}.Debug|ARM64.Build.0 = Debug|Any CPU
		{73B2EF21-2045-467D-A174-707A6DC23A48}.Debug|x64.ActiveCfg = Debug|Any CPU
		{73B2EF21-2045-467D-A174-707A6DC23A48}.Debug|x64.Build.0 = Debug|Any CPU
		{73B2EF21-2045-467D-A174-707A6DC23A48}.Debug|x86.ActiveCfg = Debug|Any CPU
		{73B2EF21-2045-467D-A174-707A6DC23A48}.Debug|x86.Build.0 = Debug|Any CPU
		{73B2EF21-2045-467D-A174-707A6DC23A48}.Release|Any CPU.ActiveCfg = Release|Any CPU
		{73B2EF21-2045-467D-A174-707A6DC23A48}.Release|Any CPU.Build.0 = Release|Any CPU
		{73B2EF21-2045-467D-A174-707A6DC23A48}.Release|ARM.ActiveCfg = Release|Any CPU
		{73B2EF21-2045-467D-A174-707A6DC23A48}.Release|ARM.Build.0 = Release|Any CPU
		{73B2EF21-2045-467D-A174-707A6DC23A48}.Release|ARM64.ActiveCfg = Release|Any CPU
		{73B2EF21-2045-467D-A174-707A6DC23A48}.Release|ARM64.Build.0 = Release|Any CPU
		{73B2EF21-2045-467D-A174-707A6DC23A48}.Release|x64.ActiveCfg = Release|Any CPU
		{73B2EF21-2045-467D-A174-707A6DC23A48}.Release|x64.Build.0 = Release|Any CPU
		{73B2EF21-2045-467D-A174-707A6DC23A48}.Release|x86.ActiveCfg = Release|Any CPU
		{73B2EF21-2045-467D-A174-707A6DC23A48}.Release|x86.Build.0 = Release|Any CPU
	EndGlobalSection
	GlobalSection(SolutionProperties) = preSolution
		HideSolutionNode = FALSE
	EndGlobalSection
	GlobalSection(NestedProjects) = preSolution
		{AF3745F1-9CB1-4E8D-9338-B49A0A8A6D85} = {282FCAF9-8AAE-40A7-AE14-5C3B0F48E591}
		{8B06303A-A809-4371-8587-FF17081286E0} = {282FCAF9-8AAE-40A7-AE14-5C3B0F48E591}
		{9667CC9E-7269-4E49-8F3E-95235E4521EB} = {282FCAF9-8AAE-40A7-AE14-5C3B0F48E591}
		{5C946825-7E95-448F-B98D-D9783AF6BB90} = {B0FB96CB-CA2A-429C-A211-DF69B016823D}
		{43D9A0F0-D160-4BC0-B2AE-5AD79E1DE46D} = {21BDD12D-C890-460C-A4EA-573165FC9667}
		{230FA084-9C6C-4F25-9BF1-6D1E097A25F7} = {9A91885E-6D4D-4298-BAED-D4F6C6554880}
		{F72E24C9-7F40-47E2-87DE-23703122BA7E} = {9A91885E-6D4D-4298-BAED-D4F6C6554880}
		{5F0EF2BE-C4EF-413C-BEE3-82B789813572} = {7A59D0D9-6969-4E80-9123-B0F8ADB02D50}
		{598D7C97-25EE-4B87-A5F9-25654852488F} = {7A59D0D9-6969-4E80-9123-B0F8ADB02D50}
		{C80A7911-3E13-42A8-B810-96AE65729B84} = {6869B4CA-8A22-4AAC-9AED-A03DCD1C5911}
		{4D144972-E0A4-4564-8945-967535AEC5BB} = {6869B4CA-8A22-4AAC-9AED-A03DCD1C5911}
		{FF22FFD6-7486-4699-A1F9-30F8B2FE3E6F} = {6869B4CA-8A22-4AAC-9AED-A03DCD1C5911}
		{F56F45CB-3ABA-4C0D-AE71-E61BE38B54D7} = {6869B4CA-8A22-4AAC-9AED-A03DCD1C5911}
		{F08CDE93-D8BB-4536-B910-B690167209BC} = {6869B4CA-8A22-4AAC-9AED-A03DCD1C5911}
		{57C1E6E4-C804-4834-BB29-5E7CF9EF7EB5} = {6869B4CA-8A22-4AAC-9AED-A03DCD1C5911}
		{2CF5891D-7F8D-420D-BF5C-B107948826F4} = {6869B4CA-8A22-4AAC-9AED-A03DCD1C5911}
		{7FFF1DE4-B85A-484C-A888-2C8ED750BC6B} = {CAD7DB50-D4A7-4F1A-8635-CCCBB31E2E15}
		{31ADCC02-4706-4FC0-A4A5-8383D9681AC9} = {6869B4CA-8A22-4AAC-9AED-A03DCD1C5911}
		{24EED483-DCA5-432A-9593-351F8B58E9FC} = {6869B4CA-8A22-4AAC-9AED-A03DCD1C5911}
		{B3E34EA0-A7E7-43F6-9DDC-4B91B8A50675} = {E131257F-C0A5-467F-BC24-B3E1F6590134}
		{1FA82443-A6D7-404F-A6A1-AA505FCCE343} = {AED50DEB-E8F5-4137-B23B-EEFBB61DEB9F}
		{6718A6EE-5B9B-4569-853B-560BC0BE136B} = {AED50DEB-E8F5-4137-B23B-EEFBB61DEB9F}
		{2C5D385B-526F-4627-968A-6C10FB68F570} = {AED50DEB-E8F5-4137-B23B-EEFBB61DEB9F}
		{94F91B70-129C-41FA-80F2-3D3F66C0B701} = {2A850ED2-A43A-433F-8560-7B0500720BCC}
		{A6CDFD13-0219-4F40-8E1B-E49D1154FA13} = {2A850ED2-A43A-433F-8560-7B0500720BCC}
		{98AD9499-5035-4B8F-AECD-BEE7601B8DB9} = {2A850ED2-A43A-433F-8560-7B0500720BCC}
		{2D449C12-A195-460C-824C-9F99AFBAEF30} = {16F385D8-0949-4A80-B44C-E48727FA5BEC}
		{1CBE8EFC-BC30-4C19-B1FE-95C7F320280F} = {6869B4CA-8A22-4AAC-9AED-A03DCD1C5911}
		{3A742B76-2296-4195-84A5-4DB0FC94DDB7} = {6869B4CA-8A22-4AAC-9AED-A03DCD1C5911}
	EndGlobalSection
	GlobalSection(ExtensibilityGlobals) = postSolution
		SolutionGuid = {44EBE1E8-CE16-4421-853F-B84F36E27F1A}
	EndGlobalSection
EndGlobal
